{
    "version": 3,
    "terraform_version": "0.11.11",
    "serial": 468,
    "lineage": "7f994739-dce6-a08f-fa03-08b9cbed177b",
    "modules": [
        {
            "path": [
                "root"
            ],
            "outputs": {},
            "resources": {},
            "depends_on": []
        },
        {
            "path": [
                "root",
                "aws"
            ],
            "outputs": {},
            "resources": {
                "aws_budgets_budget.cost": {
                    "type": "aws_budgets_budget",
                    "depends_on": [],
                    "primary": {
                        "id": "578925084144:budget-holepunch-default",
                        "attributes": {
                            "account_id": "578925084144",
                            "budget_type": "COST",
                            "cost_filters.%": "1",
                            "cost_filters.TagKeyValue": "Environment:prod",
                            "cost_types.#": "1",
                            "cost_types.0.include_credit": "true",
                            "cost_types.0.include_discount": "true",
                            "cost_types.0.include_other_subscription": "true",
                            "cost_types.0.include_recurring": "true",
                            "cost_types.0.include_refund": "true",
                            "cost_types.0.include_subscription": "true",
                            "cost_types.0.include_support": "true",
                            "cost_types.0.include_tax": "true",
                            "cost_types.0.include_upfront": "true",
                            "cost_types.0.use_amortized": "false",
                            "cost_types.0.use_blended": "false",
                            "id": "578925084144:budget-holepunch-default",
                            "limit_amount": "500",
                            "limit_unit": "USD",
                            "name": "budget-holepunch-default",
                            "time_period_end": "2087-06-15_00:00",
                            "time_period_start": "2019-02-01_00:00",
                            "time_unit": "MONTHLY"
                        },
                        "meta": {},
                        "tainted": false
                    },
                    "deposed": [],
                    "provider": "provider.aws"
                },
                "aws_db_instance.city_rds": {
                    "type": "aws_db_instance",
                    "depends_on": [
                        "aws_db_subnet_group.city_db"
                    ],
                    "primary": {
                        "id": "city-db",
                        "attributes": {
                            "address": "city-db.cvcudzralath.us-west-2.rds.amazonaws.com",
                            "allocated_storage": "10",
                            "arn": "arn:aws:rds:us-west-2:578925084144:db:city-db",
                            "auto_minor_version_upgrade": "true",
                            "availability_zone": "us-west-2c",
                            "backup_retention_period": "0",
                            "backup_window": "11:14-11:44",
                            "ca_cert_identifier": "rds-ca-2015",
                            "copy_tags_to_snapshot": "false",
                            "db_subnet_group_name": "db",
                            "deletion_protection": "false",
                            "domain": "",
                            "domain_iam_role_name": "",
                            "enabled_cloudwatch_logs_exports.#": "0",
                            "endpoint": "city-db.cvcudzralath.us-west-2.rds.amazonaws.com:5432",
                            "engine": "postgres",
                            "engine_version": "10.6",
                            "hosted_zone_id": "Z1PVIF0B656C1W",
                            "iam_database_authentication_enabled": "false",
                            "id": "city-db",
                            "identifier": "city-db",
                            "instance_class": "db.m4.large",
                            "iops": "0",
                            "kms_key_id": "",
                            "license_model": "postgresql-license",
                            "maintenance_window": "fri:07:38-fri:08:08",
                            "monitoring_interval": "0",
                            "multi_az": "false",
                            "name": "",
                            "option_group_name": "default:postgres-10",
                            "parameter_group_name": "default.postgres10",
                            "password": "hVqiboPnBeGrgg3",
                            "port": "5432",
                            "publicly_accessible": "true",
                            "replicas.#": "0",
                            "replicate_source_db": "",
                            "resource_id": "db-T24JCOEISTU2EH2ZW3NWIRRTFY",
                            "security_group_names.#": "0",
                            "skip_final_snapshot": "true",
                            "status": "available",
                            "storage_encrypted": "false",
                            "storage_type": "gp2",
                            "tags.%": "5",
                            "tags.District": "city",
                            "tags.Environment": "prod",
                            "tags.Name": "city_db",
                            "tags.Role": "db",
                            "tags.Usage": "app",
                            "timezone": "",
                            "username": "postgres",
                            "vpc_security_group_ids.#": "1",
                            "vpc_security_group_ids.590723872": "sg-abf6b2d8"
                        },
                        "meta": {
                            "e2bfb730-ecaa-11e6-8f88-34363bc7c4c0": {
                                "create": 2400000000000,
                                "delete": 2400000000000,
                                "update": 4800000000000
                            }
                        },
                        "tainted": false
                    },
                    "deposed": [],
                    "provider": "provider.aws"
                },
                "aws_db_subnet_group.city_db": {
                    "type": "aws_db_subnet_group",
                    "depends_on": [
                        "aws_subnet.city_backup_subnet",
                        "aws_subnet.city_vpc_subnet"
                    ],
                    "primary": {
                        "id": "db",
                        "attributes": {
                            "arn": "arn:aws:rds:us-west-2:578925084144:subgrp:db",
                            "description": "Managed by Terraform",
                            "id": "db",
                            "name": "db",
                            "subnet_ids.#": "2",
                            "subnet_ids.2141780864": "subnet-0b020a0b0f208b92c",
                            "subnet_ids.766739359": "subnet-0d323d80228ab0950",
                            "tags.%": "3",
                            "tags.District": "city",
                            "tags.Environment": "prod",
                            "tags.Usage": "db"
                        },
                        "meta": {},
                        "tainted": false
                    },
                    "deposed": [],
                    "provider": "provider.aws"
                },
                "aws_dynamodb_table.vault-secrets": {
                    "type": "aws_dynamodb_table",
                    "depends_on": [],
                    "primary": {
                        "id": "vault-secrets-prod",
                        "attributes": {
                            "arn": "arn:aws:dynamodb:us-west-2:578925084144:table/vault-secrets-prod",
                            "attribute.#": "2",
                            "attribute.2557450017.name": "Key",
                            "attribute.2557450017.type": "S",
                            "attribute.3332953574.name": "Path",
                            "attribute.3332953574.type": "S",
                            "billing_mode": "PROVISIONED",
                            "global_secondary_index.#": "0",
                            "hash_key": "Path",
                            "id": "vault-secrets-prod",
                            "local_secondary_index.#": "0",
                            "name": "vault-secrets-prod",
                            "point_in_time_recovery.#": "1",
                            "point_in_time_recovery.0.enabled": "false",
                            "range_key": "Key",
                            "read_capacity": "5",
                            "server_side_encryption.#": "0",
                            "stream_arn": "",
                            "stream_enabled": "false",
                            "stream_label": "",
                            "stream_view_type": "",
                            "tags.%": "3",
                            "tags.District": "city",
                            "tags.Environment": "prod",
                            "tags.Name": "vault-dynamodb-table",
                            "ttl.#": "0",
                            "write_capacity": "5"
                        },
                        "meta": {
                            "e2bfb730-ecaa-11e6-8f88-34363bc7c4c0": {
                                "create": 600000000000,
                                "delete": 600000000000,
                                "update": 600000000000
                            },
                            "schema_version": "1"
                        },
                        "tainted": false
                    },
                    "deposed": [],
                    "provider": "provider.aws"
                },
                "aws_eip.city_lb_ip": {
                    "type": "aws_eip",
                    "depends_on": [
                        "aws_instance.city_lb"
                    ],
                    "primary": {
                        "id": "eipalloc-089def15a72a6faf6",
                        "attributes": {
                            "association_id": "eipassoc-0f229b579727a1198",
                            "domain": "vpc",
                            "id": "eipalloc-089def15a72a6faf6",
                            "instance": "i-0761faab80fbe00e0",
                            "network_interface": "eni-0e19900b68936a436",
                            "private_ip": "172.31.1.89",
                            "public_ip": "35.163.59.204",
                            "public_ipv4_pool": "amazon",
                            "tags.%": "4",
                            "tags.District": "city",
                            "tags.Environment": "prod",
                            "tags.Role": "lb",
                            "tags.Usage": "app",
                            "vpc": "true"
                        },
                        "meta": {
                            "e2bfb730-ecaa-11e6-8f88-34363bc7c4c0": {
                                "delete": 180000000000,
                                "read": 900000000000,
                                "update": 300000000000
                            }
                        },
                        "tainted": false
                    },
                    "deposed": [],
                    "provider": "provider.aws"
                },
                "aws_eip.dmz_ip": {
                    "type": "aws_eip",
                    "depends_on": [
                        "aws_instance.dmz"
                    ],
                    "primary": {
                        "id": "eipalloc-0352916cb6de3d59d",
                        "attributes": {
                            "association_id": "eipassoc-02c8bc5775f609ceb",
                            "domain": "vpc",
                            "id": "eipalloc-0352916cb6de3d59d",
                            "instance": "i-0dbd29c85d53a14ac",
                            "network_interface": "eni-001ebe9c25b125914",
                            "private_ip": "172.31.1.185",
                            "public_ip": "34.215.167.65",
                            "public_ipv4_pool": "amazon",
                            "tags.%": "4",
                            "tags.District": "dmz",
                            "tags.Environment": "prod",
                            "tags.Role": "vpn",
                            "tags.Usage": "infra",
                            "vpc": "true"
                        },
                        "meta": {
                            "e2bfb730-ecaa-11e6-8f88-34363bc7c4c0": {
                                "delete": 180000000000,
                                "read": 900000000000,
                                "update": 300000000000
                            }
                        },
                        "tainted": false
                    },
                    "deposed": [],
                    "provider": "provider.aws"
                },
                "aws_elasticache_cluster.holepunch-redis": {
                    "type": "aws_elasticache_cluster",
                    "depends_on": [],
                    "primary": {
                        "id": "holepunch-prod",
                        "attributes": {
                            "availability_zone": "us-west-2a",
                            "az_mode": "single-az",
                            "cache_nodes.#": "1",
                            "cache_nodes.0.address": "holepunch-prod.ldw3vp.0001.usw2.cache.amazonaws.com",
                            "cache_nodes.0.availability_zone": "us-west-2a",
                            "cache_nodes.0.id": "0001",
                            "cache_nodes.0.port": "6379",
                            "cluster_id": "holepunch-prod",
                            "engine": "redis",
                            "engine_version": "4.0.10",
                            "id": "holepunch-prod",
                            "maintenance_window": "mon:12:30-mon:13:30",
                            "node_type": "cache.t2.micro",
                            "num_cache_nodes": "1",
                            "parameter_group_name": "default.redis4.0",
                            "port": "6379",
                            "security_group_ids.#": "0",
                            "security_group_names.#": "0",
                            "snapshot_retention_limit": "0",
                            "snapshot_window": "08:00-09:00",
                            "subnet_group_name": "city-default",
                            "tags.%": "0"
                        },
                        "meta": {},
                        "tainted": false
                    },
                    "deposed": [],
                    "provider": "provider.aws"
                },
                "aws_instance.city_host.0": {
                    "type": "aws_instance",
                    "depends_on": [
                        "aws_iam_instance_profile.city_host_profile",
                        "aws_security_group.city_servers",
                        "aws_subnet.city_vpc_subnet",
                        "data.aws_ami.city_ami",
                        "data.template_file.city_cloud_init.*"
                    ],
                    "primary": {
                        "id": "i-05bf0e63fc92854db",
                        "attributes": {
                            "ami": "ami-08c3c205fd4040db5",
                            "arn": "arn:aws:ec2:us-west-2:578925084144:instance/i-05bf0e63fc92854db",
                            "associate_public_ip_address": "true",
                            "availability_zone": "us-west-2c",
                            "cpu_core_count": "1",
                            "cpu_threads_per_core": "1",
                            "credit_specification.#": "1",
                            "credit_specification.0.cpu_credits": "standard",
                            "disable_api_termination": "false",
                            "ebs_block_device.#": "0",
                            "ebs_optimized": "false",
                            "ephemeral_block_device.#": "0",
                            "get_password_data": "false",
                            "iam_instance_profile": "city_host_profile",
                            "id": "i-05bf0e63fc92854db",
                            "instance_state": "running",
                            "instance_type": "t2.micro",
                            "ipv6_addresses.#": "0",
                            "key_name": "",
                            "monitoring": "true",
                            "network_interface.#": "0",
                            "network_interface_id": "eni-03c8ce44badad680a",
                            "password_data": "",
                            "placement_group": "",
                            "primary_network_interface_id": "eni-03c8ce44badad680a",
                            "private_dns": "ip-172-31-1-141.us-west-2.compute.internal",
                            "private_ip": "172.31.1.141",
                            "public_dns": "ec2-52-89-22-191.us-west-2.compute.amazonaws.com",
                            "public_ip": "52.89.22.191",
                            "root_block_device.#": "1",
                            "root_block_device.0.delete_on_termination": "true",
                            "root_block_device.0.iops": "100",
                            "root_block_device.0.volume_id": "vol-094a21846c3c46933",
                            "root_block_device.0.volume_size": "8",
                            "root_block_device.0.volume_type": "gp2",
                            "security_groups.#": "1",
                            "security_groups.760939060": "city",
                            "source_dest_check": "true",
                            "subnet_id": "subnet-0b020a0b0f208b92c",
                            "tags.%": "4",
                            "tags.District": "city",
                            "tags.Name": "city1-0015",
                            "tags.Role": "host",
                            "tags.Usage": "app",
                            "tenancy": "default",
                            "user_data": "99be6d316b5c0e0d9331e0fea1d0dff055ac5a8b",
                            "volume_tags.%": "0",
                            "vpc_security_group_ids.#": "1",
                            "vpc_security_group_ids.1738247431": "sg-0a5c7ad0da71d2f35"
                        },
                        "meta": {
                            "e2bfb730-ecaa-11e6-8f88-34363bc7c4c0": {
                                "create": 600000000000,
                                "delete": 1200000000000,
                                "update": 600000000000
                            },
                            "schema_version": "1"
                        },
                        "tainted": false
                    },
                    "deposed": [],
                    "provider": "provider.aws"
                },
                "aws_instance.city_host.1": {
                    "type": "aws_instance",
                    "depends_on": [],
                    "primary": {
                        "id": "i-031f6c35a2d258d51",
                        "attributes": {
                            "ami": "ami-08c3c205fd4040db5",
                            "arn": "arn:aws:ec2:us-west-2:578925084144:instance/i-031f6c35a2d258d51",
                            "associate_public_ip_address": "true",
                            "availability_zone": "us-west-2c",
                            "cpu_core_count": "1",
                            "cpu_threads_per_core": "1",
                            "credit_specification.#": "1",
                            "credit_specification.0.cpu_credits": "standard",
                            "disable_api_termination": "false",
                            "ebs_block_device.#": "0",
                            "ebs_optimized": "false",
                            "ephemeral_block_device.#": "0",
                            "get_password_data": "false",
                            "iam_instance_profile": "city_host_profile",
                            "id": "i-031f6c35a2d258d51",
                            "instance_state": "running",
                            "instance_type": "t2.micro",
                            "ipv6_addresses.#": "0",
                            "key_name": "",
                            "monitoring": "true",
                            "network_interface.#": "0",
                            "network_interface_id": "eni-02bceda9b210d5f8f",
                            "password_data": "",
                            "placement_group": "",
                            "primary_network_interface_id": "eni-02bceda9b210d5f8f",
                            "private_dns": "ip-172-31-1-191.us-west-2.compute.internal",
                            "private_ip": "172.31.1.191",
                            "public_dns": "ec2-34-220-184-165.us-west-2.compute.amazonaws.com",
                            "public_ip": "34.220.184.165",
                            "root_block_device.#": "1",
                            "root_block_device.0.delete_on_termination": "true",
                            "root_block_device.0.iops": "100",
                            "root_block_device.0.volume_id": "vol-011af18d353a4a617",
                            "root_block_device.0.volume_size": "8",
                            "root_block_device.0.volume_type": "gp2",
                            "security_groups.#": "1",
                            "security_groups.760939060": "city",
                            "source_dest_check": "true",
                            "subnet_id": "subnet-0b020a0b0f208b92c",
                            "tags.%": "4",
                            "tags.District": "city",
                            "tags.Name": "city2-0015",
                            "tags.Role": "host",
                            "tags.Usage": "app",
                            "tenancy": "default",
                            "user_data": "1c8bcd135afe9134e4e92cb8e5c973ed120e13e0",
                            "volume_tags.%": "0",
                            "vpc_security_group_ids.#": "1",
                            "vpc_security_group_ids.1738247431": "sg-0a5c7ad0da71d2f35"
                        },
                        "meta": {
                            "e2bfb730-ecaa-11e6-8f88-34363bc7c4c0": {
                                "create": 600000000000,
                                "delete": 1200000000000,
                                "update": 600000000000
                            },
                            "schema_version": "1"
                        },
                        "tainted": false
                    },
                    "deposed": [],
                    "provider": "provider.aws"
                },
                "aws_instance.city_host.2": {
                    "type": "aws_instance",
                    "depends_on": [],
                    "primary": {
                        "id": "i-0557fdc9477fac4e7",
                        "attributes": {
                            "ami": "ami-08c3c205fd4040db5",
                            "arn": "arn:aws:ec2:us-west-2:578925084144:instance/i-0557fdc9477fac4e7",
                            "associate_public_ip_address": "true",
                            "availability_zone": "us-west-2c",
                            "cpu_core_count": "1",
                            "cpu_threads_per_core": "1",
                            "credit_specification.#": "1",
                            "credit_specification.0.cpu_credits": "standard",
                            "disable_api_termination": "false",
                            "ebs_block_device.#": "0",
                            "ebs_optimized": "false",
                            "ephemeral_block_device.#": "0",
                            "get_password_data": "false",
                            "iam_instance_profile": "city_host_profile",
                            "id": "i-0557fdc9477fac4e7",
                            "instance_state": "running",
                            "instance_type": "t2.micro",
                            "ipv6_addresses.#": "0",
                            "key_name": "",
                            "monitoring": "true",
                            "network_interface.#": "0",
                            "network_interface_id": "eni-01ec695393035c823",
                            "password_data": "",
                            "placement_group": "",
                            "primary_network_interface_id": "eni-01ec695393035c823",
                            "private_dns": "ip-172-31-1-47.us-west-2.compute.internal",
                            "private_ip": "172.31.1.47",
                            "public_dns": "ec2-34-222-165-167.us-west-2.compute.amazonaws.com",
                            "public_ip": "34.222.165.167",
                            "root_block_device.#": "1",
                            "root_block_device.0.delete_on_termination": "true",
                            "root_block_device.0.iops": "100",
                            "root_block_device.0.volume_id": "vol-09f72b0c497089b92",
                            "root_block_device.0.volume_size": "8",
                            "root_block_device.0.volume_type": "gp2",
                            "security_groups.#": "1",
                            "security_groups.760939060": "city",
                            "source_dest_check": "true",
                            "subnet_id": "subnet-0b020a0b0f208b92c",
                            "tags.%": "4",
                            "tags.District": "city",
                            "tags.Name": "city3-0015",
                            "tags.Role": "host",
                            "tags.Usage": "app",
                            "tenancy": "default",
                            "user_data": "f93058ead102a14d98fa4f27f0a398572baf496a",
                            "volume_tags.%": "0",
                            "vpc_security_group_ids.#": "1",
                            "vpc_security_group_ids.1738247431": "sg-0a5c7ad0da71d2f35"
                        },
                        "meta": {
                            "e2bfb730-ecaa-11e6-8f88-34363bc7c4c0": {
                                "create": 600000000000,
                                "delete": 1200000000000,
                                "update": 600000000000
                            },
                            "schema_version": "1"
                        },
                        "tainted": false
                    },
                    "deposed": [],
                    "provider": "provider.aws"
                },
                "aws_instance.city_lb": {
                    "type": "aws_instance",
                    "depends_on": [
                        "aws_iam_instance_profile.lb_host_profile",
                        "aws_security_group.city_servers",
                        "aws_subnet.city_vpc_subnet",
                        "data.aws_ami.lb_ami",
                        "data.template_file.city_lb_cloud_init"
                    ],
                    "primary": {
                        "id": "i-0761faab80fbe00e0",
                        "attributes": {
                            "ami": "ami-090c898d60d99e03f",
                            "arn": "arn:aws:ec2:us-west-2:578925084144:instance/i-0761faab80fbe00e0",
                            "associate_public_ip_address": "true",
                            "availability_zone": "us-west-2c",
                            "cpu_core_count": "1",
                            "cpu_threads_per_core": "1",
                            "credit_specification.#": "1",
                            "credit_specification.0.cpu_credits": "standard",
                            "disable_api_termination": "false",
                            "ebs_block_device.#": "0",
                            "ebs_optimized": "false",
                            "ephemeral_block_device.#": "0",
                            "get_password_data": "false",
                            "iam_instance_profile": "lb_host_profile",
                            "id": "i-0761faab80fbe00e0",
                            "instance_state": "running",
                            "instance_type": "t2.micro",
                            "ipv6_addresses.#": "0",
                            "key_name": "",
                            "monitoring": "true",
                            "network_interface.#": "0",
                            "network_interface_id": "eni-0e19900b68936a436",
                            "password_data": "",
                            "placement_group": "",
                            "primary_network_interface_id": "eni-0e19900b68936a436",
                            "private_dns": "ip-172-31-1-89.us-west-2.compute.internal",
                            "private_ip": "172.31.1.89",
                            "public_dns": "ec2-35-163-59-204.us-west-2.compute.amazonaws.com",
                            "public_ip": "35.163.59.204",
                            "root_block_device.#": "1",
                            "root_block_device.0.delete_on_termination": "true",
                            "root_block_device.0.iops": "100",
                            "root_block_device.0.volume_id": "vol-0c20cbd6aba5f4016",
                            "root_block_device.0.volume_size": "8",
                            "root_block_device.0.volume_type": "gp2",
                            "security_groups.#": "1",
                            "security_groups.760939060": "city",
                            "source_dest_check": "true",
                            "subnet_id": "subnet-0b020a0b0f208b92c",
                            "tags.%": "5",
                            "tags.District": "city",
                            "tags.Environment": "prod",
                            "tags.Name": "city_lb",
                            "tags.Role": "lb",
                            "tags.Usage": "app",
                            "tenancy": "default",
                            "user_data": "65ec831c4c4ff05a80743b317c1650330c905f13",
                            "volume_tags.%": "0",
                            "vpc_security_group_ids.#": "1",
                            "vpc_security_group_ids.1738247431": "sg-0a5c7ad0da71d2f35"
                        },
                        "meta": {
                            "e2bfb730-ecaa-11e6-8f88-34363bc7c4c0": {
                                "create": 600000000000,
                                "delete": 1200000000000,
                                "update": 600000000000
                            },
                            "schema_version": "1"
                        },
                        "tainted": false
                    },
                    "deposed": [],
                    "provider": "provider.aws"
                },
                "aws_instance.dmz": {
                    "type": "aws_instance",
                    "depends_on": [
                        "aws_iam_instance_profile.dmz_host_profile",
                        "aws_security_group.city_servers",
                        "aws_security_group.dmz_server",
                        "aws_subnet.city_vpc_subnet",
                        "data.aws_ami.dmz_ami",
                        "data.template_file.dmz_host_cloud_init"
                    ],
                    "primary": {
                        "id": "i-0dbd29c85d53a14ac",
                        "attributes": {
                            "ami": "ami-0552a2819225a2219",
                            "arn": "arn:aws:ec2:us-west-2:578925084144:instance/i-0dbd29c85d53a14ac",
                            "associate_public_ip_address": "true",
                            "availability_zone": "us-west-2c",
                            "cpu_core_count": "1",
                            "cpu_threads_per_core": "1",
                            "credit_specification.#": "1",
                            "credit_specification.0.cpu_credits": "standard",
                            "disable_api_termination": "false",
                            "ebs_block_device.#": "0",
                            "ebs_optimized": "false",
                            "ephemeral_block_device.#": "0",
                            "get_password_data": "false",
                            "iam_instance_profile": "dmz_host_profile",
                            "id": "i-0dbd29c85d53a14ac",
                            "instance_state": "running",
                            "instance_type": "t2.micro",
                            "ipv6_addresses.#": "0",
                            "key_name": "",
                            "monitoring": "true",
                            "network_interface.#": "0",
                            "network_interface_id": "eni-001ebe9c25b125914",
                            "password_data": "",
                            "placement_group": "",
                            "primary_network_interface_id": "eni-001ebe9c25b125914",
                            "private_dns": "ip-172-31-1-185.us-west-2.compute.internal",
                            "private_ip": "172.31.1.185",
                            "public_dns": "ec2-34-215-167-65.us-west-2.compute.amazonaws.com",
                            "public_ip": "34.215.167.65",
                            "root_block_device.#": "1",
                            "root_block_device.0.delete_on_termination": "true",
                            "root_block_device.0.iops": "100",
                            "root_block_device.0.volume_id": "vol-0a8ae7596db2340a7",
                            "root_block_device.0.volume_size": "8",
                            "root_block_device.0.volume_type": "gp2",
                            "security_groups.#": "2",
                            "security_groups.3491510054": "dmz",
                            "security_groups.760939060": "city",
                            "source_dest_check": "false",
                            "subnet_id": "subnet-0b020a0b0f208b92c",
                            "tags.%": "5",
                            "tags.District": "dmz",
                            "tags.Environment": "prod",
                            "tags.Name": "dmz",
                            "tags.Role": "vpn",
                            "tags.Usage": "infra",
                            "tenancy": "default",
                            "user_data": "b4b459b1283a31a457ce675b33cf88dc60887f74",
                            "volume_tags.%": "0",
                            "vpc_security_group_ids.#": "2",
                            "vpc_security_group_ids.1738247431": "sg-0a5c7ad0da71d2f35",
                            "vpc_security_group_ids.720003190": "sg-06f9b1f7a8203bd00"
                        },
                        "meta": {
                            "e2bfb730-ecaa-11e6-8f88-34363bc7c4c0": {
                                "create": 600000000000,
                                "delete": 1200000000000,
                                "update": 600000000000
                            },
                            "schema_version": "1"
                        },
                        "tainted": false
                    },
                    "deposed": [],
                    "provider": "provider.aws"
                },
                "aws_main_route_table_association.city_main_route": {
                    "type": "aws_main_route_table_association",
                    "depends_on": [
                        "aws_route_table.city_route_table",
                        "aws_vpc.city_vpc"
                    ],
                    "primary": {
                        "id": "rtbassoc-4da52430",
                        "attributes": {
                            "id": "rtbassoc-4da52430",
                            "original_route_table_id": "rtb-0a2f8f71",
                            "route_table_id": "rtb-0a2f8f71",
                            "vpc_id": "vpc-46db1d3e"
                        },
                        "meta": {},
                        "tainted": false
                    },
                    "deposed": [],
                    "provider": "provider.aws"
                },
                "aws_route53_record.holely_wildcard": {
                    "type": "aws_route53_record",
                    "depends_on": [
                        "aws_eip.dmz_ip",
                        "aws_route53_zone.hole_ly"
                    ],
                    "primary": {
                        "id": "ZK8HTWBI5371M_*.hole.ly_A",
                        "attributes": {
                            "allow_overwrite": "true",
                            "fqdn": "*.hole.ly",
                            "health_check_id": "",
                            "id": "ZK8HTWBI5371M_*.hole.ly_A",
                            "name": "*.hole.ly",
                            "records.#": "1",
                            "records.270962703": "34.215.167.65",
                            "set_identifier": "",
                            "ttl": "300",
                            "type": "A",
                            "zone_id": "ZK8HTWBI5371M"
                        },
                        "meta": {
                            "schema_version": "2"
                        },
                        "tainted": false
                    },
                    "deposed": [],
                    "provider": "provider.aws"
                },
                "aws_route53_record.holepunch_api": {
                    "type": "aws_route53_record",
                    "depends_on": [
                        "aws_eip.city_lb_ip",
                        "data.aws_route53_zone.holepunch"
                    ],
                    "primary": {
                        "id": "Z10VFH9XKGGMVE_api.holepunch.io_A",
                        "attributes": {
                            "allow_overwrite": "true",
                            "fqdn": "api.holepunch.io",
                            "health_check_id": "",
                            "id": "Z10VFH9XKGGMVE_api.holepunch.io_A",
                            "name": "api.holepunch.io",
                            "records.#": "1",
                            "records.3255501819": "35.163.59.204",
                            "set_identifier": "",
                            "ttl": "300",
                            "type": "A",
                            "zone_id": "Z10VFH9XKGGMVE"
                        },
                        "meta": {
                            "schema_version": "2"
                        },
                        "tainted": false
                    },
                    "deposed": [],
                    "provider": "provider.aws"
                },
                "aws_route53_record.holepunch_wildcard": {
                    "type": "aws_route53_record",
                    "depends_on": [
                        "aws_eip.city_lb_ip",
                        "data.aws_route53_zone.holepunch"
                    ],
                    "primary": {
                        "id": "Z10VFH9XKGGMVE_*.holepunch.io_A",
                        "attributes": {
                            "allow_overwrite": "true",
                            "fqdn": "*.holepunch.io",
                            "health_check_id": "",
                            "id": "Z10VFH9XKGGMVE_*.holepunch.io_A",
                            "name": "*.holepunch.io",
                            "records.#": "1",
                            "records.3255501819": "35.163.59.204",
                            "set_identifier": "",
                            "ttl": "300",
                            "type": "A",
                            "zone_id": "Z10VFH9XKGGMVE"
                        },
                        "meta": {
                            "schema_version": "2"
                        },
                        "tainted": false
                    },
                    "deposed": [],
                    "provider": "provider.aws"
                },
                "aws_route_table.city_route_table": {
                    "type": "aws_route_table",
                    "depends_on": [
                        "aws_instance.dmz",
                        "aws_vpc.city_vpc"
                    ],
                    "primary": {
                        "id": "rtb-0a2f8f71",
                        "attributes": {
                            "id": "rtb-0a2f8f71",
                            "owner_id": "578925084144",
                            "propagating_vgws.#": "0",
                            "route.#": "2",
                            "route.195385640.cidr_block": "172.16.0.0/16",
                            "route.195385640.egress_only_gateway_id": "",
                            "route.195385640.gateway_id": "",
                            "route.195385640.instance_id": "i-0dbd29c85d53a14ac",
                            "route.195385640.ipv6_cidr_block": "",
                            "route.195385640.nat_gateway_id": "",
                            "route.195385640.network_interface_id": "eni-001ebe9c25b125914",
                            "route.195385640.transit_gateway_id": "",
                            "route.195385640.vpc_peering_connection_id": "",
                            "route.2762229992.cidr_block": "0.0.0.0/0",
                            "route.2762229992.egress_only_gateway_id": "",
                            "route.2762229992.gateway_id": "igw-31dcf457",
                            "route.2762229992.instance_id": "",
                            "route.2762229992.ipv6_cidr_block": "",
                            "route.2762229992.nat_gateway_id": "",
                            "route.2762229992.network_interface_id": "",
                            "route.2762229992.transit_gateway_id": "",
                            "route.2762229992.vpc_peering_connection_id": "",
                            "tags.%": "2",
                            "tags.Environment": "prod",
                            "tags.Name": "city",
                            "vpc_id": "vpc-46db1d3e"
                        },
                        "meta": {},
                        "tainted": false
                    },
                    "deposed": [],
                    "provider": "provider.aws"
                },
                "aws_security_group.city_servers": {
                    "type": "aws_security_group",
                    "depends_on": [
                        "aws_vpc.city_vpc"
                    ],
                    "primary": {
                        "id": "sg-0a5c7ad0da71d2f35",
                        "attributes": {
                            "arn": "arn:aws:ec2:us-west-2:578925084144:security-group/sg-0a5c7ad0da71d2f35",
                            "description": "Allow SSH / HTTP / HTTP(s) traffic to City",
                            "egress.#": "1",
                            "egress.482069346.cidr_blocks.#": "1",
                            "egress.482069346.cidr_blocks.0": "0.0.0.0/0",
                            "egress.482069346.description": "",
                            "egress.482069346.from_port": "0",
                            "egress.482069346.ipv6_cidr_blocks.#": "0",
                            "egress.482069346.prefix_list_ids.#": "0",
                            "egress.482069346.protocol": "-1",
                            "egress.482069346.security_groups.#": "0",
                            "egress.482069346.self": "false",
                            "egress.482069346.to_port": "0",
                            "id": "sg-0a5c7ad0da71d2f35",
                            "ingress.#": "5",
                            "ingress.2214680975.cidr_blocks.#": "1",
                            "ingress.2214680975.cidr_blocks.0": "0.0.0.0/0",
                            "ingress.2214680975.description": "",
                            "ingress.2214680975.from_port": "80",
                            "ingress.2214680975.ipv6_cidr_blocks.#": "0",
                            "ingress.2214680975.prefix_list_ids.#": "0",
                            "ingress.2214680975.protocol": "tcp",
                            "ingress.2214680975.security_groups.#": "0",
                            "ingress.2214680975.self": "false",
                            "ingress.2214680975.to_port": "80",
                            "ingress.2541437006.cidr_blocks.#": "1",
                            "ingress.2541437006.cidr_blocks.0": "0.0.0.0/0",
                            "ingress.2541437006.description": "",
                            "ingress.2541437006.from_port": "22",
                            "ingress.2541437006.ipv6_cidr_blocks.#": "0",
                            "ingress.2541437006.prefix_list_ids.#": "0",
                            "ingress.2541437006.protocol": "tcp",
                            "ingress.2541437006.security_groups.#": "0",
                            "ingress.2541437006.self": "false",
                            "ingress.2541437006.to_port": "22",
                            "ingress.2617001939.cidr_blocks.#": "1",
                            "ingress.2617001939.cidr_blocks.0": "0.0.0.0/0",
                            "ingress.2617001939.description": "",
                            "ingress.2617001939.from_port": "443",
                            "ingress.2617001939.ipv6_cidr_blocks.#": "0",
                            "ingress.2617001939.prefix_list_ids.#": "0",
                            "ingress.2617001939.protocol": "tcp",
                            "ingress.2617001939.security_groups.#": "0",
                            "ingress.2617001939.self": "false",
                            "ingress.2617001939.to_port": "443",
                            "ingress.2893632856.cidr_blocks.#": "1",
                            "ingress.2893632856.cidr_blocks.0": "172.31.0.0/16",
                            "ingress.2893632856.description": "",
                            "ingress.2893632856.from_port": "0",
                            "ingress.2893632856.ipv6_cidr_blocks.#": "0",
                            "ingress.2893632856.prefix_list_ids.#": "0",
                            "ingress.2893632856.protocol": "-1",
                            "ingress.2893632856.security_groups.#": "0",
                            "ingress.2893632856.self": "false",
                            "ingress.2893632856.to_port": "0",
                            "ingress.3438143660.cidr_blocks.#": "1",
                            "ingress.3438143660.cidr_blocks.0": "172.16.0.0/16",
                            "ingress.3438143660.description": "",
                            "ingress.3438143660.from_port": "0",
                            "ingress.3438143660.ipv6_cidr_blocks.#": "0",
                            "ingress.3438143660.prefix_list_ids.#": "0",
                            "ingress.3438143660.protocol": "-1",
                            "ingress.3438143660.security_groups.#": "0",
                            "ingress.3438143660.self": "false",
                            "ingress.3438143660.to_port": "0",
                            "name": "city",
                            "owner_id": "578925084144",
                            "revoke_rules_on_delete": "false",
                            "tags.%": "3",
                            "tags.District": "city",
                            "tags.Environment": "prod",
                            "tags.Usage": "app",
                            "vpc_id": "vpc-46db1d3e"
                        },
                        "meta": {
                            "e2bfb730-ecaa-11e6-8f88-34363bc7c4c0": {
                                "create": 600000000000,
                                "delete": 600000000000
                            },
                            "schema_version": "1"
                        },
                        "tainted": false
                    },
                    "deposed": [],
                    "provider": "provider.aws"
                },
                "aws_security_group.dmz_server": {
                    "type": "aws_security_group",
                    "depends_on": [
                        "aws_vpc.city_vpc"
                    ],
                    "primary": {
                        "id": "sg-06f9b1f7a8203bd00",
                        "attributes": {
                            "arn": "arn:aws:ec2:us-west-2:578925084144:security-group/sg-06f9b1f7a8203bd00",
                            "description": "Allow UDP OpenVPN traffic to DMZ",
                            "egress.#": "0",
                            "id": "sg-06f9b1f7a8203bd00",
                            "ingress.#": "2",
                            "ingress.606841728.cidr_blocks.#": "1",
                            "ingress.606841728.cidr_blocks.0": "0.0.0.0/0",
                            "ingress.606841728.description": "",
                            "ingress.606841728.from_port": "1194",
                            "ingress.606841728.ipv6_cidr_blocks.#": "1",
                            "ingress.606841728.ipv6_cidr_blocks.0": "::/0",
                            "ingress.606841728.prefix_list_ids.#": "0",
                            "ingress.606841728.protocol": "udp",
                            "ingress.606841728.security_groups.#": "0",
                            "ingress.606841728.self": "false",
                            "ingress.606841728.to_port": "1194",
                            "ingress.801944617.cidr_blocks.#": "2",
                            "ingress.801944617.cidr_blocks.0": "172.31.0.0/16",
                            "ingress.801944617.cidr_blocks.1": "172.16.0.0/16",
                            "ingress.801944617.description": "",
                            "ingress.801944617.from_port": "0",
                            "ingress.801944617.ipv6_cidr_blocks.#": "0",
                            "ingress.801944617.prefix_list_ids.#": "0",
                            "ingress.801944617.protocol": "-1",
                            "ingress.801944617.security_groups.#": "0",
                            "ingress.801944617.self": "false",
                            "ingress.801944617.to_port": "0",
                            "name": "dmz",
                            "owner_id": "578925084144",
                            "revoke_rules_on_delete": "false",
                            "tags.%": "2",
                            "tags.District": "dmz",
                            "tags.Environment": "prod",
                            "vpc_id": "vpc-46db1d3e"
                        },
                        "meta": {
                            "e2bfb730-ecaa-11e6-8f88-34363bc7c4c0": {
                                "create": 600000000000,
                                "delete": 600000000000
                            },
                            "schema_version": "1"
                        },
                        "tainted": false
                    },
                    "deposed": [],
                    "provider": "provider.aws"
                },
                "aws_security_group_rule.allow_all": {
                    "type": "aws_security_group_rule",
                    "depends_on": [
                        "aws_security_group.city_servers"
                    ],
                    "primary": {
                        "id": "sgrule-3899519664",
                        "attributes": {
                            "cidr_blocks.#": "1",
                            "cidr_blocks.0": "0.0.0.0/0",
                            "description": "",
                            "from_port": "0",
                            "id": "sgrule-3899519664",
                            "ipv6_cidr_blocks.#": "0",
                            "prefix_list_ids.#": "0",
                            "protocol": "-1",
                            "security_group_id": "sg-0a5c7ad0da71d2f35",
                            "self": "false",
                            "to_port": "0",
                            "type": "egress"
                        },
                        "meta": {
                            "schema_version": "2"
                        },
                        "tainted": false
                    },
                    "deposed": [],
                    "provider": "provider.aws"
                },
                "aws_security_group_rule.allow_http": {
                    "type": "aws_security_group_rule",
                    "depends_on": [
                        "aws_security_group.city_servers"
                    ],
                    "primary": {
                        "id": "sgrule-1914317302",
                        "attributes": {
                            "cidr_blocks.#": "1",
                            "cidr_blocks.0": "0.0.0.0/0",
                            "description": "",
                            "from_port": "80",
                            "id": "sgrule-1914317302",
                            "ipv6_cidr_blocks.#": "0",
                            "prefix_list_ids.#": "0",
                            "protocol": "tcp",
                            "security_group_id": "sg-0a5c7ad0da71d2f35",
                            "self": "false",
                            "to_port": "80",
                            "type": "ingress"
                        },
                        "meta": {
                            "schema_version": "2"
                        },
                        "tainted": false
                    },
                    "deposed": [],
                    "provider": "provider.aws"
                },
                "aws_security_group_rule.allow_https": {
                    "type": "aws_security_group_rule",
                    "depends_on": [
                        "aws_security_group.city_servers"
                    ],
                    "primary": {
                        "id": "sgrule-2792869567",
                        "attributes": {
                            "cidr_blocks.#": "1",
                            "cidr_blocks.0": "0.0.0.0/0",
                            "description": "",
                            "from_port": "443",
                            "id": "sgrule-2792869567",
                            "ipv6_cidr_blocks.#": "0",
                            "prefix_list_ids.#": "0",
                            "protocol": "tcp",
                            "security_group_id": "sg-0a5c7ad0da71d2f35",
                            "self": "false",
                            "to_port": "443",
                            "type": "ingress"
                        },
                        "meta": {
                            "schema_version": "2"
                        },
                        "tainted": false
                    },
                    "deposed": [],
                    "provider": "provider.aws"
                },
                "aws_security_group_rule.allow_ssh": {
                    "type": "aws_security_group_rule",
                    "depends_on": [
                        "aws_security_group.city_servers"
                    ],
                    "primary": {
                        "id": "sgrule-3297801283",
                        "attributes": {
                            "cidr_blocks.#": "1",
                            "cidr_blocks.0": "0.0.0.0/0",
                            "description": "",
                            "from_port": "22",
                            "id": "sgrule-3297801283",
                            "ipv6_cidr_blocks.#": "0",
                            "prefix_list_ids.#": "0",
                            "protocol": "tcp",
                            "security_group_id": "sg-0a5c7ad0da71d2f35",
                            "self": "false",
                            "to_port": "22",
                            "type": "ingress"
                        },
                        "meta": {
                            "schema_version": "2"
                        },
                        "tainted": false
                    },
                    "deposed": [],
                    "provider": "provider.aws"
                },
                "aws_security_group_rule.allow_vpn": {
                    "type": "aws_security_group_rule",
                    "depends_on": [
                        "aws_security_group.dmz_server"
                    ],
                    "primary": {
                        "id": "sgrule-1424818670",
                        "attributes": {
                            "cidr_blocks.#": "1",
                            "cidr_blocks.0": "0.0.0.0/0",
                            "description": "",
                            "from_port": "1194",
                            "id": "sgrule-1424818670",
                            "ipv6_cidr_blocks.#": "0",
                            "prefix_list_ids.#": "0",
                            "protocol": "udp",
                            "security_group_id": "sg-06f9b1f7a8203bd00",
                            "self": "false",
                            "to_port": "1194",
                            "type": "ingress"
                        },
                        "meta": {
                            "schema_version": "2"
                        },
                        "tainted": false
                    },
                    "deposed": [],
                    "provider": "provider.aws"
                },
                "aws_security_group_rule.subnet_allow_all": {
                    "type": "aws_security_group_rule",
                    "depends_on": [
                        "aws_security_group.city_servers"
                    ],
                    "primary": {
                        "id": "sgrule-376975136",
                        "attributes": {
                            "cidr_blocks.#": "1",
                            "cidr_blocks.0": "172.31.0.0/16",
                            "description": "",
                            "from_port": "0",
                            "id": "sgrule-376975136",
                            "ipv6_cidr_blocks.#": "0",
                            "prefix_list_ids.#": "0",
                            "protocol": "-1",
                            "security_group_id": "sg-0a5c7ad0da71d2f35",
                            "self": "false",
                            "to_port": "0",
                            "type": "ingress"
                        },
                        "meta": {
                            "schema_version": "2"
                        },
                        "tainted": false
                    },
                    "deposed": [],
                    "provider": "provider.aws"
                },
                "aws_subnet.city_backup_subnet": {
                    "type": "aws_subnet",
                    "depends_on": [
                        "aws_vpc.city_vpc"
                    ],
                    "primary": {
                        "id": "subnet-0d323d80228ab0950",
                        "attributes": {
                            "arn": "arn:aws:ec2:us-west-2:578925084144:subnet/subnet-0d323d80228ab0950",
                            "assign_ipv6_address_on_creation": "false",
                            "availability_zone": "us-west-2a",
                            "availability_zone_id": "usw2-az2",
                            "cidr_block": "172.31.2.0/24",
                            "id": "subnet-0d323d80228ab0950",
                            "ipv6_cidr_block": "",
                            "ipv6_cidr_block_association_id": "",
                            "map_public_ip_on_launch": "true",
                            "owner_id": "578925084144",
                            "tags.%": "4",
                            "tags.District": "city",
                            "tags.Environment": "prod",
                            "tags.Role": "db",
                            "tags.Usage": "infra",
                            "vpc_id": "vpc-46db1d3e"
                        },
                        "meta": {
                            "e2bfb730-ecaa-11e6-8f88-34363bc7c4c0": {
                                "create": 600000000000,
                                "delete": 600000000000
                            },
                            "schema_version": "1"
                        },
                        "tainted": false
                    },
                    "deposed": [],
                    "provider": "provider.aws"
                },
                "aws_subnet.city_vpc_subnet": {
                    "type": "aws_subnet",
                    "depends_on": [
                        "aws_vpc.city_vpc"
                    ],
                    "primary": {
                        "id": "subnet-0b020a0b0f208b92c",
                        "attributes": {
                            "arn": "arn:aws:ec2:us-west-2:578925084144:subnet/subnet-0b020a0b0f208b92c",
                            "assign_ipv6_address_on_creation": "false",
                            "availability_zone": "us-west-2c",
                            "availability_zone_id": "usw2-az3",
                            "cidr_block": "172.31.1.0/24",
                            "id": "subnet-0b020a0b0f208b92c",
                            "ipv6_cidr_block": "",
                            "ipv6_cidr_block_association_id": "",
                            "map_public_ip_on_launch": "true",
                            "owner_id": "578925084144",
                            "tags.%": "3",
                            "tags.District": "city",
                            "tags.Environment": "prod",
                            "tags.Usage": "app",
                            "vpc_id": "vpc-46db1d3e"
                        },
                        "meta": {
                            "e2bfb730-ecaa-11e6-8f88-34363bc7c4c0": {
                                "create": 600000000000,
                                "delete": 600000000000
                            },
                            "schema_version": "1"
                        },
                        "tainted": false
                    },
                    "deposed": [],
                    "provider": "provider.aws"
                },
                "aws_vpc.city_vpc": {
                    "type": "aws_vpc",
                    "depends_on": [],
                    "primary": {
                        "id": "vpc-46db1d3e",
                        "attributes": {
                            "arn": "arn:aws:ec2:us-west-2:578925084144:vpc/vpc-46db1d3e",
                            "assign_generated_ipv6_cidr_block": "false",
                            "cidr_block": "172.31.0.0/16",
                            "default_network_acl_id": "acl-04de807c",
                            "default_route_table_id": "rtb-0a2f8f71",
                            "default_security_group_id": "sg-abf6b2d8",
                            "dhcp_options_id": "dopt-fae31c82",
                            "enable_classiclink": "false",
                            "enable_classiclink_dns_support": "false",
                            "enable_dns_hostnames": "true",
                            "enable_dns_support": "true",
                            "id": "vpc-46db1d3e",
                            "instance_tenancy": "default",
                            "ipv6_association_id": "",
                            "ipv6_cidr_block": "",
                            "main_route_table_id": "rtb-0a2f8f71",
                            "owner_id": "578925084144",
                            "tags.%": "3",
                            "tags.District": "city",
                            "tags.Environment": "prod",
                            "tags.Usage": "app"
                        },
                        "meta": {
                            "schema_version": "1"
                        },
                        "tainted": false
                    },
                    "deposed": [],
                    "provider": "provider.aws"
                },
                "data.aws_ami.city_ami": {
                    "type": "aws_ami",
                    "depends_on": [],
                    "primary": {
                        "id": "ami-08c3c205fd4040db5",
                        "attributes": {
                            "architecture": "x86_64",
                            "block_device_mappings.#": "1",
                            "block_device_mappings.340275815.device_name": "/dev/xvda",
                            "block_device_mappings.340275815.ebs.%": "6",
                            "block_device_mappings.340275815.ebs.delete_on_termination": "true",
                            "block_device_mappings.340275815.ebs.encrypted": "false",
                            "block_device_mappings.340275815.ebs.iops": "0",
                            "block_device_mappings.340275815.ebs.snapshot_id": "snap-0d2e0726e930b3b0b",
                            "block_device_mappings.340275815.ebs.volume_size": "8",
                            "block_device_mappings.340275815.ebs.volume_type": "gp2",
                            "block_device_mappings.340275815.no_device": "",
                            "block_device_mappings.340275815.virtual_name": "",
                            "creation_date": "2019-03-01T21:58:14.000Z",
                            "filter.#": "1",
                            "filter.2976021756.name": "name",
                            "filter.2976021756.values.#": "1",
                            "filter.2976021756.values.0": "CITY AMI *",
                            "hypervisor": "xen",
                            "id": "ami-08c3c205fd4040db5",
                            "image_id": "ami-08c3c205fd4040db5",
                            "image_location": "578925084144/CITY AMI 0.0.15",
                            "image_type": "machine",
                            "most_recent": "true",
                            "name": "CITY AMI 0.0.15",
                            "owner_id": "578925084144",
                            "owners.#": "1",
                            "owners.0": "578925084144",
                            "product_codes.#": "0",
                            "public": "false",
                            "root_device_name": "/dev/xvda",
                            "root_device_type": "ebs",
                            "root_snapshot_id": "snap-0d2e0726e930b3b0b",
                            "state": "available",
                            "state_reason.%": "2",
                            "state_reason.code": "UNSET",
                            "state_reason.message": "UNSET",
                            "tags.%": "2",
                            "tags.District": "city",
                            "tags.Version": "0.0.15",
                            "virtualization_type": "hvm"
                        },
                        "meta": {},
                        "tainted": false
                    },
                    "deposed": [],
                    "provider": "provider.aws"
                },
                "data.aws_ami.dmz_ami": {
                    "type": "aws_ami",
                    "depends_on": [],
                    "primary": {
                        "id": "ami-0552a2819225a2219",
                        "attributes": {
                            "architecture": "x86_64",
                            "block_device_mappings.#": "1",
                            "block_device_mappings.340275815.device_name": "/dev/xvda",
                            "block_device_mappings.340275815.ebs.%": "6",
                            "block_device_mappings.340275815.ebs.delete_on_termination": "true",
                            "block_device_mappings.340275815.ebs.encrypted": "false",
                            "block_device_mappings.340275815.ebs.iops": "0",
                            "block_device_mappings.340275815.ebs.snapshot_id": "snap-0dbc4460082f044df",
                            "block_device_mappings.340275815.ebs.volume_size": "8",
                            "block_device_mappings.340275815.ebs.volume_type": "gp2",
                            "block_device_mappings.340275815.no_device": "",
                            "block_device_mappings.340275815.virtual_name": "",
                            "creation_date": "2019-02-26T23:53:29.000Z",
                            "filter.#": "1",
                            "filter.3442590421.name": "name",
                            "filter.3442590421.values.#": "1",
                            "filter.3442590421.values.0": "DMZ AMI *",
                            "hypervisor": "xen",
                            "id": "ami-0552a2819225a2219",
                            "image_id": "ami-0552a2819225a2219",
                            "image_location": "578925084144/DMZ AMI 0.0.4",
                            "image_type": "machine",
                            "most_recent": "true",
                            "name": "DMZ AMI 0.0.4",
                            "owner_id": "578925084144",
                            "owners.#": "1",
                            "owners.0": "578925084144",
                            "product_codes.#": "0",
                            "public": "false",
                            "root_device_name": "/dev/xvda",
                            "root_device_type": "ebs",
                            "root_snapshot_id": "snap-0dbc4460082f044df",
                            "state": "available",
                            "state_reason.%": "2",
                            "state_reason.code": "UNSET",
                            "state_reason.message": "UNSET",
                            "tags.%": "2",
                            "tags.District": "dmz",
                            "tags.Version": "0.0.4",
                            "virtualization_type": "hvm"
                        },
                        "meta": {},
                        "tainted": false
                    },
                    "deposed": [],
                    "provider": "provider.aws"
                },
                "data.aws_ami.lb_ami": {
                    "type": "aws_ami",
                    "depends_on": [],
                    "primary": {
                        "id": "ami-090c898d60d99e03f",
                        "attributes": {
                            "architecture": "x86_64",
                            "block_device_mappings.#": "1",
                            "block_device_mappings.340275815.device_name": "/dev/xvda",
                            "block_device_mappings.340275815.ebs.%": "6",
                            "block_device_mappings.340275815.ebs.delete_on_termination": "true",
                            "block_device_mappings.340275815.ebs.encrypted": "false",
                            "block_device_mappings.340275815.ebs.iops": "0",
                            "block_device_mappings.340275815.ebs.snapshot_id": "snap-064259e443e565315",
                            "block_device_mappings.340275815.ebs.volume_size": "8",
                            "block_device_mappings.340275815.ebs.volume_type": "gp2",
                            "block_device_mappings.340275815.no_device": "",
                            "block_device_mappings.340275815.virtual_name": "",
                            "creation_date": "2019-03-01T03:49:10.000Z",
                            "filter.#": "1",
                            "filter.3937235112.name": "name",
                            "filter.3937235112.values.#": "1",
                            "filter.3937235112.values.0": "LB AMI *",
                            "hypervisor": "xen",
                            "id": "ami-090c898d60d99e03f",
                            "image_id": "ami-090c898d60d99e03f",
                            "image_location": "578925084144/LB AMI 0.0.7p1",
                            "image_type": "machine",
                            "most_recent": "true",
                            "name": "LB AMI 0.0.7p1",
                            "owner_id": "578925084144",
                            "owners.#": "1",
                            "owners.0": "578925084144",
                            "product_codes.#": "0",
                            "public": "false",
                            "root_device_name": "/dev/xvda",
                            "root_device_type": "ebs",
                            "root_snapshot_id": "snap-064259e443e565315",
                            "state": "available",
                            "state_reason.%": "2",
                            "state_reason.code": "UNSET",
                            "state_reason.message": "UNSET",
                            "tags.%": "2",
                            "tags.District": "lb",
                            "tags.Version": "0.0.7p1",
                            "virtualization_type": "hvm"
                        },
                        "meta": {},
                        "tainted": false
                    },
                    "deposed": [],
                    "provider": "provider.aws"
                },
                "data.aws_caller_identity.current": {
                    "type": "aws_caller_identity",
                    "depends_on": [],
                    "primary": {
                        "id": "2019-03-07 23:17:04.823079 +0000 UTC",
                        "attributes": {
                            "account_id": "578925084144",
                            "arn": "arn:aws:iam::578925084144:user/prater@userland.tech",
                            "id": "2019-03-07 23:17:04.823079 +0000 UTC",
                            "user_id": "AIDAJJ5GJRF457X2YVG4S"
                        },
                        "meta": {},
                        "tainted": false
                    },
                    "deposed": [],
                    "provider": "provider.aws"
                },
                "data.template_file.city_cloud_init.0": {
                    "type": "template_file",
                    "depends_on": [
                        "data.aws_ami.city_ami"
                    ],
                    "primary": {
                        "id": "1febbb07892462e9801a3af518adfb83f987eaf72d1466014c052b1934877b5f",
                        "attributes": {
                            "id": "1febbb07892462e9801a3af518adfb83f987eaf72d1466014c052b1934877b5f",
                            "rendered": "#cloud-config\n---\nsystem_info:\n  default_user:\n    name: alan\n\nssh_authorized_keys:\n  - ssh-rsa AAAAB3NzaC1yc2EAAAADAQABAAABAQDsyDvFpGurHAFb0bEIksovsIBPolkcf8whk21L9jf5IgMqevRcn0KgDsylXMUmK1+F9ro8eE9CcGAeD+vzPpnqovs9mJSlC8pkmGCgHfmUsmZr7vuPkOkBQ2ltntuSfmnt5mhlM8U4ybfsYKOPg+qY+SjcTjeHEzCTlxRiPLixDTvKdznJ7kO/XrqTg28RfIPCKimEbyvPiPJNM5UJfjx45QayyGddnOOuOMlnMEOM/e42gpGvaabQPGUyRtoFtpGD6i5JyrNoV2Tu+lp3XZfp6qdyzcbZBFcV7H7ZP9F/0ng3emwqEvw77DnWBTVXSqFe8MX0aQLUGuOP60PnQsaX stephenprater@tnuctip.local\n\nwrite_files:\n  - path: /etc/ssh/import_keys\n    content: |\n      gh:stephenprater\n      gh:AndrewScibek\n      gh:corbinlc\n      gh:MatthewTighe\n      gh:luongthomas\n\nhostname: city1-0015\n",
                            "template": "#cloud-config\n---\nsystem_info:\n  default_user:\n    name: alan\n\nssh_authorized_keys:\n  - ssh-rsa AAAAB3NzaC1yc2EAAAADAQABAAABAQDsyDvFpGurHAFb0bEIksovsIBPolkcf8whk21L9jf5IgMqevRcn0KgDsylXMUmK1+F9ro8eE9CcGAeD+vzPpnqovs9mJSlC8pkmGCgHfmUsmZr7vuPkOkBQ2ltntuSfmnt5mhlM8U4ybfsYKOPg+qY+SjcTjeHEzCTlxRiPLixDTvKdznJ7kO/XrqTg28RfIPCKimEbyvPiPJNM5UJfjx45QayyGddnOOuOMlnMEOM/e42gpGvaabQPGUyRtoFtpGD6i5JyrNoV2Tu+lp3XZfp6qdyzcbZBFcV7H7ZP9F/0ng3emwqEvw77DnWBTVXSqFe8MX0aQLUGuOP60PnQsaX stephenprater@tnuctip.local\n\nwrite_files:\n  - path: /etc/ssh/import_keys\n    content: |\n      gh:stephenprater\n      gh:AndrewScibek\n      gh:corbinlc\n      gh:MatthewTighe\n      gh:luongthomas\n\nhostname: ${hostname}\n",
                            "vars.%": "3",
                            "vars.city_hosts": "3",
                            "vars.datadog_api_key": "4e1033fd1fe7359d63ff27660ba114af",
                            "vars.hostname": "city1-0015"
                        },
                        "meta": {},
                        "tainted": false
                    },
                    "deposed": [],
                    "provider": "provider.template"
                },
                "data.template_file.city_cloud_init.1": {
                    "type": "template_file",
                    "depends_on": [
                        "data.aws_ami.city_ami"
                    ],
                    "primary": {
                        "id": "ed8862168e81e2a5d486140e63242d21e9396c46dc9c17425947715746a39fa3",
                        "attributes": {
                            "id": "ed8862168e81e2a5d486140e63242d21e9396c46dc9c17425947715746a39fa3",
                            "rendered": "#cloud-config\n---\nsystem_info:\n  default_user:\n    name: alan\n\nssh_authorized_keys:\n  - ssh-rsa AAAAB3NzaC1yc2EAAAADAQABAAABAQDsyDvFpGurHAFb0bEIksovsIBPolkcf8whk21L9jf5IgMqevRcn0KgDsylXMUmK1+F9ro8eE9CcGAeD+vzPpnqovs9mJSlC8pkmGCgHfmUsmZr7vuPkOkBQ2ltntuSfmnt5mhlM8U4ybfsYKOPg+qY+SjcTjeHEzCTlxRiPLixDTvKdznJ7kO/XrqTg28RfIPCKimEbyvPiPJNM5UJfjx45QayyGddnOOuOMlnMEOM/e42gpGvaabQPGUyRtoFtpGD6i5JyrNoV2Tu+lp3XZfp6qdyzcbZBFcV7H7ZP9F/0ng3emwqEvw77DnWBTVXSqFe8MX0aQLUGuOP60PnQsaX stephenprater@tnuctip.local\n\nwrite_files:\n  - path: /etc/ssh/import_keys\n    content: |\n      gh:stephenprater\n      gh:AndrewScibek\n      gh:corbinlc\n      gh:MatthewTighe\n      gh:luongthomas\n\nhostname: city2-0015\n",
                            "template": "#cloud-config\n---\nsystem_info:\n  default_user:\n    name: alan\n\nssh_authorized_keys:\n  - ssh-rsa AAAAB3NzaC1yc2EAAAADAQABAAABAQDsyDvFpGurHAFb0bEIksovsIBPolkcf8whk21L9jf5IgMqevRcn0KgDsylXMUmK1+F9ro8eE9CcGAeD+vzPpnqovs9mJSlC8pkmGCgHfmUsmZr7vuPkOkBQ2ltntuSfmnt5mhlM8U4ybfsYKOPg+qY+SjcTjeHEzCTlxRiPLixDTvKdznJ7kO/XrqTg28RfIPCKimEbyvPiPJNM5UJfjx45QayyGddnOOuOMlnMEOM/e42gpGvaabQPGUyRtoFtpGD6i5JyrNoV2Tu+lp3XZfp6qdyzcbZBFcV7H7ZP9F/0ng3emwqEvw77DnWBTVXSqFe8MX0aQLUGuOP60PnQsaX stephenprater@tnuctip.local\n\nwrite_files:\n  - path: /etc/ssh/import_keys\n    content: |\n      gh:stephenprater\n      gh:AndrewScibek\n      gh:corbinlc\n      gh:MatthewTighe\n      gh:luongthomas\n\nhostname: ${hostname}\n",
                            "vars.%": "3",
                            "vars.city_hosts": "3",
                            "vars.datadog_api_key": "4e1033fd1fe7359d63ff27660ba114af",
                            "vars.hostname": "city2-0015"
                        },
                        "meta": {},
                        "tainted": false
                    },
                    "deposed": [],
                    "provider": "provider.template"
                },
                "data.template_file.city_cloud_init.2": {
                    "type": "template_file",
                    "depends_on": [
                        "data.aws_ami.city_ami"
                    ],
                    "primary": {
                        "id": "555726421ef83b109211b6db866d978fc7118127ba73c6b879deb9db455258df",
                        "attributes": {
                            "id": "555726421ef83b109211b6db866d978fc7118127ba73c6b879deb9db455258df",
                            "rendered": "#cloud-config\n---\nsystem_info:\n  default_user:\n    name: alan\n\nssh_authorized_keys:\n  - ssh-rsa AAAAB3NzaC1yc2EAAAADAQABAAABAQDsyDvFpGurHAFb0bEIksovsIBPolkcf8whk21L9jf5IgMqevRcn0KgDsylXMUmK1+F9ro8eE9CcGAeD+vzPpnqovs9mJSlC8pkmGCgHfmUsmZr7vuPkOkBQ2ltntuSfmnt5mhlM8U4ybfsYKOPg+qY+SjcTjeHEzCTlxRiPLixDTvKdznJ7kO/XrqTg28RfIPCKimEbyvPiPJNM5UJfjx45QayyGddnOOuOMlnMEOM/e42gpGvaabQPGUyRtoFtpGD6i5JyrNoV2Tu+lp3XZfp6qdyzcbZBFcV7H7ZP9F/0ng3emwqEvw77DnWBTVXSqFe8MX0aQLUGuOP60PnQsaX stephenprater@tnuctip.local\n\nwrite_files:\n  - path: /etc/ssh/import_keys\n    content: |\n      gh:stephenprater\n      gh:AndrewScibek\n      gh:corbinlc\n      gh:MatthewTighe\n      gh:luongthomas\n\nhostname: city3-0015\n",
                            "template": "#cloud-config\n---\nsystem_info:\n  default_user:\n    name: alan\n\nssh_authorized_keys:\n  - ssh-rsa AAAAB3NzaC1yc2EAAAADAQABAAABAQDsyDvFpGurHAFb0bEIksovsIBPolkcf8whk21L9jf5IgMqevRcn0KgDsylXMUmK1+F9ro8eE9CcGAeD+vzPpnqovs9mJSlC8pkmGCgHfmUsmZr7vuPkOkBQ2ltntuSfmnt5mhlM8U4ybfsYKOPg+qY+SjcTjeHEzCTlxRiPLixDTvKdznJ7kO/XrqTg28RfIPCKimEbyvPiPJNM5UJfjx45QayyGddnOOuOMlnMEOM/e42gpGvaabQPGUyRtoFtpGD6i5JyrNoV2Tu+lp3XZfp6qdyzcbZBFcV7H7ZP9F/0ng3emwqEvw77DnWBTVXSqFe8MX0aQLUGuOP60PnQsaX stephenprater@tnuctip.local\n\nwrite_files:\n  - path: /etc/ssh/import_keys\n    content: |\n      gh:stephenprater\n      gh:AndrewScibek\n      gh:corbinlc\n      gh:MatthewTighe\n      gh:luongthomas\n\nhostname: ${hostname}\n",
                            "vars.%": "3",
                            "vars.city_hosts": "3",
                            "vars.datadog_api_key": "4e1033fd1fe7359d63ff27660ba114af",
                            "vars.hostname": "city3-0015"
                        },
                        "meta": {},
                        "tainted": false
                    },
                    "deposed": [],
                    "provider": "provider.template"
                },
                "data.template_file.city_lb_cloud_init": {
                    "type": "template_file",
                    "depends_on": [],
                    "primary": {
                        "id": "e55f160792b078fe91e8607125c0b187fc8f808b995345dc459ecb2a2201c7a8",
                        "attributes": {
                            "id": "e55f160792b078fe91e8607125c0b187fc8f808b995345dc459ecb2a2201c7a8",
                            "rendered": "#cloud-config\n---\nsystem_info:\n  default_user:\n    name: alan\n\nssh_authorized_keys:\n  - ssh-rsa AAAAB3NzaC1yc2EAAAADAQABAAABAQDsyDvFpGurHAFb0bEIksovsIBPolkcf8whk21L9jf5IgMqevRcn0KgDsylXMUmK1+F9ro8eE9CcGAeD+vzPpnqovs9mJSlC8pkmGCgHfmUsmZr7vuPkOkBQ2ltntuSfmnt5mhlM8U4ybfsYKOPg+qY+SjcTjeHEzCTlxRiPLixDTvKdznJ7kO/XrqTg28RfIPCKimEbyvPiPJNM5UJfjx45QayyGddnOOuOMlnMEOM/e42gpGvaabQPGUyRtoFtpGD6i5JyrNoV2Tu+lp3XZfp6qdyzcbZBFcV7H7ZP9F/0ng3emwqEvw77DnWBTVXSqFe8MX0aQLUGuOP60PnQsaX stephenprater@tnuctip.local\n\nhostname: city-lb\n\nwrite_files:\n  - path: /etc/ssh/import_keys\n    content: |\n      gh:stephenprater\n      gh:AndrewScibek\n      gh:corbinlc\n      gh:MatthewTighe\n      gh:luongthomas\n\n\nbootcmd:\n  - 'sed -i \"s/datacenter.*/datacenter = \\\"city\\\"/\" /etc/consul.hcl'\n",
                            "template": "#cloud-config\n---\nsystem_info:\n  default_user:\n    name: alan\n\nssh_authorized_keys:\n  - ssh-rsa AAAAB3NzaC1yc2EAAAADAQABAAABAQDsyDvFpGurHAFb0bEIksovsIBPolkcf8whk21L9jf5IgMqevRcn0KgDsylXMUmK1+F9ro8eE9CcGAeD+vzPpnqovs9mJSlC8pkmGCgHfmUsmZr7vuPkOkBQ2ltntuSfmnt5mhlM8U4ybfsYKOPg+qY+SjcTjeHEzCTlxRiPLixDTvKdznJ7kO/XrqTg28RfIPCKimEbyvPiPJNM5UJfjx45QayyGddnOOuOMlnMEOM/e42gpGvaabQPGUyRtoFtpGD6i5JyrNoV2Tu+lp3XZfp6qdyzcbZBFcV7H7ZP9F/0ng3emwqEvw77DnWBTVXSqFe8MX0aQLUGuOP60PnQsaX stephenprater@tnuctip.local\n\nhostname: ${hostname}\n\nwrite_files:\n  - path: /etc/ssh/import_keys\n    content: |\n      gh:stephenprater\n      gh:AndrewScibek\n      gh:corbinlc\n      gh:MatthewTighe\n      gh:luongthomas\n\n\nbootcmd:\n  - 'sed -i \"s/datacenter.*/datacenter = \\\"${lb_district}\\\"/\" /etc/consul.hcl'\n",
                            "vars.%": "2",
                            "vars.hostname": "city-lb",
                            "vars.lb_district": "city"
                        },
                        "meta": {},
                        "tainted": false
                    },
                    "deposed": [],
                    "provider": "provider.template"
                },
                "data.template_file.dmz_host_cloud_init": {
                    "type": "template_file",
                    "depends_on": [],
                    "primary": {
                        "id": "ba2189af01a6580c44728c1581c29199ecf6b2b8c27d793a1d2a45d5382efb92",
                        "attributes": {
                            "id": "ba2189af01a6580c44728c1581c29199ecf6b2b8c27d793a1d2a45d5382efb92",
                            "rendered": "#cloud-config\n---\nsystem_info:\n  default_user:\n    name: alan\n\nssh_authorized_keys:\n  - ssh-rsa AAAAB3NzaC1yc2EAAAADAQABAAABAQDsyDvFpGurHAFb0bEIksovsIBPolkcf8whk21L9jf5IgMqevRcn0KgDsylXMUmK1+F9ro8eE9CcGAeD+vzPpnqovs9mJSlC8pkmGCgHfmUsmZr7vuPkOkBQ2ltntuSfmnt5mhlM8U4ybfsYKOPg+qY+SjcTjeHEzCTlxRiPLixDTvKdznJ7kO/XrqTg28RfIPCKimEbyvPiPJNM5UJfjx45QayyGddnOOuOMlnMEOM/e42gpGvaabQPGUyRtoFtpGD6i5JyrNoV2Tu+lp3XZfp6qdyzcbZBFcV7H7ZP9F/0ng3emwqEvw77DnWBTVXSqFe8MX0aQLUGuOP60PnQsaX stephenprater@tnuctip.local\n\nwrite_files:\n  - path: /etc/ssh/import_keys\n    content: |\n      gh:stephenprater\n      gh:AndrewScibek\n      gh:corbinlc\n      gh:MatthewTighe\n      gh:luongthomas\n  - path: /etc/openvpn/server.conf\n    content: |\n      # OpenVPN server config file\n      #\n      cipher AES-256-CBC\n      \n      port 1194\n      proto udp\n      dev tun\n      keepalive 10 120\n      comp-lzo\n      local 0.0.0.0\n      \n      # push multiple domains\n      push \"route 172.31.0.0 255.255.0.0\"\n      \n      # This tells the client to use these internal name servers when on the VPN\n      push \"dhcp-option DOMAIN-SEARCH node.city.consul\"\n      push \"dhcp-option DOMAIN-SEARCH service.city.consul\"\n      push \"dhcp-option DNS 0.0.0.0\"\n      \n      # avoid accessing certain resources on restart\n      persist-key\n      persist-tun\n      \n      # current client connections\n      status /etc/openvpn/openvpn-status.log\n      \n      # logging settings.\n      verb 1  # don't spam the log with messages.\n      mute 10 # suppress identical messages \u003e 10 occurances.\n      \n      # force a disconnect after 15 minutes of inactivity\n      inactive 900\n      \n      client-to-client\n      duplicate-cn\n      server 172.16.0.0 255.255.255.0\n      ifconfig-pool-persist /etc/openvpn/ipp.txt\n      \n      \n      \u003cca\u003e\n      -----BEGIN CERTIFICATE-----\n      MIIDKTCCAhGgAwIBAgIUKLFqpL5xu5nM2VJZjOIj2y+pQigwDQYJKoZIhvcNAQEL\n      BQAwEjEQMA4GA1UEAxMHaG9sZS5seTAeFw0xOTAyMjYwNzU5MzdaFw0yOTAyMjMw\n      ODAwMDdaMBIxEDAOBgNVBAMTB2hvbGUubHkwggEiMA0GCSqGSIb3DQEBAQUAA4IB\n      DwAwggEKAoIBAQC9Hiz8XOXqlTNZlD/UEke6jzjWKEvspmeON6TRzLQqqyc6r8VM\n      yJkQrU71M0CU1a8fTCFezbA1377YZSAOh8oqv8acne5aDixBtUNdEK61ACapjwxp\n      29ciIIgyfXWoDbSuRgFCxj79nzvkDuAYo8loLu8C9tWpWLBargwjKsbWmgyttbtM\n      +NIvxRT9E3E++C/tKH6xgjfhMC2f8uc2I5P87Bd3OClQHoehFFNC0jDCrCLt3bqr\n      cDBXsXnm+c5NG7tEX8ZC7bW/6Xyb40pv2TQrkhtFoMlKhf4nxvQbpdZud+n5J/Or\n      UjNh+S2JRSYXVreidudpUPsVDhmzy1O+kmLBAgMBAAGjdzB1MA4GA1UdDwEB/wQE\n      AwIBBjAPBgNVHRMBAf8EBTADAQH/MB0GA1UdDgQWBBSQDxaAfr37pNOss4u8G5tO\n      HUrxBDAfBgNVHSMEGDAWgBSQDxaAfr37pNOss4u8G5tOHUrxBDASBgNVHREECzAJ\n      ggdob2xlLmx5MA0GCSqGSIb3DQEBCwUAA4IBAQBmgg7wRXw23NUpfFF3Om1R2opU\n      RHH6U0ul7ProkAmnY4Lhj8x6epPohGIuNnIcPOjLqSrHBL6lWmCG/Oj9Nwuxeosx\n      LdRSOtQNOq7Jc384ck8Lou+9oKTXycdUTEIx+fdWfTSpRRiQ99x4reZqooBe8JVw\n      7sUfKzCYfvq6gtGtbzezmp6TqzJN19XHLXrqJOqIslPIH0ayqjb+Ipqg/Fj9yxP7\n      92xhPmKharf6s1L0bxZlZEII6yBSGyGiqB2gyLMlwPD+wzwKWUp9vmZ43P1WL46x\n      84x5IpVgzzcm8m/UMw8Pbj9NrW/MixD4O83oKF0OAqBLgVfJIIInlS2dJYNJ\n      -----END CERTIFICATE-----\n      \u003c/ca\u003e\n      \n      \u003ccert\u003e\n      -----BEGIN CERTIFICATE-----\n      MIIDujCCAqKgAwIBAgIUdHXdMVke6tcfmPOB94sJMpQcHQMwDQYJKoZIhvcNAQEL\n      BQAwEjEQMA4GA1UEAxMHaG9sZS5seTAeFw0xOTAyMjYwNzU5NDJaFw0yMDAyMjYw\n      ODAwMTJaMBYxFDASBgNVBAMTC3Zwbi5ob2xlLmx5MIIBIjANBgkqhkiG9w0BAQEF\n      AAOCAQ8AMIIBCgKCAQEAztUEn8kO+xim3D95ueNVkyK5GKNO3j7XFE9ZtwWvgZpT\n      mnZbX70i4ft2l9GWw5yh2J1Rxj88fKzvXTfD4017yG+IIZClkKcMBHAvbiWvbm17\n      d9lfU5ox4ZBFwSkvdaj0vzRpzy+A4/D8Gu1LzSNrSE4BUxtLWzw/fwau1B8W5WuC\n      0COj6NGXGJaPkm6+5eDjS7LDA5r6sL0vC86SX6/lPlaGvdERtsftycdYKK7qozLK\n      4HQ1LJHGrzN5wh4h2qv1u8Li+mmTd/NPAIpySz/v0kOVD4HGa8Zmd9D/LI2uwfxE\n      DRNq41X5H+mP0Oxw9y2Dz079dXzMwOx7WIIrS02v6wIDAQABo4IBAjCB/zAOBgNV\n      HQ8BAf8EBAMCA6gwHQYDVR0lBBYwFAYIKwYBBQUHAwEGCCsGAQUFBwMCMB0GA1Ud\n      DgQWBBQFzmWrwUljMU5MQV5Rue8fzvabgDAfBgNVHSMEGDAWgBSQDxaAfr37pNOs\n      s4u8G5tOHUrxBDA/BggrBgEFBQcBAQQzMDEwLwYIKwYBBQUHMAKGI2h0dHA6Ly8x\n      MjcuMC4wLjE6ODIwMC92MS9ob2xlX2x5L2NhMBYGA1UdEQQPMA2CC3Zwbi5ob2xl\n      Lmx5MDUGA1UdHwQuMCwwKqAooCaGJGh0dHA6Ly8xMjcuMC4wLjE6ODIwMC92MS9o\n      b2xlX2x5L2NybDANBgkqhkiG9w0BAQsFAAOCAQEAd7ibYAr2x9WpbeuI/dJByTrs\n      /PMf9u16eM+WNaQ9zs2U8R13G2pE15WEkOs9zvXTKBTcVz+LP2x6x8q7cSwt4yVH\n      IiNOwyMJKE/+fZMg77auFL5LeiNSVFuVgfGsku1bn7rpYUNNP+r16MSDmKk3qxMy\n      Vrn5ZlZCpr47Jv1CVUv3LXGLhGb06KSFJ2HhdyAjUmJN8iJ36vYrYG1ByZ4N574G\n      nP0CU9Z1/kTu9CdeilJ4aCmM9yNF3Lh8BE1Cm/qU8czYh/3zTNY+POOpFkFyIYxU\n      DiXFC6//g+++RxhTKugqvvLjUi5nhdEJGCr5u7kZuUid5TU92fC6Rsv6ejq+yg==\n      -----END CERTIFICATE-----\n      \u003c/cert\u003e\n      \n      \u003ckey\u003e\n      -----BEGIN RSA PRIVATE KEY-----\n      MIIEpAIBAAKCAQEAztUEn8kO+xim3D95ueNVkyK5GKNO3j7XFE9ZtwWvgZpTmnZb\n      X70i4ft2l9GWw5yh2J1Rxj88fKzvXTfD4017yG+IIZClkKcMBHAvbiWvbm17d9lf\n      U5ox4ZBFwSkvdaj0vzRpzy+A4/D8Gu1LzSNrSE4BUxtLWzw/fwau1B8W5WuC0COj\n      6NGXGJaPkm6+5eDjS7LDA5r6sL0vC86SX6/lPlaGvdERtsftycdYKK7qozLK4HQ1\n      LJHGrzN5wh4h2qv1u8Li+mmTd/NPAIpySz/v0kOVD4HGa8Zmd9D/LI2uwfxEDRNq\n      41X5H+mP0Oxw9y2Dz079dXzMwOx7WIIrS02v6wIDAQABAoIBAQDNkdkLuvjhxmmp\n      xIkGoZWfLMbNXxr3N3vrmsZvav46ERoBDpvYtxJhit4fHNf8ycPumMX7BUToIbWy\n      b8eJNqzN1VR3D94OvIjsLFhn4JrRZY1u3CSr4jirmQpLZtTd27SOCdkUbIFtjEn1\n      tV4+oHJzpdwZLqqiHmp5pTnEaLYIBB7L2ZLmrZ2tm9QavSK0HPZMxt8Rwp7670RK\n      Gmhw8K/Y9Db5yEoJA9KUf03l+uv4XT3jf0dxIE4/jzAqoccBtjDDBaWIkE+kOBD3\n      WrWU7J2Dw1PSPYDnxkTC6+b0llw46Dst0pKQpbykXsrnY2Y9RRjg3JwNHPtkhDJ4\n      bQ9p4iURAoGBAOhzy2fJHLVWQjKuWsGW8P1dVNzVwubncfxc/smOZuRHP74/e9qT\n      ajLvmE9EZ+P5hA8XJDBeAeiXb/1mDbBoH3pJcdpAbgBdzzupX6Y1a7QpN3xNd7ht\n      IIThUDdwwyb2DXuEauaxy1Vf22cNaUBrwiKdte5j+VUDrAOm6MmQG5TJAoGBAOPI\n      z+vqcVklLexD+TYhQAZnPR49lu2BEmLpnLu0gALpe4OP5lR+0WiNl8a+5fJn0t/c\n      zToEFougXfVk40BfkrWt3XAAvQJiDXLjqxshZQ/zi12Iqk6eFzaw9Ff5HMoyJ6cV\n      eDuNGgr30qS6iufxmEsMHykqd1NO+P9QWkiL//0TAoGANX6Abu//ZVPmhBdP14FP\n      EF+sKe4fnlfhCXy1PdlBoIMtDjE55YFLTVGKMaPCbNp9I6PltiPMOKSxJxWXTOOJ\n      avD//IQbTIZKLKa71low4RMjK74AMTcb5ribZ0bSAmNZkvVUTKbZ7lnS+hJCCItD\n      8AdvWN80//WKXoTIyaoaTtECgYAMgWPY4eAjMsVYqUqvTBgFwfk7BcqZc3Kc95Jh\n      Q8GbZ1IeoPHWRbgdc1iX0rcxHb4YCDlELCFIvR8rb8SCLj0RuF/l3ESEMvnmCtXE\n      AYtY2tgV5IDlHAzONdzUT5rjBuniZG1bZ528aGqqHIuvvDXOOPYk/m3apwVIjxLF\n      1NnS/QKBgQCWbT42IO3pp6YHv3iiST63fb78+JLbxJHyRQpcjq4vbhnGCna07sSi\n      H5LvEfJV/GQO+A04IkGWx36jkhMID5PQEyV4q+4CqYbcb5ndHnQ8vuxeSU1Rt/1X\n      v8o1AJ3ExXMfsdF7jFNGx0cKvQe+Gw9cbyynvmSD1czsFBDK/BR8qw==\n      -----END RSA PRIVATE KEY-----\n      \u003c/key\u003e\n      \n      \u003cdh\u003e\n      -----BEGIN DH PARAMETERS-----\n      MIIBCAKCAQEA12nnx6s2EhU+BNsgBFEX+qOK6Eo8Jr+v25k8rL3WpfhbRCJ112Fv\n      inEB5OSGJs0++1MvyofEv0livHkUxYI/+mMnURnPwSzWKXOH1pXcfKCg3VUKS0KM\n      1T12xgIkZCoU6xgVcFyRRWrI4XDZy0XtN8f1hCxJUcVPk7q3ZdpMxgeg3qHJiaWa\n      Zd9H5SZTDiTeHevTMwba7AutEhHRnlGUwoVRmYn+kuee/WYUQ7I5zqKgeIONueeJ\n      lb5lonPTqaal/feUqxKjcRpjZcg9VCrwLnX4ty03XlWzI44cULm1mZfZBMcoKKVv\n      YOki0R+DcV1GzvMh0llxsLvAoLtkrsQy0wIBAg==\n      -----END DH PARAMETERS-----\n      \u003c/dh\u003e\n      \n      key-direction 0\n      \u003ctls-auth\u003e\n      #\n      # 2048 bit OpenVPN static key\n      #\n      -----BEGIN OpenVPN Static key V1-----\n      c044d1d30f2f30d7afe10cf5724f493e\n      bfd676268bb7145cac7c6a89f053a84b\n      31f289ebaeab9aad8663ff4ce9957faf\n      98b69c9c670c8749b7cfb3a5cd9b4a97\n      ef39bc5d85b20302d87825ec52f48b12\n      7ee66e72d400e79b75239fe130c235f4\n      75be9d734e9c5c1525b3adf82fad8acd\n      4849d72b8d7a9a9af855b71a5c4a636f\n      c2824c4d4bfe60a14aa796563c93ac3f\n      81c731339e10d60640d40dfe7992dcd8\n      f4f5009b8210231bead978ccdc8eae92\n      aca247ff723a1a6a3f8b794df415d11c\n      5b04434cb89ecae1c06caa09448faff1\n      c21fba8312924eb81943046d3f33d45b\n      9ce685cc685598b4fcec0dc5b24fcfac\n      58a87aacb101be9045f1e37c3b4ccb5f\n      -----END OpenVPN Static key V1-----\n      \n      \u003c/tls-auth\u003e\n\nhostname: dmz\n",
                            "template": "#cloud-config\n---\nsystem_info:\n  default_user:\n    name: alan\n\nssh_authorized_keys:\n  - ssh-rsa AAAAB3NzaC1yc2EAAAADAQABAAABAQDsyDvFpGurHAFb0bEIksovsIBPolkcf8whk21L9jf5IgMqevRcn0KgDsylXMUmK1+F9ro8eE9CcGAeD+vzPpnqovs9mJSlC8pkmGCgHfmUsmZr7vuPkOkBQ2ltntuSfmnt5mhlM8U4ybfsYKOPg+qY+SjcTjeHEzCTlxRiPLixDTvKdznJ7kO/XrqTg28RfIPCKimEbyvPiPJNM5UJfjx45QayyGddnOOuOMlnMEOM/e42gpGvaabQPGUyRtoFtpGD6i5JyrNoV2Tu+lp3XZfp6qdyzcbZBFcV7H7ZP9F/0ng3emwqEvw77DnWBTVXSqFe8MX0aQLUGuOP60PnQsaX stephenprater@tnuctip.local\n\nwrite_files:\n  - path: /etc/ssh/import_keys\n    content: |\n      gh:stephenprater\n      gh:AndrewScibek\n      gh:corbinlc\n      gh:MatthewTighe\n      gh:luongthomas\n  - path: /etc/openvpn/server.conf\n    content: |\n      ${openvpn_server}\n\nhostname: ${hostname}\n",
                            "vars.%": "2",
                            "vars.hostname": "dmz",
                            "vars.openvpn_server": "# OpenVPN server config file\n      #\n      cipher AES-256-CBC\n      \n      port 1194\n      proto udp\n      dev tun\n      keepalive 10 120\n      comp-lzo\n      local 0.0.0.0\n      \n      # push multiple domains\n      push \"route 172.31.0.0 255.255.0.0\"\n      \n      # This tells the client to use these internal name servers when on the VPN\n      push \"dhcp-option DOMAIN-SEARCH node.city.consul\"\n      push \"dhcp-option DOMAIN-SEARCH service.city.consul\"\n      push \"dhcp-option DNS 0.0.0.0\"\n      \n      # avoid accessing certain resources on restart\n      persist-key\n      persist-tun\n      \n      # current client connections\n      status /etc/openvpn/openvpn-status.log\n      \n      # logging settings.\n      verb 1  # don't spam the log with messages.\n      mute 10 # suppress identical messages \u003e 10 occurances.\n      \n      # force a disconnect after 15 minutes of inactivity\n      inactive 900\n      \n      client-to-client\n      duplicate-cn\n      server 172.16.0.0 255.255.255.0\n      ifconfig-pool-persist /etc/openvpn/ipp.txt\n      \n      \n      \u003cca\u003e\n      -----BEGIN CERTIFICATE-----\n      MIIDKTCCAhGgAwIBAgIUKLFqpL5xu5nM2VJZjOIj2y+pQigwDQYJKoZIhvcNAQEL\n      BQAwEjEQMA4GA1UEAxMHaG9sZS5seTAeFw0xOTAyMjYwNzU5MzdaFw0yOTAyMjMw\n      ODAwMDdaMBIxEDAOBgNVBAMTB2hvbGUubHkwggEiMA0GCSqGSIb3DQEBAQUAA4IB\n      DwAwggEKAoIBAQC9Hiz8XOXqlTNZlD/UEke6jzjWKEvspmeON6TRzLQqqyc6r8VM\n      yJkQrU71M0CU1a8fTCFezbA1377YZSAOh8oqv8acne5aDixBtUNdEK61ACapjwxp\n      29ciIIgyfXWoDbSuRgFCxj79nzvkDuAYo8loLu8C9tWpWLBargwjKsbWmgyttbtM\n      +NIvxRT9E3E++C/tKH6xgjfhMC2f8uc2I5P87Bd3OClQHoehFFNC0jDCrCLt3bqr\n      cDBXsXnm+c5NG7tEX8ZC7bW/6Xyb40pv2TQrkhtFoMlKhf4nxvQbpdZud+n5J/Or\n      UjNh+S2JRSYXVreidudpUPsVDhmzy1O+kmLBAgMBAAGjdzB1MA4GA1UdDwEB/wQE\n      AwIBBjAPBgNVHRMBAf8EBTADAQH/MB0GA1UdDgQWBBSQDxaAfr37pNOss4u8G5tO\n      HUrxBDAfBgNVHSMEGDAWgBSQDxaAfr37pNOss4u8G5tOHUrxBDASBgNVHREECzAJ\n      ggdob2xlLmx5MA0GCSqGSIb3DQEBCwUAA4IBAQBmgg7wRXw23NUpfFF3Om1R2opU\n      RHH6U0ul7ProkAmnY4Lhj8x6epPohGIuNnIcPOjLqSrHBL6lWmCG/Oj9Nwuxeosx\n      LdRSOtQNOq7Jc384ck8Lou+9oKTXycdUTEIx+fdWfTSpRRiQ99x4reZqooBe8JVw\n      7sUfKzCYfvq6gtGtbzezmp6TqzJN19XHLXrqJOqIslPIH0ayqjb+Ipqg/Fj9yxP7\n      92xhPmKharf6s1L0bxZlZEII6yBSGyGiqB2gyLMlwPD+wzwKWUp9vmZ43P1WL46x\n      84x5IpVgzzcm8m/UMw8Pbj9NrW/MixD4O83oKF0OAqBLgVfJIIInlS2dJYNJ\n      -----END CERTIFICATE-----\n      \u003c/ca\u003e\n      \n      \u003ccert\u003e\n      -----BEGIN CERTIFICATE-----\n      MIIDujCCAqKgAwIBAgIUdHXdMVke6tcfmPOB94sJMpQcHQMwDQYJKoZIhvcNAQEL\n      BQAwEjEQMA4GA1UEAxMHaG9sZS5seTAeFw0xOTAyMjYwNzU5NDJaFw0yMDAyMjYw\n      ODAwMTJaMBYxFDASBgNVBAMTC3Zwbi5ob2xlLmx5MIIBIjANBgkqhkiG9w0BAQEF\n      AAOCAQ8AMIIBCgKCAQEAztUEn8kO+xim3D95ueNVkyK5GKNO3j7XFE9ZtwWvgZpT\n      mnZbX70i4ft2l9GWw5yh2J1Rxj88fKzvXTfD4017yG+IIZClkKcMBHAvbiWvbm17\n      d9lfU5ox4ZBFwSkvdaj0vzRpzy+A4/D8Gu1LzSNrSE4BUxtLWzw/fwau1B8W5WuC\n      0COj6NGXGJaPkm6+5eDjS7LDA5r6sL0vC86SX6/lPlaGvdERtsftycdYKK7qozLK\n      4HQ1LJHGrzN5wh4h2qv1u8Li+mmTd/NPAIpySz/v0kOVD4HGa8Zmd9D/LI2uwfxE\n      DRNq41X5H+mP0Oxw9y2Dz079dXzMwOx7WIIrS02v6wIDAQABo4IBAjCB/zAOBgNV\n      HQ8BAf8EBAMCA6gwHQYDVR0lBBYwFAYIKwYBBQUHAwEGCCsGAQUFBwMCMB0GA1Ud\n      DgQWBBQFzmWrwUljMU5MQV5Rue8fzvabgDAfBgNVHSMEGDAWgBSQDxaAfr37pNOs\n      s4u8G5tOHUrxBDA/BggrBgEFBQcBAQQzMDEwLwYIKwYBBQUHMAKGI2h0dHA6Ly8x\n      MjcuMC4wLjE6ODIwMC92MS9ob2xlX2x5L2NhMBYGA1UdEQQPMA2CC3Zwbi5ob2xl\n      Lmx5MDUGA1UdHwQuMCwwKqAooCaGJGh0dHA6Ly8xMjcuMC4wLjE6ODIwMC92MS9o\n      b2xlX2x5L2NybDANBgkqhkiG9w0BAQsFAAOCAQEAd7ibYAr2x9WpbeuI/dJByTrs\n      /PMf9u16eM+WNaQ9zs2U8R13G2pE15WEkOs9zvXTKBTcVz+LP2x6x8q7cSwt4yVH\n      IiNOwyMJKE/+fZMg77auFL5LeiNSVFuVgfGsku1bn7rpYUNNP+r16MSDmKk3qxMy\n      Vrn5ZlZCpr47Jv1CVUv3LXGLhGb06KSFJ2HhdyAjUmJN8iJ36vYrYG1ByZ4N574G\n      nP0CU9Z1/kTu9CdeilJ4aCmM9yNF3Lh8BE1Cm/qU8czYh/3zTNY+POOpFkFyIYxU\n      DiXFC6//g+++RxhTKugqvvLjUi5nhdEJGCr5u7kZuUid5TU92fC6Rsv6ejq+yg==\n      -----END CERTIFICATE-----\n      \u003c/cert\u003e\n      \n      \u003ckey\u003e\n      -----BEGIN RSA PRIVATE KEY-----\n      MIIEpAIBAAKCAQEAztUEn8kO+xim3D95ueNVkyK5GKNO3j7XFE9ZtwWvgZpTmnZb\n      X70i4ft2l9GWw5yh2J1Rxj88fKzvXTfD4017yG+IIZClkKcMBHAvbiWvbm17d9lf\n      U5ox4ZBFwSkvdaj0vzRpzy+A4/D8Gu1LzSNrSE4BUxtLWzw/fwau1B8W5WuC0COj\n      6NGXGJaPkm6+5eDjS7LDA5r6sL0vC86SX6/lPlaGvdERtsftycdYKK7qozLK4HQ1\n      LJHGrzN5wh4h2qv1u8Li+mmTd/NPAIpySz/v0kOVD4HGa8Zmd9D/LI2uwfxEDRNq\n      41X5H+mP0Oxw9y2Dz079dXzMwOx7WIIrS02v6wIDAQABAoIBAQDNkdkLuvjhxmmp\n      xIkGoZWfLMbNXxr3N3vrmsZvav46ERoBDpvYtxJhit4fHNf8ycPumMX7BUToIbWy\n      b8eJNqzN1VR3D94OvIjsLFhn4JrRZY1u3CSr4jirmQpLZtTd27SOCdkUbIFtjEn1\n      tV4+oHJzpdwZLqqiHmp5pTnEaLYIBB7L2ZLmrZ2tm9QavSK0HPZMxt8Rwp7670RK\n      Gmhw8K/Y9Db5yEoJA9KUf03l+uv4XT3jf0dxIE4/jzAqoccBtjDDBaWIkE+kOBD3\n      WrWU7J2Dw1PSPYDnxkTC6+b0llw46Dst0pKQpbykXsrnY2Y9RRjg3JwNHPtkhDJ4\n      bQ9p4iURAoGBAOhzy2fJHLVWQjKuWsGW8P1dVNzVwubncfxc/smOZuRHP74/e9qT\n      ajLvmE9EZ+P5hA8XJDBeAeiXb/1mDbBoH3pJcdpAbgBdzzupX6Y1a7QpN3xNd7ht\n      IIThUDdwwyb2DXuEauaxy1Vf22cNaUBrwiKdte5j+VUDrAOm6MmQG5TJAoGBAOPI\n      z+vqcVklLexD+TYhQAZnPR49lu2BEmLpnLu0gALpe4OP5lR+0WiNl8a+5fJn0t/c\n      zToEFougXfVk40BfkrWt3XAAvQJiDXLjqxshZQ/zi12Iqk6eFzaw9Ff5HMoyJ6cV\n      eDuNGgr30qS6iufxmEsMHykqd1NO+P9QWkiL//0TAoGANX6Abu//ZVPmhBdP14FP\n      EF+sKe4fnlfhCXy1PdlBoIMtDjE55YFLTVGKMaPCbNp9I6PltiPMOKSxJxWXTOOJ\n      avD//IQbTIZKLKa71low4RMjK74AMTcb5ribZ0bSAmNZkvVUTKbZ7lnS+hJCCItD\n      8AdvWN80//WKXoTIyaoaTtECgYAMgWPY4eAjMsVYqUqvTBgFwfk7BcqZc3Kc95Jh\n      Q8GbZ1IeoPHWRbgdc1iX0rcxHb4YCDlELCFIvR8rb8SCLj0RuF/l3ESEMvnmCtXE\n      AYtY2tgV5IDlHAzONdzUT5rjBuniZG1bZ528aGqqHIuvvDXOOPYk/m3apwVIjxLF\n      1NnS/QKBgQCWbT42IO3pp6YHv3iiST63fb78+JLbxJHyRQpcjq4vbhnGCna07sSi\n      H5LvEfJV/GQO+A04IkGWx36jkhMID5PQEyV4q+4CqYbcb5ndHnQ8vuxeSU1Rt/1X\n      v8o1AJ3ExXMfsdF7jFNGx0cKvQe+Gw9cbyynvmSD1czsFBDK/BR8qw==\n      -----END RSA PRIVATE KEY-----\n      \u003c/key\u003e\n      \n      \u003cdh\u003e\n      -----BEGIN DH PARAMETERS-----\n      MIIBCAKCAQEA12nnx6s2EhU+BNsgBFEX+qOK6Eo8Jr+v25k8rL3WpfhbRCJ112Fv\n      inEB5OSGJs0++1MvyofEv0livHkUxYI/+mMnURnPwSzWKXOH1pXcfKCg3VUKS0KM\n      1T12xgIkZCoU6xgVcFyRRWrI4XDZy0XtN8f1hCxJUcVPk7q3ZdpMxgeg3qHJiaWa\n      Zd9H5SZTDiTeHevTMwba7AutEhHRnlGUwoVRmYn+kuee/WYUQ7I5zqKgeIONueeJ\n      lb5lonPTqaal/feUqxKjcRpjZcg9VCrwLnX4ty03XlWzI44cULm1mZfZBMcoKKVv\n      YOki0R+DcV1GzvMh0llxsLvAoLtkrsQy0wIBAg==\n      -----END DH PARAMETERS-----\n      \u003c/dh\u003e\n      \n      key-direction 0\n      \u003ctls-auth\u003e\n      #\n      # 2048 bit OpenVPN static key\n      #\n      -----BEGIN OpenVPN Static key V1-----\n      c044d1d30f2f30d7afe10cf5724f493e\n      bfd676268bb7145cac7c6a89f053a84b\n      31f289ebaeab9aad8663ff4ce9957faf\n      98b69c9c670c8749b7cfb3a5cd9b4a97\n      ef39bc5d85b20302d87825ec52f48b12\n      7ee66e72d400e79b75239fe130c235f4\n      75be9d734e9c5c1525b3adf82fad8acd\n      4849d72b8d7a9a9af855b71a5c4a636f\n      c2824c4d4bfe60a14aa796563c93ac3f\n      81c731339e10d60640d40dfe7992dcd8\n      f4f5009b8210231bead978ccdc8eae92\n      aca247ff723a1a6a3f8b794df415d11c\n      5b04434cb89ecae1c06caa09448faff1\n      c21fba8312924eb81943046d3f33d45b\n      9ce685cc685598b4fcec0dc5b24fcfac\n      58a87aacb101be9045f1e37c3b4ccb5f\n      -----END OpenVPN Static key V1-----\n      \n      \u003c/tls-auth\u003e"
                        },
                        "meta": {},
                        "tainted": false
                    },
                    "deposed": [],
                    "provider": "provider.template"
                }
            },
            "depends_on": []
        },
        {
            "path": [
                "root",
                "aws_shared"
            ],
            "outputs": {
                "admin_group_name": {
                    "sensitive": false,
                    "type": "string",
                    "value": "Admins"
                },
                "dev_group_name": {
                    "sensitive": false,
                    "type": "string",
                    "value": "Developers"
                }
            },
            "resources": {
                "aws_iam_access_key.emailer_key": {
                    "type": "aws_iam_access_key",
                    "depends_on": [
                        "aws_iam_user.emailer"
                    ],
                    "primary": {
                        "id": "AKIAJLOGCG5KAHWTO7OQ",
                        "attributes": {
                            "id": "AKIAJLOGCG5KAHWTO7OQ",
                            "secret": "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",
                            "ses_smtp_password": "Av5g/qVM238Klc73F57uNyr/DmF7K/TiyFIzZYAWthGO",
                            "status": "Active",
                            "user": "emailer"
                        },
                        "meta": {},
                        "tainted": false
                    },
                    "deposed": [],
                    "provider": "provider.aws"
                },
                "aws_iam_group.admins": {
                    "type": "aws_iam_group",
                    "depends_on": [],
                    "primary": {
                        "id": "admins",
                        "attributes": {
                            "arn": "arn:aws:iam::578925084144:group/Admins",
                            "id": "admins",
                            "name": "Admins",
                            "path": "/",
                            "unique_id": "AGPAIMT2RYQSHBYK6NUA4"
                        },
                        "meta": {},
                        "tainted": false
                    },
                    "deposed": [],
                    "provider": "provider.aws"
                },
                "aws_iam_group.developers": {
                    "type": "aws_iam_group",
                    "depends_on": [],
                    "primary": {
                        "id": "Developers",
                        "attributes": {
                            "arn": "arn:aws:iam::578925084144:group/Developers",
                            "id": "Developers",
                            "name": "Developers",
                            "path": "/",
                            "unique_id": "AGPAJRJGNMMKQRG52ZRBG"
                        },
                        "meta": {},
                        "tainted": false
                    },
                    "deposed": [],
                    "provider": "provider.aws"
                },
                "aws_iam_group.robots": {
                    "type": "aws_iam_group",
                    "depends_on": [],
                    "primary": {
                        "id": "Robots",
                        "attributes": {
                            "arn": "arn:aws:iam::578925084144:group/Robots",
                            "id": "Robots",
                            "name": "Robots",
                            "path": "/",
                            "unique_id": "AGPAJNOFWHOC52JH5KPHC"
                        },
                        "meta": {},
                        "tainted": false
                    },
                    "deposed": [],
                    "provider": "provider.aws"
                },
                "aws_iam_group_policy_attachment.change_password_policy": {
                    "type": "aws_iam_group_policy_attachment",
                    "depends_on": [
                        "aws_iam_group.developers",
                        "data.aws_iam_policy.change_password"
                    ],
                    "primary": {
                        "id": "Developers-20180905205456829500000001",
                        "attributes": {
                            "group": "Developers",
                            "id": "Developers-20180905205456829500000001",
                            "policy_arn": "arn:aws:iam::aws:policy/IAMUserChangePassword"
                        },
                        "meta": {},
                        "tainted": false
                    },
                    "deposed": [],
                    "provider": "provider.aws"
                },
                "aws_iam_group_policy_attachment.developers_admin_policy": {
                    "type": "aws_iam_group_policy_attachment",
                    "depends_on": [
                        "aws_iam_group.developers",
                        "data.aws_iam_policy.administrator"
                    ],
                    "primary": {
                        "id": "Developers-20190301013848813000000003",
                        "attributes": {
                            "group": "Developers",
                            "id": "Developers-20190301013848813000000003",
                            "policy_arn": "arn:aws:iam::aws:policy/AdministratorAccess"
                        },
                        "meta": {},
                        "tainted": false
                    },
                    "deposed": [],
                    "provider": "provider.aws"
                },
                "aws_iam_group_policy_attachment.developers_policy": {
                    "type": "aws_iam_group_policy_attachment",
                    "depends_on": [
                        "aws_iam_group.developers",
                        "data.aws_iam_policy.developers"
                    ],
                    "primary": {
                        "id": "Developers-20180905205456840000000002",
                        "attributes": {
                            "group": "Developers",
                            "id": "Developers-20180905205456840000000002",
                            "policy_arn": "arn:aws:iam::aws:policy/job-function/SystemAdministrator"
                        },
                        "meta": {},
                        "tainted": false
                    },
                    "deposed": [],
                    "provider": "provider.aws"
                },
                "aws_iam_group_policy_attachment.dynamo_db_access": {
                    "type": "aws_iam_group_policy_attachment",
                    "depends_on": [
                        "aws_iam_group.developers",
                        "data.aws_iam_policy.dynamo_db"
                    ],
                    "primary": {
                        "id": "Developers-20190301013848808200000002",
                        "attributes": {
                            "group": "Developers",
                            "id": "Developers-20190301013848808200000002",
                            "policy_arn": "arn:aws:iam::aws:policy/AmazonDynamoDBFullAccess"
                        },
                        "meta": {},
                        "tainted": false
                    },
                    "deposed": [],
                    "provider": "provider.aws"
                },
                "aws_iam_instance_profile.city_host_profile": {
                    "type": "aws_iam_instance_profile",
                    "depends_on": [
                        "aws_iam_role.city_host"
                    ],
                    "primary": {
                        "id": "city_host_profile",
                        "attributes": {
                            "arn": "arn:aws:iam::578925084144:instance-profile/city_host_profile",
                            "create_date": "2018-10-10T21:47:40Z",
                            "id": "city_host_profile",
                            "name": "city_host_profile",
                            "path": "/",
                            "role": "city_host",
                            "roles.#": "1",
                            "roles.745090709": "city_host",
                            "unique_id": "AIPAIM43Z5KBM4FWIGUTY"
                        },
                        "meta": {},
                        "tainted": false
                    },
                    "deposed": [],
                    "provider": "provider.aws"
                },
                "aws_iam_instance_profile.dmz_host_profile": {
                    "type": "aws_iam_instance_profile",
                    "depends_on": [
                        "aws_iam_role.dmz_host"
                    ],
                    "primary": {
                        "id": "dmz_host_profile",
                        "attributes": {
                            "arn": "arn:aws:iam::578925084144:instance-profile/dmz_host_profile",
                            "create_date": "2019-03-01T08:05:22Z",
                            "id": "dmz_host_profile",
                            "name": "dmz_host_profile",
                            "path": "/",
                            "role": "dmz_host",
                            "roles.#": "1",
                            "roles.628876881": "dmz_host",
                            "unique_id": "AIPAIOHJA7AIVY2L5IM4Q"
                        },
                        "meta": {},
                        "tainted": false
                    },
                    "deposed": [],
                    "provider": "provider.aws"
                },
                "aws_iam_instance_profile.lb_host_profile": {
                    "type": "aws_iam_instance_profile",
                    "depends_on": [
                        "aws_iam_role.lb_host"
                    ],
                    "primary": {
                        "id": "lb_host_profile",
                        "attributes": {
                            "arn": "arn:aws:iam::578925084144:instance-profile/lb_host_profile",
                            "create_date": "2019-03-01T19:33:06Z",
                            "id": "lb_host_profile",
                            "name": "lb_host_profile",
                            "path": "/",
                            "role": "lb_host",
                            "roles.#": "1",
                            "roles.3227960133": "lb_host",
                            "unique_id": "AIPAICFQO3SUKXFJMG72E"
                        },
                        "meta": {},
                        "tainted": false
                    },
                    "deposed": [],
                    "provider": "provider.aws"
                },
                "aws_iam_policy.certbot": {
                    "type": "aws_iam_policy",
                    "depends_on": [],
                    "primary": {
                        "id": "arn:aws:iam::578925084144:policy/certbot",
                        "attributes": {
                            "arn": "arn:aws:iam::578925084144:policy/certbot",
                            "description": "Permission Policy for Certbot Auto",
                            "id": "arn:aws:iam::578925084144:policy/certbot",
                            "name": "certbot",
                            "path": "/",
                            "policy": "{\n  \"Version\": \"2012-10-17\",\n  \"Id\": \"certbot-dns-route53 sample policy\",\n  \"Statement\": [\n      {\n          \"Effect\": \"Allow\",\n          \"Action\": [\n              \"route53:ListHostedZones\",\n              \"route53:GetChange\"\n          ],\n          \"Resource\": [\n              \"*\"\n          ]\n      },\n      {\n          \"Effect\" : \"Allow\",\n          \"Action\" : [\n              \"route53:ChangeResourceRecordSets\"\n          ],\n          \"Resource\" : [\n              \"arn:aws:route53:::hostedzone/*\"\n          ]\n      }\n  ]\n}\n"
                        },
                        "meta": {},
                        "tainted": false
                    },
                    "deposed": [],
                    "provider": "provider.aws"
                },
                "aws_iam_policy.city_host": {
                    "type": "aws_iam_policy",
                    "depends_on": [],
                    "primary": {
                        "id": "arn:aws:iam::578925084144:policy/CityHostPolicy",
                        "attributes": {
                            "arn": "arn:aws:iam::578925084144:policy/CityHostPolicy",
                            "description": "Role policy for City Hosts",
                            "id": "arn:aws:iam::578925084144:policy/CityHostPolicy",
                            "name": "CityHostPolicy",
                            "path": "/",
                            "policy": "{\n   \"Version\":\"2012-10-17\",\n   \"Statement\":[\n      {\n         \"Effect\":\"Allow\",\n         \"Action\":[\n            \"ec2:DescribeInstances\",\n            \"iam:GetInstanceProfile\",\n            \"iam:GetUser\",\n            \"iam:GetRole\",\n            \"kms:Encrypt\",\n            \"kms:Decrypt\",\n            \"kms:DescribeKey\",\n            \"dynamodb:*\"\n         ],\n         \"Resource\": \"*\"\n      }\n   ]\n}\n"
                        },
                        "meta": {},
                        "tainted": false
                    },
                    "deposed": [],
                    "provider": "provider.aws"
                },
                "aws_iam_policy.datadog": {
                    "type": "aws_iam_policy",
                    "depends_on": [],
                    "primary": {
                        "id": "arn:aws:iam::578925084144:policy/DatadogAWSIntegrationPolicy",
                        "attributes": {
                            "arn": "arn:aws:iam::578925084144:policy/DatadogAWSIntegrationPolicy",
                            "description": "Access policy for Datadog 3rd Party account access.",
                            "id": "arn:aws:iam::578925084144:policy/DatadogAWSIntegrationPolicy",
                            "name": "DatadogAWSIntegrationPolicy",
                            "path": "/",
                            "policy": "{\n  \"Version\": \"2012-10-17\",\n  \"Statement\": [\n    {\n      \"Action\": [\n        \"autoscaling:Describe*\",\n        \"budgets:ViewBudget\",\n        \"cloudfront:GetDistributionConfig\",\n        \"cloudfront:ListDistributions\",\n        \"cloudtrail:DescribeTrails\",\n        \"cloudtrail:GetTrailStatus\",\n        \"cloudwatch:Describe*\",\n        \"cloudwatch:Get*\",\n        \"cloudwatch:List*\",\n        \"codedeploy:List*\",\n        \"codedeploy:BatchGet*\",\n        \"directconnect:Describe*\",\n        \"dynamodb:List*\",\n        \"dynamodb:Describe*\",\n        \"ec2:Describe*\",\n        \"ecs:Describe*\",\n        \"ecs:List*\",\n        \"elasticache:Describe*\",\n        \"elasticache:List*\",\n        \"elasticfilesystem:DescribeFileSystems\",\n        \"elasticfilesystem:DescribeTags\",\n        \"elasticloadbalancing:Describe*\",\n        \"elasticmapreduce:List*\",\n        \"elasticmapreduce:Describe*\",\n        \"es:ListTags\",\n        \"es:ListDomainNames\",\n        \"es:DescribeElasticsearchDomains\",\n        \"health:DescribeEvents\",\n        \"health:DescribeEventDetails\",\n        \"health:DescribeAffectedEntities\",\n        \"kinesis:List*\",\n        \"kinesis:Describe*\",\n        \"lambda:AddPermission\",\n        \"lambda:GetPolicy\",\n        \"lambda:List*\",\n        \"lambda:RemovePermission\",\n        \"logs:Get*\",\n        \"logs:Describe*\",\n        \"logs:FilterLogEvents\",\n        \"logs:TestMetricFilter\",\n        \"logs:PutSubscriptionFilter\",\n        \"logs:DeleteSubscriptionFilter\",\n        \"logs:DescribeSubscriptionFilters\",\n        \"rds:Describe*\",\n        \"rds:List*\",\n        \"redshift:DescribeClusters\",\n        \"redshift:DescribeLoggingStatus\",\n        \"route53:List*\",\n        \"s3:GetBucketLogging\",\n        \"s3:GetBucketLocation\",\n        \"s3:GetBucketNotification\",\n        \"s3:GetBucketTagging\",\n        \"s3:ListAllMyBuckets\",\n        \"s3:PutBucketNotification\",\n        \"ses:Get*\",\n        \"sns:List*\",\n        \"sns:Publish\",\n        \"sqs:ListQueues\",\n        \"support:*\",\n        \"tag:GetResources\",\n        \"tag:GetTagKeys\",\n        \"tag:GetTagValues\",\n        \"logs:CreateLogGroup\",\n        \"logs:CreateLogStream\",\n        \"logs:DescribeLogGroups\",\n        \"logs:DescribeLogStreams\",\n        \"logs:PutLogEvents\",\n        \"xray:BatchGetTraces\",\n        \"xray:GetTraceSummaries\"\n      ],\n      \"Effect\": \"Allow\",\n      \"Resource\": \"*\"\n    }\n  ]\n}\n"
                        },
                        "meta": {},
                        "tainted": false
                    },
                    "deposed": [],
                    "provider": "provider.aws"
                },
                "aws_iam_policy.emailer": {
                    "type": "aws_iam_policy",
                    "depends_on": [],
                    "primary": {
                        "id": "arn:aws:iam::578925084144:policy/emailer",
                        "attributes": {
                            "arn": "arn:aws:iam::578925084144:policy/emailer",
                            "description": "Permission Policy for sending email via SES",
                            "id": "arn:aws:iam::578925084144:policy/emailer",
                            "name": "emailer",
                            "path": "/",
                            "policy": "{\n  \"Version\": \"2012-10-17\",\n  \"Statement\": [\n    {\n      \"Effect\": \"Allow\",\n      \"Action\": \"ses:SendRawEmail\",\n      \"Resource\": \"*\"\n    }\n  ]\n}\n"
                        },
                        "meta": {},
                        "tainted": false
                    },
                    "deposed": [],
                    "provider": "provider.aws"
                },
                "aws_iam_policy.vault_policy": {
                    "type": "aws_iam_policy",
                    "depends_on": [
                        "data.aws_caller_identity.current"
                    ],
                    "primary": {
                        "id": "arn:aws:iam::578925084144:policy/vault",
                        "attributes": {
                            "arn": "arn:aws:iam::578925084144:policy/vault",
                            "description": "Role policy for Vault AWS Secret Issuer",
                            "id": "arn:aws:iam::578925084144:policy/vault",
                            "name": "vault",
                            "path": "/",
                            "policy": "{\n  \"Version\": \"2012-10-17\",\n  \"Id\": \"vault-aws secret issuer policy\",\n  \"Statement\": [\n    {\n      \"Effect\": \"Allow\",\n      \"Action\": [\n        \"iam:AttachUserPolicy\",\n        \"iam:CreateAccessKey\",\n        \"iam:CreateUser\",\n        \"iam:DeleteAccessKey\",\n        \"iam:DeleteUser\",\n        \"iam:DeleteUserPolicy\",\n        \"iam:DetachUserPolicy\",\n        \"iam:ListAccessKeys\",\n        \"iam:ListAttachedUserPolicies\",\n        \"iam:ListGroupsForUser\",\n        \"iam:ListUserPolicies\",\n        \"iam:PutUserPolicy\",\n        \"iam:RemoveUserFromGroup\"\n      ],\n      \"Resource\": [\n        \"arn:aws:iam::578925084144:user/vault-*\"\n      ]\n    }\n  ]\n}\n"
                        },
                        "meta": {},
                        "tainted": false
                    },
                    "deposed": [],
                    "provider": "provider.aws"
                },
                "aws_iam_policy.vmimport": {
                    "type": "aws_iam_policy",
                    "depends_on": [
                        "aws_s3_bucket.city_amis"
                    ],
                    "primary": {
                        "id": "arn:aws:iam::578925084144:policy/vmimport",
                        "attributes": {
                            "arn": "arn:aws:iam::578925084144:policy/vmimport",
                            "description": "Role policy for VMIE Amazon Service.",
                            "id": "arn:aws:iam::578925084144:policy/vmimport",
                            "name": "vmimport",
                            "path": "/",
                            "policy": "{\n   \"Version\":\"2012-10-17\",\n   \"Statement\":[\n      {\n         \"Effect\":\"Allow\",\n         \"Action\":[\n            \"s3:GetBucketLocation\",\n            \"s3:GetObject\",\n            \"s3:ListBucket\"\n         ],\n         \"Resource\":[\n            \"arn:aws:s3:::city-amis\",\n            \"arn:aws:s3:::city-amis/*\"\n         ]\n      },\n      {\n         \"Effect\":\"Allow\",\n         \"Action\":[\n            \"ec2:ModifySnapshotAttribute\",\n            \"ec2:CopySnapshot\",\n            \"ec2:RegisterImage\",\n            \"ec2:Describe*\"\n         ],\n         \"Resource\":\"*\"\n      }\n   ]\n}\n"
                        },
                        "meta": {},
                        "tainted": false
                    },
                    "deposed": [],
                    "provider": "provider.aws"
                },
                "aws_iam_role.city_host": {
                    "type": "aws_iam_role",
                    "depends_on": [],
                    "primary": {
                        "id": "city_host",
                        "attributes": {
                            "arn": "arn:aws:iam::578925084144:role/city_host",
                            "assume_role_policy": "{\"Version\":\"2012-10-17\",\"Statement\":[{\"Effect\":\"Allow\",\"Principal\":{\"Service\":\"ec2.amazonaws.com\"},\"Action\":\"sts:AssumeRole\"}]}",
                            "create_date": "2018-10-10T21:47:39Z",
                            "description": "IAM Role for City Host machines",
                            "force_detach_policies": "false",
                            "id": "city_host",
                            "max_session_duration": "3600",
                            "name": "city_host",
                            "path": "/",
                            "tags.%": "0",
                            "unique_id": "AROAICZT37B4FLICPHPQ4"
                        },
                        "meta": {},
                        "tainted": false
                    },
                    "deposed": [],
                    "provider": "provider.aws"
                },
                "aws_iam_role.datadog": {
                    "type": "aws_iam_role",
                    "depends_on": [],
                    "primary": {
                        "id": "DatadogAWSIntegrationRole",
                        "attributes": {
                            "arn": "arn:aws:iam::578925084144:role/DatadogAWSIntegrationRole",
                            "assume_role_policy": "{\"Version\":\"2012-10-17\",\"Statement\":[{\"Effect\":\"Allow\",\"Principal\":{\"AWS\":\"arn:aws:iam::464622532012:root\"},\"Action\":\"sts:AssumeRole\",\"Condition\":{\"StringEquals\":{\"sts:ExternalId\":\"7c3ffe5d059646d5962f7301cae37c7a\"}}}]}",
                            "create_date": "2018-10-01T20:13:42Z",
                            "description": "3rd Party role for Datadog External Integration",
                            "force_detach_policies": "false",
                            "id": "DatadogAWSIntegrationRole",
                            "max_session_duration": "3600",
                            "name": "DatadogAWSIntegrationRole",
                            "path": "/",
                            "tags.%": "0",
                            "unique_id": "AROAIHGWFYX7BCSW6WORM"
                        },
                        "meta": {},
                        "tainted": false
                    },
                    "deposed": [],
                    "provider": "provider.aws"
                },
                "aws_iam_role.dmz_host": {
                    "type": "aws_iam_role",
                    "depends_on": [],
                    "primary": {
                        "id": "dmz_host",
                        "attributes": {
                            "arn": "arn:aws:iam::578925084144:role/dmz_host",
                            "assume_role_policy": "{\"Version\":\"2012-10-17\",\"Statement\":[{\"Effect\":\"Allow\",\"Principal\":{\"Service\":\"ec2.amazonaws.com\"},\"Action\":\"sts:AssumeRole\"}]}",
                            "create_date": "2019-03-01T08:05:21Z",
                            "description": "IAM Role for City Host machines",
                            "force_detach_policies": "false",
                            "id": "dmz_host",
                            "max_session_duration": "3600",
                            "name": "dmz_host",
                            "path": "/",
                            "tags.%": "0",
                            "unique_id": "AROAIM3F5CKGNNOV5FBJI"
                        },
                        "meta": {},
                        "tainted": false
                    },
                    "deposed": [],
                    "provider": "provider.aws"
                },
                "aws_iam_role.lb_host": {
                    "type": "aws_iam_role",
                    "depends_on": [],
                    "primary": {
                        "id": "lb_host",
                        "attributes": {
                            "arn": "arn:aws:iam::578925084144:role/lb_host",
                            "assume_role_policy": "{\"Version\":\"2012-10-17\",\"Statement\":[{\"Effect\":\"Allow\",\"Principal\":{\"Service\":\"ec2.amazonaws.com\"},\"Action\":\"sts:AssumeRole\"}]}",
                            "create_date": "2019-03-01T19:33:05Z",
                            "description": "IAM Role for LB Host machines",
                            "force_detach_policies": "false",
                            "id": "lb_host",
                            "max_session_duration": "3600",
                            "name": "lb_host",
                            "path": "/",
                            "tags.%": "0",
                            "unique_id": "AROAJ6CLV6Y2MG3F425M4"
                        },
                        "meta": {},
                        "tainted": false
                    },
                    "deposed": [],
                    "provider": "provider.aws"
                },
                "aws_iam_role.vmimport": {
                    "type": "aws_iam_role",
                    "depends_on": [],
                    "primary": {
                        "id": "vmimport",
                        "attributes": {
                            "arn": "arn:aws:iam::578925084144:role/vmimport",
                            "assume_role_policy": "{\"Version\":\"2012-10-17\",\"Statement\":[{\"Effect\":\"Allow\",\"Principal\":{\"Service\":\"vmie.amazonaws.com\"},\"Action\":\"sts:AssumeRole\",\"Condition\":{\"StringEquals\":{\"sts:Externalid\":\"vmimport\"}}}]}",
                            "create_date": "2018-10-03T22:22:32Z",
                            "description": "3rd Party role for Amazon AMI via OVF Creator",
                            "force_detach_policies": "false",
                            "id": "vmimport",
                            "max_session_duration": "3600",
                            "name": "vmimport",
                            "path": "/",
                            "tags.%": "0",
                            "unique_id": "AROAIZ4ZKOQYTLOLHVS7Y"
                        },
                        "meta": {},
                        "tainted": false
                    },
                    "deposed": [],
                    "provider": "provider.aws"
                },
                "aws_iam_role_policy_attachment.city_host_policy_attach": {
                    "type": "aws_iam_role_policy_attachment",
                    "depends_on": [
                        "aws_iam_policy.city_host",
                        "aws_iam_role.city_host"
                    ],
                    "primary": {
                        "id": "city_host-20181010214740282600000001",
                        "attributes": {
                            "id": "city_host-20181010214740282600000001",
                            "policy_arn": "arn:aws:iam::578925084144:policy/CityHostPolicy",
                            "role": "city_host"
                        },
                        "meta": {},
                        "tainted": false
                    },
                    "deposed": [],
                    "provider": "provider.aws"
                },
                "aws_iam_role_policy_attachment.datadog_policy_attach": {
                    "type": "aws_iam_role_policy_attachment",
                    "depends_on": [
                        "aws_iam_policy.datadog",
                        "aws_iam_role.datadog"
                    ],
                    "primary": {
                        "id": "DatadogAWSIntegrationRole-20181001212908673800000001",
                        "attributes": {
                            "id": "DatadogAWSIntegrationRole-20181001212908673800000001",
                            "policy_arn": "arn:aws:iam::578925084144:policy/DatadogAWSIntegrationPolicy",
                            "role": "DatadogAWSIntegrationRole"
                        },
                        "meta": {},
                        "tainted": false
                    },
                    "deposed": [],
                    "provider": "provider.aws"
                },
                "aws_iam_role_policy_attachment.dmz_vault_policy_attach": {
                    "type": "aws_iam_role_policy_attachment",
                    "depends_on": [
                        "aws_iam_policy.vault_policy",
                        "aws_iam_role.dmz_host"
                    ],
                    "primary": {
                        "id": "dmz_host-20190301080522544700000002",
                        "attributes": {
                            "id": "dmz_host-20190301080522544700000002",
                            "policy_arn": "arn:aws:iam::578925084144:policy/vault",
                            "role": "dmz_host"
                        },
                        "meta": {},
                        "tainted": false
                    },
                    "deposed": [],
                    "provider": "provider.aws"
                },
                "aws_iam_role_policy_attachment.vault_city_host_policy_attach": {
                    "type": "aws_iam_role_policy_attachment",
                    "depends_on": [
                        "aws_iam_policy.city_host",
                        "aws_iam_role.dmz_host"
                    ],
                    "primary": {
                        "id": "dmz_host-20190301080522548500000003",
                        "attributes": {
                            "id": "dmz_host-20190301080522548500000003",
                            "policy_arn": "arn:aws:iam::578925084144:policy/CityHostPolicy",
                            "role": "dmz_host"
                        },
                        "meta": {},
                        "tainted": false
                    },
                    "deposed": [],
                    "provider": "provider.aws"
                },
                "aws_iam_role_policy_attachment.vmimport_policy_attach": {
                    "type": "aws_iam_role_policy_attachment",
                    "depends_on": [
                        "aws_iam_policy.vmimport",
                        "aws_iam_role.vmimport"
                    ],
                    "primary": {
                        "id": "vmimport-20181003222312554500000001",
                        "attributes": {
                            "id": "vmimport-20181003222312554500000001",
                            "policy_arn": "arn:aws:iam::578925084144:policy/vmimport",
                            "role": "vmimport"
                        },
                        "meta": {},
                        "tainted": false
                    },
                    "deposed": [],
                    "provider": "provider.aws"
                },
                "aws_iam_user.certbot": {
                    "type": "aws_iam_user",
                    "depends_on": [],
                    "primary": {
                        "id": "certbot",
                        "attributes": {
                            "arn": "arn:aws:iam::578925084144:user/certbot",
                            "force_destroy": "false",
                            "id": "certbot",
                            "name": "certbot",
                            "path": "/",
                            "tags.%": "1",
                            "tags.Substrate": "silicon",
                            "unique_id": "AIDAJJB22E3PJOAEAE6N6"
                        },
                        "meta": {},
                        "tainted": false
                    },
                    "deposed": [],
                    "provider": "provider.aws"
                },
                "aws_iam_user.emailer": {
                    "type": "aws_iam_user",
                    "depends_on": [],
                    "primary": {
                        "id": "emailer",
                        "attributes": {
                            "arn": "arn:aws:iam::578925084144:user/emailer",
                            "force_destroy": "false",
                            "id": "emailer",
                            "name": "emailer",
                            "path": "/",
                            "tags.%": "1",
                            "tags.Substrate": "silicon",
                            "unique_id": "AIDAIETXCTQ5CKXJROCH4"
                        },
                        "meta": {},
                        "tainted": false
                    },
                    "deposed": [],
                    "provider": "provider.aws"
                },
                "aws_iam_user_group_membership.certbot_user_groups": {
                    "type": "aws_iam_user_group_membership",
                    "depends_on": [
                        "aws_iam_group.robots",
                        "aws_iam_user.certbot"
                    ],
                    "primary": {
                        "id": "terraform-20190301013848808200000001",
                        "attributes": {
                            "groups.#": "1",
                            "groups.3067239050": "Robots",
                            "id": "terraform-20190301013848808200000001",
                            "user": "certbot"
                        },
                        "meta": {},
                        "tainted": false
                    },
                    "deposed": [],
                    "provider": "provider.aws"
                },
                "aws_iam_user_group_membership.emailer_user_groups": {
                    "type": "aws_iam_user_group_membership",
                    "depends_on": [
                        "aws_iam_group.robots",
                        "aws_iam_user.emailer"
                    ],
                    "primary": {
                        "id": "terraform-20190207230856638300000001",
                        "attributes": {
                            "groups.#": "1",
                            "groups.3067239050": "Robots",
                            "id": "terraform-20190207230856638300000001",
                            "user": "emailer"
                        },
                        "meta": {},
                        "tainted": false
                    },
                    "deposed": [],
                    "provider": "provider.aws"
                },
                "aws_iam_user_policy_attachment.certbot_certbot_policy_attach": {
                    "type": "aws_iam_user_policy_attachment",
                    "depends_on": [
                        "aws_iam_policy.certbot",
                        "aws_iam_user.certbot"
                    ],
                    "primary": {
                        "id": "certbot-20190301080521561400000001",
                        "attributes": {
                            "id": "certbot-20190301080521561400000001",
                            "policy_arn": "arn:aws:iam::578925084144:policy/certbot",
                            "user": "certbot"
                        },
                        "meta": {},
                        "tainted": false
                    },
                    "deposed": [],
                    "provider": "provider.aws"
                },
                "aws_iam_user_policy_attachment.emailer_emailer_policy_attach": {
                    "type": "aws_iam_user_policy_attachment",
                    "depends_on": [
                        "aws_iam_policy.emailer",
                        "aws_iam_user.emailer"
                    ],
                    "primary": {
                        "id": "emailer-20190207230857152900000004",
                        "attributes": {
                            "id": "emailer-20190207230857152900000004",
                            "policy_arn": "arn:aws:iam::578925084144:policy/emailer",
                            "user": "emailer"
                        },
                        "meta": {},
                        "tainted": false
                    },
                    "deposed": [],
                    "provider": "provider.aws"
                },
                "aws_route53_record.holepunch_amazonses_dkim_verification_record.0": {
                    "type": "aws_route53_record",
                    "depends_on": [
                        "aws_ses_domain_dkim.holepunch",
                        "data.aws_route53_zone.holepunch"
                    ],
                    "primary": {
                        "id": "Z10VFH9XKGGMVE_wrernrkw7mejuhfjv6ajkxjh47fcbyob._domainkey.holepunch.io_CNAME",
                        "attributes": {
                            "allow_overwrite": "true",
                            "fqdn": "wrernrkw7mejuhfjv6ajkxjh47fcbyob._domainkey.holepunch.io",
                            "health_check_id": "",
                            "id": "Z10VFH9XKGGMVE_wrernrkw7mejuhfjv6ajkxjh47fcbyob._domainkey.holepunch.io_CNAME",
                            "name": "wrernrkw7mejuhfjv6ajkxjh47fcbyob._domainkey.holepunch.io",
                            "records.#": "1",
                            "records.1520044043": "wrernrkw7mejuhfjv6ajkxjh47fcbyob.dkim.amazonses.com",
                            "set_identifier": "",
                            "ttl": "1800",
                            "type": "CNAME",
                            "zone_id": "Z10VFH9XKGGMVE"
                        },
                        "meta": {
                            "schema_version": "2"
                        },
                        "tainted": false
                    },
                    "deposed": [],
                    "provider": "provider.aws"
                },
                "aws_route53_record.holepunch_amazonses_dkim_verification_record.1": {
                    "type": "aws_route53_record",
                    "depends_on": [
                        "aws_ses_domain_dkim.holepunch",
                        "data.aws_route53_zone.holepunch"
                    ],
                    "primary": {
                        "id": "Z10VFH9XKGGMVE_rzmmcy52qhwp3zkwgouvigtr6evcwvqx._domainkey.holepunch.io_CNAME",
                        "attributes": {
                            "allow_overwrite": "true",
                            "fqdn": "rzmmcy52qhwp3zkwgouvigtr6evcwvqx._domainkey.holepunch.io",
                            "health_check_id": "",
                            "id": "Z10VFH9XKGGMVE_rzmmcy52qhwp3zkwgouvigtr6evcwvqx._domainkey.holepunch.io_CNAME",
                            "name": "rzmmcy52qhwp3zkwgouvigtr6evcwvqx._domainkey.holepunch.io",
                            "records.#": "1",
                            "records.3235536193": "rzmmcy52qhwp3zkwgouvigtr6evcwvqx.dkim.amazonses.com",
                            "set_identifier": "",
                            "ttl": "1800",
                            "type": "CNAME",
                            "zone_id": "Z10VFH9XKGGMVE"
                        },
                        "meta": {
                            "schema_version": "2"
                        },
                        "tainted": false
                    },
                    "deposed": [],
                    "provider": "provider.aws"
                },
                "aws_route53_record.holepunch_amazonses_dkim_verification_record.2": {
                    "type": "aws_route53_record",
                    "depends_on": [
                        "aws_ses_domain_dkim.holepunch",
                        "data.aws_route53_zone.holepunch"
                    ],
                    "primary": {
                        "id": "Z10VFH9XKGGMVE_xupctooy4fgi5yw2wcmcc4ewhmriuxeb._domainkey.holepunch.io_CNAME",
                        "attributes": {
                            "allow_overwrite": "true",
                            "fqdn": "xupctooy4fgi5yw2wcmcc4ewhmriuxeb._domainkey.holepunch.io",
                            "health_check_id": "",
                            "id": "Z10VFH9XKGGMVE_xupctooy4fgi5yw2wcmcc4ewhmriuxeb._domainkey.holepunch.io_CNAME",
                            "name": "xupctooy4fgi5yw2wcmcc4ewhmriuxeb._domainkey.holepunch.io",
                            "records.#": "1",
                            "records.310171686": "xupctooy4fgi5yw2wcmcc4ewhmriuxeb.dkim.amazonses.com",
                            "set_identifier": "",
                            "ttl": "1800",
                            "type": "CNAME",
                            "zone_id": "Z10VFH9XKGGMVE"
                        },
                        "meta": {
                            "schema_version": "2"
                        },
                        "tainted": false
                    },
                    "deposed": [],
                    "provider": "provider.aws"
                },
                "aws_route53_record.holepunch_amazonses_verification_record": {
                    "type": "aws_route53_record",
                    "depends_on": [
                        "aws_ses_domain_identity.holepunch",
                        "data.aws_route53_zone.holepunch"
                    ],
                    "primary": {
                        "id": "Z10VFH9XKGGMVE__amazonses.holepunch.io_TXT",
                        "attributes": {
                            "allow_overwrite": "true",
                            "fqdn": "_amazonses.holepunch.io",
                            "health_check_id": "",
                            "id": "Z10VFH9XKGGMVE__amazonses.holepunch.io_TXT",
                            "name": "_amazonses.holepunch.io",
                            "records.#": "1",
                            "records.2271820148": "dijMbk1exOEqR3hBUennSHceVFACtKlAQb/iglSfEBg=",
                            "set_identifier": "",
                            "ttl": "1800",
                            "type": "TXT",
                            "zone_id": "Z10VFH9XKGGMVE"
                        },
                        "meta": {
                            "schema_version": "2"
                        },
                        "tainted": false
                    },
                    "deposed": [],
                    "provider": "provider.aws"
                },
                "aws_route53_record.orbtestenv_amazonses_dkim_verification_record.0": {
                    "type": "aws_route53_record",
                    "depends_on": [
                        "aws_route53_zone.orbtestenv",
                        "aws_ses_domain_dkim.holepunch"
                    ],
                    "primary": {
                        "id": "Z1Q9VRSZLTY49X_wrernrkw7mejuhfjv6ajkxjh47fcbyob._domainkey.orbtestenv.net_CNAME",
                        "attributes": {
                            "allow_overwrite": "true",
                            "fqdn": "wrernrkw7mejuhfjv6ajkxjh47fcbyob._domainkey.orbtestenv.net",
                            "health_check_id": "",
                            "id": "Z1Q9VRSZLTY49X_wrernrkw7mejuhfjv6ajkxjh47fcbyob._domainkey.orbtestenv.net_CNAME",
                            "name": "wrernrkw7mejuhfjv6ajkxjh47fcbyob._domainkey.orbtestenv.net",
                            "records.#": "1",
                            "records.1520044043": "wrernrkw7mejuhfjv6ajkxjh47fcbyob.dkim.amazonses.com",
                            "set_identifier": "",
                            "ttl": "1800",
                            "type": "CNAME",
                            "zone_id": "Z1Q9VRSZLTY49X"
                        },
                        "meta": {
                            "schema_version": "2"
                        },
                        "tainted": false
                    },
                    "deposed": [],
                    "provider": "provider.aws"
                },
                "aws_route53_record.orbtestenv_amazonses_dkim_verification_record.1": {
                    "type": "aws_route53_record",
                    "depends_on": [
                        "aws_route53_zone.orbtestenv",
                        "aws_ses_domain_dkim.holepunch"
                    ],
                    "primary": {
                        "id": "Z1Q9VRSZLTY49X_rzmmcy52qhwp3zkwgouvigtr6evcwvqx._domainkey.orbtestenv.net_CNAME",
                        "attributes": {
                            "allow_overwrite": "true",
                            "fqdn": "rzmmcy52qhwp3zkwgouvigtr6evcwvqx._domainkey.orbtestenv.net",
                            "health_check_id": "",
                            "id": "Z1Q9VRSZLTY49X_rzmmcy52qhwp3zkwgouvigtr6evcwvqx._domainkey.orbtestenv.net_CNAME",
                            "name": "rzmmcy52qhwp3zkwgouvigtr6evcwvqx._domainkey.orbtestenv.net",
                            "records.#": "1",
                            "records.3235536193": "rzmmcy52qhwp3zkwgouvigtr6evcwvqx.dkim.amazonses.com",
                            "set_identifier": "",
                            "ttl": "1800",
                            "type": "CNAME",
                            "zone_id": "Z1Q9VRSZLTY49X"
                        },
                        "meta": {
                            "schema_version": "2"
                        },
                        "tainted": false
                    },
                    "deposed": [],
                    "provider": "provider.aws"
                },
                "aws_route53_record.orbtestenv_amazonses_dkim_verification_record.2": {
                    "type": "aws_route53_record",
                    "depends_on": [
                        "aws_route53_zone.orbtestenv",
                        "aws_ses_domain_dkim.holepunch"
                    ],
                    "primary": {
                        "id": "Z1Q9VRSZLTY49X_xupctooy4fgi5yw2wcmcc4ewhmriuxeb._domainkey.orbtestenv.net_CNAME",
                        "attributes": {
                            "allow_overwrite": "true",
                            "fqdn": "xupctooy4fgi5yw2wcmcc4ewhmriuxeb._domainkey.orbtestenv.net",
                            "health_check_id": "",
                            "id": "Z1Q9VRSZLTY49X_xupctooy4fgi5yw2wcmcc4ewhmriuxeb._domainkey.orbtestenv.net_CNAME",
                            "name": "xupctooy4fgi5yw2wcmcc4ewhmriuxeb._domainkey.orbtestenv.net",
                            "records.#": "1",
                            "records.310171686": "xupctooy4fgi5yw2wcmcc4ewhmriuxeb.dkim.amazonses.com",
                            "set_identifier": "",
                            "ttl": "1800",
                            "type": "CNAME",
                            "zone_id": "Z1Q9VRSZLTY49X"
                        },
                        "meta": {
                            "schema_version": "2"
                        },
                        "tainted": false
                    },
                    "deposed": [],
                    "provider": "provider.aws"
                },
                "aws_route53_record.orbtestenv_amazonses_verification_record": {
                    "type": "aws_route53_record",
                    "depends_on": [
                        "aws_route53_zone.orbtestenv",
                        "aws_ses_domain_identity.orbtestenv"
                    ],
                    "primary": {
                        "id": "Z1Q9VRSZLTY49X__amazonses.orbtestenv.net_TXT",
                        "attributes": {
                            "allow_overwrite": "true",
                            "fqdn": "_amazonses.orbtestenv.net",
                            "health_check_id": "",
                            "id": "Z1Q9VRSZLTY49X__amazonses.orbtestenv.net_TXT",
                            "name": "_amazonses.orbtestenv.net",
                            "records.#": "1",
                            "records.1842160027": "3uhZ443Ry5+E2WahkwQ/gCfEFWvoPX6zPZcyKmLsQB8=",
                            "set_identifier": "",
                            "ttl": "1800",
                            "type": "TXT",
                            "zone_id": "Z1Q9VRSZLTY49X"
                        },
                        "meta": {
                            "schema_version": "2"
                        },
                        "tainted": false
                    },
                    "deposed": [],
                    "provider": "provider.aws"
                },
                "aws_route53_zone.hole_ly": {
                    "type": "aws_route53_zone",
                    "depends_on": [],
                    "primary": {
                        "id": "ZK8HTWBI5371M",
                        "attributes": {
                            "comment": "Managed by Terraform",
                            "delegation_set_id": "",
                            "force_destroy": "false",
                            "id": "ZK8HTWBI5371M",
                            "name": "hole.ly.",
                            "name_servers.#": "4",
                            "name_servers.0": "ns-1029.awsdns-00.org",
                            "name_servers.1": "ns-1796.awsdns-32.co.uk",
                            "name_servers.2": "ns-21.awsdns-02.com",
                            "name_servers.3": "ns-791.awsdns-34.net",
                            "tags.%": "0",
                            "vpc.#": "0",
                            "vpc_id": "",
                            "vpc_region": "",
                            "zone_id": "ZK8HTWBI5371M"
                        },
                        "meta": {},
                        "tainted": false
                    },
                    "deposed": [],
                    "provider": "provider.aws"
                },
                "aws_route53_zone.holepunch": {
                    "type": "aws_route53_zone",
                    "depends_on": [],
                    "primary": {
                        "id": "Z10VFH9XKGGMVE",
                        "attributes": {
                            "comment": "Managed by Terraform",
                            "delegation_set_id": "",
                            "force_destroy": "false",
                            "id": "Z10VFH9XKGGMVE",
                            "name": "holepunch.io.",
                            "name_servers.#": "4",
                            "name_servers.0": "ns-1436.awsdns-51.org",
                            "name_servers.1": "ns-1627.awsdns-11.co.uk",
                            "name_servers.2": "ns-412.awsdns-51.com",
                            "name_servers.3": "ns-842.awsdns-41.net",
                            "tags.%": "0",
                            "vpc.#": "0",
                            "vpc_id": "",
                            "vpc_region": "",
                            "zone_id": "Z10VFH9XKGGMVE"
                        },
                        "meta": {},
                        "tainted": false
                    },
                    "deposed": [],
                    "provider": "provider.aws"
                },
                "aws_route53_zone.orbtestenv": {
                    "type": "aws_route53_zone",
                    "depends_on": [],
                    "primary": {
                        "id": "Z1Q9VRSZLTY49X",
                        "attributes": {
                            "comment": "Managed by Terraform",
                            "delegation_set_id": "",
                            "force_destroy": "false",
                            "id": "Z1Q9VRSZLTY49X",
                            "name": "orbtestenv.net.",
                            "name_servers.#": "4",
                            "name_servers.0": "ns-1030.awsdns-00.org",
                            "name_servers.1": "ns-128.awsdns-16.com",
                            "name_servers.2": "ns-1576.awsdns-05.co.uk",
                            "name_servers.3": "ns-973.awsdns-57.net",
                            "tags.%": "0",
                            "vpc.#": "0",
                            "vpc_id": "",
                            "vpc_region": "",
                            "zone_id": "Z1Q9VRSZLTY49X"
                        },
                        "meta": {},
                        "tainted": false
                    },
                    "deposed": [],
                    "provider": "provider.aws"
                },
                "aws_route53_zone.testinghole": {
                    "type": "aws_route53_zone",
                    "depends_on": [],
                    "primary": {
                        "id": "ZL4TTKYD8B75T",
                        "attributes": {
                            "comment": "Managed by Terraform",
                            "delegation_set_id": "",
                            "force_destroy": "false",
                            "id": "ZL4TTKYD8B75T",
                            "name": "testinghole.com.",
                            "name_servers.#": "4",
                            "name_servers.0": "ns-1433.awsdns-51.org",
                            "name_servers.1": "ns-1755.awsdns-27.co.uk",
                            "name_servers.2": "ns-25.awsdns-03.com",
                            "name_servers.3": "ns-852.awsdns-42.net",
                            "tags.%": "0",
                            "vpc.#": "0",
                            "vpc_id": "",
                            "vpc_region": "",
                            "zone_id": "ZL4TTKYD8B75T"
                        },
                        "meta": {},
                        "tainted": false
                    },
                    "deposed": [],
                    "provider": "provider.aws"
                },
                "aws_s3_bucket.city_amis": {
                    "type": "aws_s3_bucket",
                    "depends_on": [],
                    "primary": {
                        "id": "city-amis",
                        "attributes": {
                            "acceleration_status": "",
                            "acl": "private",
                            "arn": "arn:aws:s3:::city-amis",
                            "bucket": "city-amis",
                            "bucket_domain_name": "city-amis.s3.amazonaws.com",
                            "bucket_regional_domain_name": "city-amis.s3.us-west-2.amazonaws.com",
                            "cors_rule.#": "0",
                            "force_destroy": "false",
                            "hosted_zone_id": "Z3BJ6K6RIION7M",
                            "id": "city-amis",
                            "lifecycle_rule.#": "0",
                            "logging.#": "0",
                            "object_lock_configuration.#": "0",
                            "region": "us-west-2",
                            "replication_configuration.#": "0",
                            "request_payer": "BucketOwner",
                            "server_side_encryption_configuration.#": "0",
                            "tags.%": "3",
                            "tags.District": "city",
                            "tags.Name": "Userland City AMIs",
                            "tags.Usage": "infra",
                            "versioning.#": "1",
                            "versioning.0.enabled": "false",
                            "versioning.0.mfa_delete": "false",
                            "website.#": "0"
                        },
                        "meta": {},
                        "tainted": false
                    },
                    "deposed": [],
                    "provider": "provider.aws"
                },
                "aws_ses_domain_dkim.holepunch": {
                    "type": "aws_ses_domain_dkim",
                    "depends_on": [
                        "aws_ses_domain_identity.holepunch"
                    ],
                    "primary": {
                        "id": "holepunch.io",
                        "attributes": {
                            "dkim_tokens.#": "3",
                            "dkim_tokens.0": "wrernrkw7mejuhfjv6ajkxjh47fcbyob",
                            "dkim_tokens.1": "rzmmcy52qhwp3zkwgouvigtr6evcwvqx",
                            "dkim_tokens.2": "xupctooy4fgi5yw2wcmcc4ewhmriuxeb",
                            "domain": "holepunch.io",
                            "id": "holepunch.io"
                        },
                        "meta": {},
                        "tainted": false
                    },
                    "deposed": [],
                    "provider": "provider.aws"
                },
                "aws_ses_domain_dkim.orbtestenv": {
                    "type": "aws_ses_domain_dkim",
                    "depends_on": [
                        "aws_ses_domain_identity.orbtestenv"
                    ],
                    "primary": {
                        "id": "orbtestenv.net",
                        "attributes": {
                            "dkim_tokens.#": "3",
                            "dkim_tokens.0": "wlcozge2stuswawtjpd3od6lejbqn5qn",
                            "dkim_tokens.1": "6uu3hccejeoz4i6u25wzbqma4bssgzif",
                            "dkim_tokens.2": "kf6omtkscaojqhb6lfntxgwtvk5726xi",
                            "domain": "orbtestenv.net",
                            "id": "orbtestenv.net"
                        },
                        "meta": {},
                        "tainted": false
                    },
                    "deposed": [],
                    "provider": "provider.aws"
                },
                "aws_ses_domain_identity.holepunch": {
                    "type": "aws_ses_domain_identity",
                    "depends_on": [],
                    "primary": {
                        "id": "holepunch.io",
                        "attributes": {
                            "arn": "arn:aws:ses:us-west-2:578925084144:identity/holepunch.io",
                            "domain": "holepunch.io",
                            "id": "holepunch.io",
                            "verification_token": "dijMbk1exOEqR3hBUennSHceVFACtKlAQb/iglSfEBg="
                        },
                        "meta": {},
                        "tainted": false
                    },
                    "deposed": [],
                    "provider": "provider.aws"
                },
                "aws_ses_domain_identity.orbtestenv": {
                    "type": "aws_ses_domain_identity",
                    "depends_on": [],
                    "primary": {
                        "id": "orbtestenv.net",
                        "attributes": {
                            "arn": "arn:aws:ses:us-west-2:578925084144:identity/orbtestenv.net",
                            "domain": "orbtestenv.net",
                            "id": "orbtestenv.net",
                            "verification_token": "3uhZ443Ry5+E2WahkwQ/gCfEFWvoPX6zPZcyKmLsQB8="
                        },
                        "meta": {},
                        "tainted": false
                    },
                    "deposed": [],
                    "provider": "provider.aws"
                },
                "data.aws_caller_identity.current": {
                    "type": "aws_caller_identity",
                    "depends_on": [],
                    "primary": {
                        "id": "2019-03-08 01:05:58.731864 +0000 UTC",
                        "attributes": {
                            "account_id": "578925084144",
                            "arn": "arn:aws:iam::578925084144:user/prater@userland.tech",
                            "id": "2019-03-08 01:05:58.731864 +0000 UTC",
                            "user_id": "AIDAJJ5GJRF457X2YVG4S"
                        },
                        "meta": {},
                        "tainted": false
                    },
                    "deposed": [],
                    "provider": "provider.aws"
                },
                "data.aws_iam_policy.administrator": {
                    "type": "aws_iam_policy",
                    "depends_on": [],
                    "primary": {
                        "id": "arn:aws:iam::aws:policy/AdministratorAccess",
                        "attributes": {
                            "arn": "arn:aws:iam::aws:policy/AdministratorAccess",
                            "description": "Provides full access to AWS services and resources.",
                            "id": "arn:aws:iam::aws:policy/AdministratorAccess",
                            "name": "AdministratorAccess",
                            "path": "/",
                            "policy": "{\n  \"Version\": \"2012-10-17\",\n  \"Statement\": [\n    {\n      \"Effect\": \"Allow\",\n      \"Action\": \"*\",\n      \"Resource\": \"*\"\n    }\n  ]\n}"
                        },
                        "meta": {},
                        "tainted": false
                    },
                    "deposed": [],
                    "provider": "provider.aws"
                },
                "data.aws_iam_policy.change_password": {
                    "type": "aws_iam_policy",
                    "depends_on": [],
                    "primary": {
                        "id": "arn:aws:iam::aws:policy/IAMUserChangePassword",
                        "attributes": {
                            "arn": "arn:aws:iam::aws:policy/IAMUserChangePassword",
                            "description": "Provides the ability for an IAM user to change their own password.",
                            "id": "arn:aws:iam::aws:policy/IAMUserChangePassword",
                            "name": "IAMUserChangePassword",
                            "path": "/",
                            "policy": "{\n    \"Version\": \"2012-10-17\",\n    \"Statement\": [\n        {\n            \"Effect\": \"Allow\",\n            \"Action\": [\n                \"iam:ChangePassword\"\n            ],\n            \"Resource\": [\n                \"arn:aws:iam::*:user/${aws:username}\"\n            ]\n        },\n        {\n            \"Effect\": \"Allow\",\n            \"Action\": [\n                \"iam:GetAccountPasswordPolicy\"\n            ],\n            \"Resource\": \"*\"\n        }\n    ]\n}"
                        },
                        "meta": {},
                        "tainted": false
                    },
                    "deposed": [],
                    "provider": "provider.aws"
                },
                "data.aws_iam_policy.developers": {
                    "type": "aws_iam_policy",
                    "depends_on": [],
                    "primary": {
                        "id": "arn:aws:iam::aws:policy/job-function/SystemAdministrator",
                        "attributes": {
                            "arn": "arn:aws:iam::aws:policy/job-function/SystemAdministrator",
                            "description": "Grants full access permissions necessary for resources required for application and development operations.",
                            "id": "arn:aws:iam::aws:policy/job-function/SystemAdministrator",
                            "name": "SystemAdministrator",
                            "path": "/job-function/",
                            "policy": "{\n    \"Version\": \"2012-10-17\",\n    \"Statement\": [\n        {\n            \"Effect\": \"Allow\",\n            \"Action\": [\n                \"acm:Describe*\",\n                \"acm:Get*\",\n                \"acm:List*\",\n                \"acm:Request*\",\n                \"acm:Resend*\",\n                \"autoscaling:*\",\n                \"cloudtrail:DescribeTrails\",\n                \"cloudtrail:GetTrailStatus\",\n                \"cloudtrail:ListPublicKeys\",\n                \"cloudtrail:ListTags\",\n                \"cloudtrail:LookupEvents\",\n                \"cloudtrail:StartLogging\",\n                \"cloudtrail:StopLogging\",\n                \"cloudwatch:*\",\n                \"codecommit:BatchGetRepositories\",\n                \"codecommit:CreateBranch\",\n                \"codecommit:CreateRepository\",\n                \"codecommit:Get*\",\n                \"codecommit:GitPull\",\n                \"codecommit:GitPush\",\n                \"codecommit:List*\",\n                \"codecommit:Put*\",\n                \"codecommit:Test*\",\n                \"codecommit:Update*\",\n                \"codedeploy:*\",\n                \"codepipeline:*\",\n                \"config:*\",\n                \"ds:*\",\n                \"ec2:Allocate*\",\n                \"ec2:AssignPrivateIpAddresses*\",\n                \"ec2:Associate*\",\n                \"ec2:Allocate*\",\n                \"ec2:AttachInternetGateway\",\n                \"ec2:AttachNetworkInterface\",\n                \"ec2:AttachVpnGateway\",\n                \"ec2:Bundle*\",\n                \"ec2:Cancel*\",\n                \"ec2:Copy*\",\n                \"ec2:CreateCustomerGateway\",\n                \"ec2:CreateDhcpOptions\",\n                \"ec2:CreateFlowLogs\",\n                \"ec2:CreateImage\",\n                \"ec2:CreateInstanceExportTask\",\n                \"ec2:CreateInternetGateway\",\n                \"ec2:CreateKeyPair\",\n                \"ec2:CreateNatGateway\",\n                \"ec2:CreateNetworkInterface\",\n                \"ec2:CreatePlacementGroup\",\n                \"ec2:CreateReservedInstancesListing\",\n                \"ec2:CreateRoute\",\n                \"ec2:CreateRouteTable\",\n                \"ec2:CreateSecurityGroup\",\n                \"ec2:CreateSnapshot\",\n                \"ec2:CreateSpotDatafeedSubscription\",\n                \"ec2:CreateSubnet\",\n                \"ec2:CreateTags\",\n                \"ec2:CreateVolume\",\n                \"ec2:CreateVpc\",\n                \"ec2:CreateVpcEndpoint\",\n                \"ec2:CreateVpnConnection\",\n                \"ec2:CreateVpnConnectionRoute\",\n                \"ec2:CreateVpnGateway\",\n                \"ec2:DeleteFlowLogs\",\n                \"ec2:DeleteKeyPair\",\n                \"ec2:DeleteNatGateway\",\n                \"ec2:DeleteNetworkInterface\",\n                \"ec2:DeletePlacementGroup\",\n                \"ec2:DeleteSnapshot\",\n                \"ec2:DeleteSpotDatafeedSubscription\",\n                \"ec2:DeleteSubnet\",\n                \"ec2:DeleteTags\",\n                \"ec2:DeleteVpc\",\n                \"ec2:DeleteVpcEndpoints\",\n                \"ec2:DeleteVpnConnection\",\n                \"ec2:DeleteVpnConnectionRoute\",\n                \"ec2:DeleteVpnGateway\",\n                \"ec2:DeregisterImage\",\n                \"ec2:Describe*\",\n                \"ec2:DetachInternetGateway\",\n                \"ec2:DetachNetworkInterface\",\n                \"ec2:DetachVpnGateway\",\n                \"ec2:DisableVgwRoutePropagation\",\n                \"ec2:DisableVpcClassicLinkDnsSupport\",\n                \"ec2:DisassociateAddress\",\n                \"ec2:DisassociateRouteTable\",\n                \"ec2:EnableVgwRoutePropagation\",\n                \"ec2:EnableVolumeIO\",\n                \"ec2:EnableVpcClassicLinkDnsSupport\",\n                \"ec2:GetConsoleOutput\",\n                \"ec2:GetHostReservationPurchasePreview\",\n                \"ec2:GetPasswordData\",\n                \"ec2:Import*\",\n                \"ec2:Modify*\",\n                \"ec2:MonitorInstances\",\n                \"ec2:MoveAddressToVpc\",\n                \"ec2:Purchase*\",\n                \"ec2:RegisterImage\",\n                \"ec2:Release*\",\n                \"ec2:Replace*\",\n                \"ec2:ReportInstanceStatus\",\n                \"ec2:Request*\",\n                \"ec2:Reset*\",\n                \"ec2:RestoreAddressToClassic\",\n                \"ec2:RunScheduledInstances\",\n                \"ec2:UnassignPrivateIpAddresses\",\n                \"ec2:UnmonitorInstances\",\n                \"ec2:UpdateSecurityGroupRuleDescriptionsEgress\",\n                \"ec2:UpdateSecurityGroupRuleDescriptionsIngress\",\n                \"elasticloadbalancing:*\",\n                \"events:*\",\n                \"iam:GetAccount*\",\n                \"iam:GetContextKeys*\",\n                \"iam:GetCredentialReport\",\n                \"iam:ListAccountAliases\",\n                \"iam:ListGroups\",\n                \"iam:ListOpenIDConnectProviders\",\n                \"iam:ListPolicies\",\n                \"iam:ListPoliciesGrantingServiceAccess\",\n                \"iam:ListRoles\",\n                \"iam:ListSAMLProviders\",\n                \"iam:ListServerCertificates\",\n                \"iam:Simulate*\",\n                \"iam:UpdateServerCertificate\",\n                \"iam:UpdateSigningCertificate\",\n                \"kinesis:ListStreams\",\n                \"kinesis:PutRecord\",\n                \"kms:CreateAlias\",\n                \"kms:CreateKey\",\n                \"kms:DeleteAlias\",\n                \"kms:Describe*\",\n                \"kms:GenerateRandom\",\n                \"kms:Get*\",\n                \"kms:List*\",\n                \"kms:Encrypt\",\n                \"kms:ReEncrypt*\",\n                \"lambda:Create*\",\n                \"lambda:Delete*\",\n                \"lambda:Get*\",\n                \"lambda:InvokeFunction\",\n                \"lambda:List*\",\n                \"lambda:PublishVersion\",\n                \"lambda:Update*\",\n                \"logs:*\",\n                \"rds:Describe*\",\n                \"rds:ListTagsForResource\",\n                \"route53:*\",\n                \"route53domains:*\",\n                \"ses:*\",\n                \"sns:*\",\n                \"sqs:*\",\n                \"trustedadvisor:*\"\n            ],\n            \"Resource\": \"*\"\n        },\n        {\n            \"Effect\": \"Allow\",\n            \"Action\": [\n                \"ec2:AcceptVpcPeeringConnection\",\n                \"ec2:AttachClassicLinkVpc\",\n                \"ec2:AttachVolume\",\n                \"ec2:AuthorizeSecurityGroupEgress\",\n                \"ec2:AuthorizeSecurityGroupIngress\",\n                \"ec2:CreateVpcPeeringConnection\",\n                \"ec2:DeleteCustomerGateway\",\n                \"ec2:DeleteDhcpOptions\",\n                \"ec2:DeleteInternetGateway\",\n                \"ec2:DeleteNetworkAcl*\",\n                \"ec2:DeleteRoute\",\n                \"ec2:DeleteRouteTable\",\n                \"ec2:DeleteSecurityGroup\",\n                \"ec2:DeleteVolume\",\n                \"ec2:DeleteVpcPeeringConnection\",\n                \"ec2:DetachClassicLinkVpc\",\n                \"ec2:DetachVolume\",\n                \"ec2:DisableVpcClassicLink\",\n                \"ec2:EnableVpcClassicLink\",\n                \"ec2:GetConsoleScreenshot\",\n                \"ec2:RebootInstances\",\n                \"ec2:RejectVpcPeeringConnection\",\n                \"ec2:RevokeSecurityGroupEgress\",\n                \"ec2:RevokeSecurityGroupIngress\",\n                \"ec2:RunInstances\",\n                \"ec2:StartInstances\",\n                \"ec2:StopInstances\",\n                \"ec2:TerminateInstances\"\n            ],\n            \"Resource\": [\n                \"*\"\n            ]\n        },\n        {\n            \"Effect\": \"Allow\",\n            \"Action\": \"s3:*\",\n            \"Resource\": [\n                \"*\"\n            ]\n        },\n        {\n            \"Effect\": \"Allow\",\n            \"Action\": [\n                \"iam:GetAccessKeyLastUsed\",\n                \"iam:GetGroup*\",\n                \"iam:GetInstanceProfile\",\n                \"iam:GetLoginProfile\",\n                \"iam:GetOpenIDConnectProvider\",\n                \"iam:GetPolicy*\",\n                \"iam:GetRole*\",\n                \"iam:GetSAMLProvider\",\n                \"iam:GetSSHPublicKey\",\n                \"iam:GetServerCertificate\",\n                \"iam:GetServiceLastAccessed*\",\n                \"iam:GetUser*\",\n                \"iam:ListAccessKeys\",\n                \"iam:ListAttached*\",\n                \"iam:ListEntitiesForPolicy\",\n                \"iam:ListGroupPolicies\",\n                \"iam:ListGroupsForUser\",\n                \"iam:ListInstanceProfiles*\",\n                \"iam:ListMFADevices\",\n                \"iam:ListPolicyVersions\",\n                \"iam:ListRolePolicies\",\n                \"iam:ListSSHPublicKeys\",\n                \"iam:ListSigningCertificates\",\n                \"iam:ListUserPolicies\",\n                \"iam:Upload*\"\n            ],\n            \"Resource\": [\n                \"*\"\n            ]\n        },\n        {\n            \"Effect\": \"Allow\",\n            \"Action\": [\n                \"iam:GetRole\",\n                \"iam:ListRoles\",\n                \"iam:PassRole\"\n            ],\n            \"Resource\": [\n                \"arn:aws:iam::*:role/rds-monitoring-role\",\n                \"arn:aws:iam::*:role/ec2-sysadmin-*\",\n                \"arn:aws:iam::*:role/ecr-sysadmin-*\",\n                \"arn:aws:iam::*:role/lamdba-sysadmin-*\",\n                \"arn:aws:iam::*:role/lambda-sysadmin-*\"\n            ]\n        }\n    ]\n}"
                        },
                        "meta": {},
                        "tainted": false
                    },
                    "deposed": [],
                    "provider": "provider.aws"
                },
                "data.aws_iam_policy.dynamo_db": {
                    "type": "aws_iam_policy",
                    "depends_on": [],
                    "primary": {
                        "id": "arn:aws:iam::aws:policy/AmazonDynamoDBFullAccess",
                        "attributes": {
                            "arn": "arn:aws:iam::aws:policy/AmazonDynamoDBFullAccess",
                            "description": "Provides full access to Amazon DynamoDB via the AWS Management Console.",
                            "id": "arn:aws:iam::aws:policy/AmazonDynamoDBFullAccess",
                            "name": "AmazonDynamoDBFullAccess",
                            "path": "/",
                            "policy": "{\n  \"Version\": \"2012-10-17\",\n  \"Statement\": [\n    {\n      \"Action\": [\n        \"dynamodb:*\",\n        \"dax:*\",\n        \"application-autoscaling:DeleteScalingPolicy\",\n        \"application-autoscaling:DeregisterScalableTarget\",\n        \"application-autoscaling:DescribeScalableTargets\",\n        \"application-autoscaling:DescribeScalingActivities\",\n        \"application-autoscaling:DescribeScalingPolicies\",\n        \"application-autoscaling:PutScalingPolicy\",\n        \"application-autoscaling:RegisterScalableTarget\",\n        \"cloudwatch:DeleteAlarms\",\n        \"cloudwatch:DescribeAlarmHistory\",\n        \"cloudwatch:DescribeAlarms\",\n        \"cloudwatch:DescribeAlarmsForMetric\",\n        \"cloudwatch:GetMetricStatistics\",\n        \"cloudwatch:ListMetrics\",\n        \"cloudwatch:PutMetricAlarm\",\n        \"datapipeline:ActivatePipeline\",\n        \"datapipeline:CreatePipeline\",\n        \"datapipeline:DeletePipeline\",\n        \"datapipeline:DescribeObjects\",\n        \"datapipeline:DescribePipelines\",\n        \"datapipeline:GetPipelineDefinition\",\n        \"datapipeline:ListPipelines\",\n        \"datapipeline:PutPipelineDefinition\",\n        \"datapipeline:QueryObjects\",\n        \"ec2:DescribeVpcs\",\n        \"ec2:DescribeSubnets\",\n        \"ec2:DescribeSecurityGroups\",\n        \"iam:GetRole\",\n        \"iam:ListRoles\",\n        \"sns:CreateTopic\",\n        \"sns:DeleteTopic\",\n        \"sns:ListSubscriptions\",\n        \"sns:ListSubscriptionsByTopic\",\n        \"sns:ListTopics\",\n        \"sns:Subscribe\",\n        \"sns:Unsubscribe\",\n        \"sns:SetTopicAttributes\",\n        \"lambda:CreateFunction\",\n        \"lambda:ListFunctions\",\n        \"lambda:ListEventSourceMappings\",\n        \"lambda:CreateEventSourceMapping\",\n        \"lambda:DeleteEventSourceMapping\",\n        \"lambda:GetFunctionConfiguration\",\n        \"lambda:DeleteFunction\"\n      ],\n      \"Effect\": \"Allow\",\n      \"Resource\": \"*\"\n    },\n    {\n      \"Action\": [\n        \"iam:PassRole\"\n      ],\n      \"Effect\": \"Allow\",\n      \"Resource\": \"*\",\n      \"Condition\": {\n        \"StringLike\": {\n          \"iam:PassedToService\": [\n            \"application-autoscaling.amazonaws.com\",\n            \"dax.amazonaws.com\"\n          ]\n        }\n      }\n    },\n    {\n      \"Effect\": \"Allow\",\n      \"Action\": [\n        \"iam:CreateServiceLinkedRole\"\n      ],\n      \"Resource\": \"*\",\n      \"Condition\": {\n        \"StringEquals\": {\n          \"iam:AWSServiceName\": [\n            \"replication.dynamodb.amazonaws.com\",\n            \"dax.amazonaws.com\",\n            \"dynamodb.application-autoscaling.amazonaws.com\"\n          ]\n        }\n      }\n    }\n  ]\n}\n"
                        },
                        "meta": {},
                        "tainted": false
                    },
                    "deposed": [],
                    "provider": "provider.aws"
                }
            },
            "depends_on": []
        },
        {
            "path": [
                "root",
                "dumont"
            ],
            "outputs": {},
            "resources": {
                "github_branch_protection.dumont": {
                    "type": "github_branch_protection",
                    "depends_on": [
                        "github_repository.dumont"
                    ],
                    "primary": {
                        "id": "dumont:master",
                        "attributes": {
                            "branch": "master",
                            "enforce_admins": "false",
                            "etag": "W/\"80bd202739f701a1fce3e2946344f369\"",
                            "id": "dumont:master",
                            "repository": "dumont",
                            "required_pull_request_reviews.#": "1",
                            "required_pull_request_reviews.0.dismiss_stale_reviews": "false",
                            "required_pull_request_reviews.0.dismissal_teams.#": "0",
                            "required_pull_request_reviews.0.dismissal_users.#": "0",
                            "required_pull_request_reviews.0.include_admins": "false",
                            "required_pull_request_reviews.0.require_code_owner_reviews": "false",
                            "required_status_checks.#": "1",
                            "required_status_checks.0.contexts.#": "0",
                            "required_status_checks.0.include_admins": "false",
                            "required_status_checks.0.strict": "false",
                            "restrictions.#": "0"
                        },
                        "meta": {},
                        "tainted": false
                    },
                    "deposed": [],
                    "provider": "provider.github"
                },
                "github_repository.dumont": {
                    "type": "github_repository",
                    "depends_on": [],
                    "primary": {
                        "id": "dumont",
                        "attributes": {
                            "allow_merge_commit": "false",
                            "allow_rebase_merge": "true",
                            "allow_squash_merge": "true",
                            "archived": "false",
                            "default_branch": "master",
                            "description": "Commune with the Users",
                            "etag": "W/\"f4fd0c118a752bfb55fcb91d3f0042f9\"",
                            "full_name": "CypherpunkArmory/dumont",
                            "git_clone_url": "git://github.com/CypherpunkArmory/dumont.git",
                            "has_downloads": "false",
                            "has_issues": "true",
                            "has_projects": "false",
                            "has_wiki": "false",
                            "homepage_url": "",
                            "html_url": "https://github.com/CypherpunkArmory/dumont",
                            "http_clone_url": "https://github.com/CypherpunkArmory/dumont.git",
                            "id": "dumont",
                            "name": "dumont",
                            "private": "true",
                            "ssh_clone_url": "git@github.com:CypherpunkArmory/dumont.git",
                            "svn_url": "https://github.com/CypherpunkArmory/dumont",
                            "topics.#": "0"
                        },
                        "meta": {},
                        "tainted": false
                    },
                    "deposed": [],
                    "provider": "provider.github"
                }
            },
            "depends_on": []
        },
        {
            "path": [
                "root",
                "github"
            ],
            "outputs": {
                "userland_team_id": {
                    "sensitive": false,
                    "type": "string",
                    "value": "2739101"
                }
            },
            "resources": {
                "github_repository.discs": {
                    "type": "github_repository",
                    "depends_on": [],
                    "primary": {
                        "id": "discs",
                        "attributes": {
                            "allow_merge_commit": "false",
                            "allow_rebase_merge": "true",
                            "allow_squash_merge": "true",
                            "archived": "false",
                            "default_branch": "master",
                            "description": "Server Build Scripts",
                            "full_name": "CypherpunkArmory/discs",
                            "git_clone_url": "git://github.com/CypherpunkArmory/discs.git",
                            "has_downloads": "false",
                            "has_issues": "true",
                            "has_projects": "false",
                            "has_wiki": "false",
                            "homepage_url": "",
                            "html_url": "https://github.com/CypherpunkArmory/discs",
                            "http_clone_url": "https://github.com/CypherpunkArmory/discs.git",
                            "id": "discs",
                            "name": "discs",
                            "private": "true",
                            "ssh_clone_url": "git@github.com:CypherpunkArmory/discs.git",
                            "svn_url": "https://github.com/CypherpunkArmory/discs",
                            "topics.#": "0"
                        },
                        "meta": {},
                        "tainted": false
                    },
                    "deposed": [],
                    "provider": "provider.github"
                },
                "github_repository.grid": {
                    "type": "github_repository",
                    "depends_on": [],
                    "primary": {
                        "id": "grid",
                        "attributes": {
                            "allow_merge_commit": "false",
                            "allow_rebase_merge": "true",
                            "allow_squash_merge": "true",
                            "archived": "false",
                            "default_branch": "master",
                            "description": "Infrastructure Repo",
                            "etag": "W/\"4574f118472dce9ea388fc8126783e3b\"",
                            "full_name": "CypherpunkArmory/grid",
                            "git_clone_url": "git://github.com/CypherpunkArmory/grid.git",
                            "has_downloads": "false",
                            "has_issues": "true",
                            "has_projects": "false",
                            "has_wiki": "false",
                            "homepage_url": "",
                            "html_url": "https://github.com/CypherpunkArmory/grid",
                            "http_clone_url": "https://github.com/CypherpunkArmory/grid.git",
                            "id": "grid",
                            "name": "grid",
                            "private": "true",
                            "ssh_clone_url": "git@github.com:CypherpunkArmory/grid.git",
                            "svn_url": "https://github.com/CypherpunkArmory/grid",
                            "topics.#": "0"
                        },
                        "meta": {},
                        "tainted": false
                    },
                    "deposed": [],
                    "provider": "provider.github"
                },
                "github_repository.holepunch": {
                    "type": "github_repository",
                    "depends_on": [],
                    "primary": {
                        "id": "holepunch",
                        "attributes": {
                            "allow_merge_commit": "false",
                            "allow_rebase_merge": "true",
                            "allow_squash_merge": "true",
                            "archived": "false",
                            "default_branch": "master",
                            "description": "Holepunch API",
                            "etag": "W/\"bbbb0a04ceb1582fb69bbdceaed223f6\"",
                            "full_name": "CypherpunkArmory/holepunch",
                            "git_clone_url": "git://github.com/CypherpunkArmory/holepunch.git",
                            "has_downloads": "false",
                            "has_issues": "true",
                            "has_projects": "false",
                            "has_wiki": "false",
                            "homepage_url": "",
                            "html_url": "https://github.com/CypherpunkArmory/holepunch",
                            "http_clone_url": "https://github.com/CypherpunkArmory/holepunch.git",
                            "id": "holepunch",
                            "name": "holepunch",
                            "private": "false",
                            "ssh_clone_url": "git@github.com:CypherpunkArmory/holepunch.git",
                            "svn_url": "https://github.com/CypherpunkArmory/holepunch",
                            "topics.#": "0"
                        },
                        "meta": {},
                        "tainted": false
                    },
                    "deposed": [],
                    "provider": "provider.github"
                },
                "github_repository.punch": {
                    "type": "github_repository",
                    "depends_on": [],
                    "primary": {
                        "id": "punch",
                        "attributes": {
                            "allow_merge_commit": "false",
                            "allow_rebase_merge": "true",
                            "allow_squash_merge": "true",
                            "archived": "false",
                            "default_branch": "master",
                            "description": "Holepunch CLI Tool",
                            "etag": "W/\"c8e8e43c10a30a636a5d795b1c962323\"",
                            "full_name": "CypherpunkArmory/punch",
                            "git_clone_url": "git://github.com/CypherpunkArmory/punch.git",
                            "has_downloads": "true",
                            "has_issues": "true",
                            "has_projects": "false",
                            "has_wiki": "false",
                            "homepage_url": "",
                            "html_url": "https://github.com/CypherpunkArmory/punch",
                            "http_clone_url": "https://github.com/CypherpunkArmory/punch.git",
                            "id": "punch",
                            "name": "punch",
                            "private": "false",
                            "ssh_clone_url": "git@github.com:CypherpunkArmory/punch.git",
                            "svn_url": "https://github.com/CypherpunkArmory/punch",
                            "topics.#": "0"
                        },
                        "meta": {},
                        "tainted": false
                    },
                    "deposed": [],
                    "provider": "provider.github"
                },
                "github_team.userland": {
                    "type": "github_team",
                    "depends_on": [],
                    "primary": {
                        "id": "2739101",
                        "attributes": {
                            "description": "UserLAnd Development Team",
                            "etag": "W/\"9477f56020665147df0acb88dadf95b7\"",
                            "id": "2739101",
                            "ldap_dn": "",
                            "name": "UserLAnd",
                            "privacy": "closed",
                            "slug": "userland"
                        },
                        "meta": {},
                        "tainted": false
                    },
                    "deposed": [],
                    "provider": "provider.github"
                }
            },
            "depends_on": []
        },
        {
            "path": [
                "root",
                "users"
            ],
            "outputs": {
                "github_users": {
                    "sensitive": false,
                    "type": "list",
                    "value": [
                        "stephenprater",
                        "corbinlc",
                        "AndrewScibek",
                        "MatthewTighe",
                        "luongthomas"
                    ]
                }
            },
            "resources": {
                "aws_iam_group_membership.admins": {
                    "type": "aws_iam_group_membership",
                    "depends_on": [
                        "module.corbin",
                        "module.prater"
                    ],
                    "primary": {
                        "id": "admin_membership",
                        "attributes": {
                            "group": "Admins",
                            "id": "admin_membership",
                            "name": "admin_membership",
                            "users.#": "2",
                            "users.1878006116": "prater@userland.tech",
                            "users.3590528722": "corbin@userland.tech"
                        },
                        "meta": {},
                        "tainted": false
                    },
                    "deposed": [],
                    "provider": "provider.aws"
                },
                "aws_iam_group_membership.developers": {
                    "type": "aws_iam_group_membership",
                    "depends_on": [
                        "module.andrew",
                        "module.corbin",
                        "module.matthew",
                        "module.prater",
                        "module.thomas"
                    ],
                    "primary": {
                        "id": "developers_membership",
                        "attributes": {
                            "group": "Developers",
                            "id": "developers_membership",
                            "name": "developers_membership",
                            "users.#": "5",
                            "users.1296714245": "thomas@userland.tech",
                            "users.1771293198": "andrew@userland.tech",
                            "users.1878006116": "prater@userland.tech",
                            "users.2301839408": "matthew@userland.tech",
                            "users.3590528722": "corbin@userland.tech"
                        },
                        "meta": {},
                        "tainted": false
                    },
                    "deposed": [],
                    "provider": "provider.aws"
                }
            },
            "depends_on": []
        },
        {
            "path": [
                "root",
                "users",
                "andrew"
            ],
            "outputs": {
                "aws_password": {
                    "sensitive": false,
                    "type": "string",
                    "value": ""
                },
                "aws_secret_key": {
                    "sensitive": false,
                    "type": "string",
                    "value": "wcFMA2+oPaI6Ik2fARAAH+Arn49zHe4O4KYRk8eAmVKCGSGCo7ULR9lpNdQuZGoCFMnrzuVUhiF06U3djDZnjun51OWib7pmejfrrzIl14k3MrA1TWFmeNgn4NSMSk2wDon72aOge4VGou33uBFmykeLp0apNMUC7fXj2sfL3zr39fq+9uipKW8AO6ZuSQD6J7NuBqiky9y5v4095W/0j8idfaoYiF0nkOMlAmucSh6zG7hVOm+eYsw4cXk7ArnRCjl2CtzPXGGI+eHgV680AJLtK4Z3h5OnPRMwWqnSEeGVgaqHF6ZlddiH9thG+HkZlYXiAvbczUczLJ7LshxrWBnwLs+/VUj23VhAMI5KfjonyVDcUINOjHbdHhTnk1TQP/qHrkxn6BZobtyAG6f8lbnVqls856fY8sYkRvMQ1E8W6ImL8fOs5GE0KD3g2YHzqS7+whRZPqeFBQ7vLl0Uh3Nk20YLS+6GvZMXOZIV4FpssTCqcxBcuqUhVg1hUNdUhfWSD+ksXzB9VDIRG4yc88fTyDD1xhKwGBXglPKITd3qvqgkO9dEBXkO3BDlH12/C/VG7T0mrykYzbTVD719vGMxzSavuRRTyfvy1ihNImJ3O6Q9GU/gIsxQUj4BUR39CgMBPAEMi9kL0ACsbC/AUZE3piaVSsHnWHhEFu33nJ4kXCcMHaQd0F8TWspFR3PS4AHkrOkOQiBVV/0oC5eApmUgA+EKGOBN4L3hPLLgsOLPS8964AHlJd1RoN63+Bm8JvbOCnvDjZeRZFkz+2e+o8WojjBoMoPgRuOKsle+D9HLnuDw5C0swIfxmjdK76b3+QZkDMbin5V4quFokwA="
                },
                "github_name": {
                    "sensitive": false,
                    "type": "string",
                    "value": "AndrewScibek"
                },
                "username": {
                    "sensitive": false,
                    "type": "string",
                    "value": "andrew@userland.tech"
                }
            },
            "resources": {
                "aws_iam_access_key.access_key": {
                    "type": "aws_iam_access_key",
                    "depends_on": [
                        "local.username"
                    ],
                    "primary": {
                        "id": "AKIAILQJIBPFQ5YDHR5A",
                        "attributes": {
                            "encrypted_secret": "wcFMA2+oPaI6Ik2fARAAH+Arn49zHe4O4KYRk8eAmVKCGSGCo7ULR9lpNdQuZGoCFMnrzuVUhiF06U3djDZnjun51OWib7pmejfrrzIl14k3MrA1TWFmeNgn4NSMSk2wDon72aOge4VGou33uBFmykeLp0apNMUC7fXj2sfL3zr39fq+9uipKW8AO6ZuSQD6J7NuBqiky9y5v4095W/0j8idfaoYiF0nkOMlAmucSh6zG7hVOm+eYsw4cXk7ArnRCjl2CtzPXGGI+eHgV680AJLtK4Z3h5OnPRMwWqnSEeGVgaqHF6ZlddiH9thG+HkZlYXiAvbczUczLJ7LshxrWBnwLs+/VUj23VhAMI5KfjonyVDcUINOjHbdHhTnk1TQP/qHrkxn6BZobtyAG6f8lbnVqls856fY8sYkRvMQ1E8W6ImL8fOs5GE0KD3g2YHzqS7+whRZPqeFBQ7vLl0Uh3Nk20YLS+6GvZMXOZIV4FpssTCqcxBcuqUhVg1hUNdUhfWSD+ksXzB9VDIRG4yc88fTyDD1xhKwGBXglPKITd3qvqgkO9dEBXkO3BDlH12/C/VG7T0mrykYzbTVD719vGMxzSavuRRTyfvy1ihNImJ3O6Q9GU/gIsxQUj4BUR39CgMBPAEMi9kL0ACsbC/AUZE3piaVSsHnWHhEFu33nJ4kXCcMHaQd0F8TWspFR3PS4AHkrOkOQiBVV/0oC5eApmUgA+EKGOBN4L3hPLLgsOLPS8964AHlJd1RoN63+Bm8JvbOCnvDjZeRZFkz+2e+o8WojjBoMoPgRuOKsle+D9HLnuDw5C0swIfxmjdK76b3+QZkDMbin5V4quFokwA=",
                            "id": "AKIAILQJIBPFQ5YDHR5A",
                            "key_fingerprint": "3c6f8ffa9d4f7a68dde1a6ba7ae7d425f164c434",
                            "pgp_key": "keybase:andrewscibek",
                            "ses_smtp_password": "ApVX22mFAoY2dxQJYJLodfGodDhfvrmkKW3VUys20Jou",
                            "status": "Active",
                            "user": "andrew@userland.tech"
                        },
                        "meta": {},
                        "tainted": false
                    },
                    "deposed": [],
                    "provider": "provider.aws"
                },
                "aws_iam_user.user": {
                    "type": "aws_iam_user",
                    "depends_on": [
                        "local.username"
                    ],
                    "primary": {
                        "id": "andrew@userland.tech",
                        "attributes": {
                            "arn": "arn:aws:iam::578925084144:user/andrew@userland.tech",
                            "force_destroy": "false",
                            "id": "andrew@userland.tech",
                            "name": "andrew@userland.tech",
                            "path": "/",
                            "tags.%": "1",
                            "tags.Substrate": "meat",
                            "unique_id": "AIDAJBG2YDENZLUMLXKTW"
                        },
                        "meta": {},
                        "tainted": false
                    },
                    "deposed": [],
                    "provider": "provider.aws"
                },
                "aws_iam_user_login_profile.login": {
                    "type": "aws_iam_user_login_profile",
                    "depends_on": [
                        "local.username"
                    ],
                    "primary": {
                        "id": "andrew@userland.tech",
                        "attributes": {
                            "encrypted_password": "",
                            "id": "andrew@userland.tech",
                            "key_fingerprint": "",
                            "password_length": "20",
                            "password_reset_required": "true",
                            "pgp_key": "keybase:andrewscibek",
                            "user": "andrew@userland.tech"
                        },
                        "meta": {},
                        "tainted": false
                    },
                    "deposed": [],
                    "provider": "provider.aws"
                },
                "datadog_user.user": {
                    "type": "datadog_user",
                    "depends_on": [
                        "local.username"
                    ],
                    "primary": {
                        "id": "andrew@userland.tech",
                        "attributes": {
                            "disabled": "false",
                            "email": "andrew@userland.tech",
                            "handle": "andrew@userland.tech",
                            "id": "andrew@userland.tech",
                            "is_admin": "true",
                            "name": "Andrew Scibek",
                            "verified": "true"
                        },
                        "meta": {},
                        "tainted": false
                    },
                    "deposed": [],
                    "provider": "provider.datadog"
                },
                "github_membership.github": {
                    "type": "github_membership",
                    "depends_on": [],
                    "primary": {
                        "id": "CypherpunkArmory:AndrewScibek",
                        "attributes": {
                            "etag": "W/\"cb4e2c1a558baac1be752287264ac4e3\"",
                            "id": "CypherpunkArmory:AndrewScibek",
                            "role": "admin",
                            "username": "AndrewScibek"
                        },
                        "meta": {},
                        "tainted": false
                    },
                    "deposed": [],
                    "provider": "provider.github"
                },
                "github_team_membership.userland": {
                    "type": "github_team_membership",
                    "depends_on": [],
                    "primary": {
                        "id": "2739101:AndrewScibek",
                        "attributes": {
                            "etag": "W/\"f615b505e19f84590b379fafb0367809\"",
                            "id": "2739101:AndrewScibek",
                            "role": "maintainer",
                            "team_id": "2739101",
                            "username": "AndrewScibek"
                        },
                        "meta": {},
                        "tainted": false
                    },
                    "deposed": [],
                    "provider": "provider.github"
                }
            },
            "depends_on": []
        },
        {
            "path": [
                "root",
                "users",
                "corbin"
            ],
            "outputs": {
                "aws_password": {
                    "sensitive": false,
                    "type": "string",
                    "value": ""
                },
                "aws_secret_key": {
                    "sensitive": false,
                    "type": "string",
                    "value": "wcFMA6ujzzRE3nxLARAAgTBZYkvXRB3ZFiQyIB/dJlPFA1y2nc3+83xlUyg6UWMoXc4xPYozQb8WOjvKcZJXe9J71AgAIvMePj6+KNajPcmQIJxLbLsIxEUYGqjZeqUS0V7biTPRmGGJjlxGWrPWujKmRbvLFqYYMslFxQ6hdbMaLC0WcPUHExBvV3ESiqw2JyKoaFAjV/svIeZc2U7hzlnL38zK3a7ivfjCb58aVEYfYUAPjUNNPXF2Au7GzInUQlW1dYBfpwT9DUsK525DfWphZFmVqiir4K/AtiUniOlrH1IpCeaQVc4HOvhcF8RSisUCQHZ7Al/IqA6dy+eb6trN9cBHCb+WiNcUO5bZjBUkdHCI/RDO96p2tS5F41H+3rivsOfUgwobJoOTy4ChtjWbKQn7CrNlg9lw4ycZzXIkBUOcwbSzfTrp1CyMv/m6KMwFtmM1hjY6cDUGZcKZfcawfyIoPGTpqWcr3Ig3koTwQnul0URSCwjdcfcr6OnROWh2Rr6n4ogyjG8gLlmKGzOeNqDJ4ThGd/Q2Qf1htd/LmuF/JNBMHF8HtHTfAFHLh3mQRZE+I9QpxTQ+A+PeGA0wSsMRx8utYenCoAAlSxpmsCTwYa81dSc+wMHJZ5Nlz5ewOHb7JOex3cWbzRGT2/imE9JUnAHu7IbjwPe6s4gEsosFRk+NNQgF7Y9MwPXS4AHk0FGC8f3ghrYMjmCJ4c3/G+F/POBj4MzhKqHgsOIBMzMB4DDltx5F8RIahloDVPrOwKpWbg0dT9Dmrtta6oNHpW5jMLngUuP1CvMZCPCCFeAU5HpROdS8uJ0FLI1tk1LA6njicdM0H+FlygA="
                },
                "github_name": {
                    "sensitive": false,
                    "type": "string",
                    "value": "corbinlc"
                },
                "username": {
                    "sensitive": false,
                    "type": "string",
                    "value": "corbin@userland.tech"
                }
            },
            "resources": {
                "aws_iam_access_key.access_key": {
                    "type": "aws_iam_access_key",
                    "depends_on": [
                        "local.username"
                    ],
                    "primary": {
                        "id": "AKIAITBBAG25CRPU7C6A",
                        "attributes": {
                            "encrypted_secret": "wcFMA6ujzzRE3nxLARAAgTBZYkvXRB3ZFiQyIB/dJlPFA1y2nc3+83xlUyg6UWMoXc4xPYozQb8WOjvKcZJXe9J71AgAIvMePj6+KNajPcmQIJxLbLsIxEUYGqjZeqUS0V7biTPRmGGJjlxGWrPWujKmRbvLFqYYMslFxQ6hdbMaLC0WcPUHExBvV3ESiqw2JyKoaFAjV/svIeZc2U7hzlnL38zK3a7ivfjCb58aVEYfYUAPjUNNPXF2Au7GzInUQlW1dYBfpwT9DUsK525DfWphZFmVqiir4K/AtiUniOlrH1IpCeaQVc4HOvhcF8RSisUCQHZ7Al/IqA6dy+eb6trN9cBHCb+WiNcUO5bZjBUkdHCI/RDO96p2tS5F41H+3rivsOfUgwobJoOTy4ChtjWbKQn7CrNlg9lw4ycZzXIkBUOcwbSzfTrp1CyMv/m6KMwFtmM1hjY6cDUGZcKZfcawfyIoPGTpqWcr3Ig3koTwQnul0URSCwjdcfcr6OnROWh2Rr6n4ogyjG8gLlmKGzOeNqDJ4ThGd/Q2Qf1htd/LmuF/JNBMHF8HtHTfAFHLh3mQRZE+I9QpxTQ+A+PeGA0wSsMRx8utYenCoAAlSxpmsCTwYa81dSc+wMHJZ5Nlz5ewOHb7JOex3cWbzRGT2/imE9JUnAHu7IbjwPe6s4gEsosFRk+NNQgF7Y9MwPXS4AHk0FGC8f3ghrYMjmCJ4c3/G+F/POBj4MzhKqHgsOIBMzMB4DDltx5F8RIahloDVPrOwKpWbg0dT9Dmrtta6oNHpW5jMLngUuP1CvMZCPCCFeAU5HpROdS8uJ0FLI1tk1LA6njicdM0H+FlygA=",
                            "id": "AKIAITBBAG25CRPU7C6A",
                            "key_fingerprint": "146fb409581aa105f70d7ab9f764370393680b31",
                            "pgp_key": "keybase:corbinlc",
                            "ses_smtp_password": "Ag+sOyC5FfIs9upfwxhg3QWhbE1bvpBscnwbbj9kQEto",
                            "status": "Active",
                            "user": "corbin@userland.tech"
                        },
                        "meta": {},
                        "tainted": false
                    },
                    "deposed": [],
                    "provider": "provider.aws"
                },
                "aws_iam_user.user": {
                    "type": "aws_iam_user",
                    "depends_on": [
                        "local.username"
                    ],
                    "primary": {
                        "id": "corbin@userland.tech",
                        "attributes": {
                            "arn": "arn:aws:iam::578925084144:user/corbin@userland.tech",
                            "force_destroy": "false",
                            "id": "corbin@userland.tech",
                            "name": "corbin@userland.tech",
                            "path": "/",
                            "tags.%": "1",
                            "tags.Substrate": "meat",
                            "unique_id": "AIDAJOKYLC7CVBFFHBSSI"
                        },
                        "meta": {},
                        "tainted": false
                    },
                    "deposed": [],
                    "provider": "provider.aws"
                },
                "aws_iam_user_login_profile.login": {
                    "type": "aws_iam_user_login_profile",
                    "depends_on": [
                        "local.username"
                    ],
                    "primary": {
                        "id": "corbin@userland.tech",
                        "attributes": {
                            "encrypted_password": "",
                            "id": "corbin@userland.tech",
                            "key_fingerprint": "",
                            "password_length": "20",
                            "password_reset_required": "true",
                            "pgp_key": "keybase:corbinlc",
                            "user": "corbin@userland.tech"
                        },
                        "meta": {},
                        "tainted": false
                    },
                    "deposed": [],
                    "provider": "provider.aws"
                },
                "datadog_user.user": {
                    "type": "datadog_user",
                    "depends_on": [
                        "local.username"
                    ],
                    "primary": {
                        "id": "corbin@userland.tech",
                        "attributes": {
                            "disabled": "false",
                            "email": "corbin@userland.tech",
                            "handle": "corbin@userland.tech",
                            "id": "corbin@userland.tech",
                            "is_admin": "true",
                            "name": "Corbin Champion",
                            "verified": "true"
                        },
                        "meta": {},
                        "tainted": false
                    },
                    "deposed": [],
                    "provider": "provider.datadog"
                },
                "github_membership.github": {
                    "type": "github_membership",
                    "depends_on": [],
                    "primary": {
                        "id": "CypherpunkArmory:corbinlc",
                        "attributes": {
                            "etag": "W/\"96c42f22107712b9e8b2963285360619\"",
                            "id": "CypherpunkArmory:corbinlc",
                            "role": "admin",
                            "username": "corbinlc"
                        },
                        "meta": {},
                        "tainted": false
                    },
                    "deposed": [],
                    "provider": "provider.github"
                },
                "github_team_membership.userland": {
                    "type": "github_team_membership",
                    "depends_on": [],
                    "primary": {
                        "id": "2739101:corbinlc",
                        "attributes": {
                            "etag": "W/\"87d32945b2af7fcf1768851aca7463ae\"",
                            "id": "2739101:corbinlc",
                            "role": "maintainer",
                            "team_id": "2739101",
                            "username": "corbinlc"
                        },
                        "meta": {},
                        "tainted": false
                    },
                    "deposed": [],
                    "provider": "provider.github"
                }
            },
            "depends_on": []
        },
        {
            "path": [
                "root",
                "users",
                "matthew"
            ],
            "outputs": {
                "aws_password": {
                    "sensitive": false,
                    "type": "string",
                    "value": "wcFMA2ewHwV01+ObARAAlCe5ZsLACP4As0COq/lBlM0UeZ84/3E+XR7ty8KQ9ifZeJ1JHxKkBN2FHOLcG4+XI66Lryb2I96mbV8Ple7oc/Sgbl4lqreyenK6haBZPLNl2+f6r/Ju3/E9NNNJDkPUATi2mYsS0RnXyhCSKjVwpKPYYMhzUN4xqpaCSmLRcKWaQQ9ZntudXovMpSwWNd36+8lPR8Swz29okMj2QIZnHo1s0Rv2jodIwULNP+uUHlOSakFX1LhfNjTswwtqtREh3b6n5gzjGhTNx1WbvR7hTlqyk21UIK4/CIjysEVyExYyz7aG6OSg57w78OiSXtgdCh2EMn9zATqLYfhmoGeXEo79lSwpqFY6ktIYUplPo0K1+QP93ZwQPt5BGIdi7FrMs/cQCikSQyNgMIkhmFAELIvVxv/q9hfOhVd7zfh8BKGbE9UeLAIBwSe6J2PrvOgBJmlOPdoPYzFnFH+4HE+AbCAw9FK4wY+852UXOlJu/oS5Fqz0ZVeNdm1rkxgnlK67Yci3san4OtcQyiPk8JIFFhAx7y4Qh3EiR5ofjSbawHWS1X01IEsF/pLze/YCeJvMR7vQGinTmhRo4EoRtR9T0Q+ohslRsvrWdcBwEEG0fZoLXYNnjZ4eJq7R8YUgaOAWporNynvgmX5sm3yDv6nI6Agny463V6bi/NlGkb6oJWvS4AHkBYT/ZGBHolBSQNNTcEjH5eFWXuBD4FXh4hXggOJPkgNV4LrkMGjq2sz2farFzt/ZZ8PVOuB94qNkIMzgf+TsA2JkIWnhs9/6IlargjzX4k6rLf/hMQMA"
                },
                "aws_secret_key": {
                    "sensitive": false,
                    "type": "string",
                    "value": "wcFMA2ewHwV01+ObARAAQ16Fk5PgnjjVZ/8q1sSCTkqJ7uPveJHFjX5S2fOwDu8FOZJv7umb70I+7ydj9xbiigBbmaEyEl73N2QuAmluULi+NjHc5jbttTDRpEop2nUVKlcn8is2rNpgfV6PuLVztfn5mS2I0/QIQmfFoIwPMQ01dQbVrvmtv//vo6SYWof9cXqooj5VySC52zoKhmo1dPANKvlQkmI1uNgI7Y3NM1FWucHSg82BGLQ4MMeiIHRPpoZFvKiNyOMtxar95jywCfTJRJ404i2c/12b0EI14OHzU6NHAGkLctUOSho68at2HOfdb4xINHB6WtECtkBQBEvVJIWQmP/PW559ykjvMtpcfg5PJFtKDFPLJ8/qj6KkxelIEt2VW9VXi4Xrj4w4b58Sry2DVvegWQGGf80hjrEyPlI3s6XW/IVQ1abDYGHaZguARCoiT4q2W8DFWDuayt8G5J170gGCLiTn1SJ/6GgipQcySrRAWX88zU6HiWkzjDF54ZXZkSXsNUXjvJfKglqNzStsARFZZ+80vQO+e3KVL6LaTMCPrJbAyuWZz+luu2QeBLWwiGFfjCInA6UhFL/HqIYuj0xiVSp/PYUssFdEW1UYaJA2hFTDW+CTU+8kxIMtLvbvGeB0YUYi7btkcZklt4zHpPwJQchtum4ruLqKq6lYG2h24uGdSAEq2YbS4AHkQb8T2FZzqgD3wMOreZajyeGoY+Bl4GDhzFvgUOJu0erG4Hrl1KRAT1YlNGjhTou8JgOC3NMMIykiq7X/HRU/MzLZy+ngZuP7fxu1Ieci2OBl5HAymBMPbcw/MHCw3IP0J6ji3Ow39+HFbgA="
                },
                "github_name": {
                    "sensitive": false,
                    "type": "string",
                    "value": "MatthewTighe"
                },
                "username": {
                    "sensitive": false,
                    "type": "string",
                    "value": "matthew@userland.tech"
                }
            },
            "resources": {
                "aws_iam_access_key.access_key": {
                    "type": "aws_iam_access_key",
                    "depends_on": [
                        "local.username"
                    ],
                    "primary": {
                        "id": "AKIAJO7ZBAVGR533VD7Q",
                        "attributes": {
                            "encrypted_secret": "wcFMA2ewHwV01+ObARAAQ16Fk5PgnjjVZ/8q1sSCTkqJ7uPveJHFjX5S2fOwDu8FOZJv7umb70I+7ydj9xbiigBbmaEyEl73N2QuAmluULi+NjHc5jbttTDRpEop2nUVKlcn8is2rNpgfV6PuLVztfn5mS2I0/QIQmfFoIwPMQ01dQbVrvmtv//vo6SYWof9cXqooj5VySC52zoKhmo1dPANKvlQkmI1uNgI7Y3NM1FWucHSg82BGLQ4MMeiIHRPpoZFvKiNyOMtxar95jywCfTJRJ404i2c/12b0EI14OHzU6NHAGkLctUOSho68at2HOfdb4xINHB6WtECtkBQBEvVJIWQmP/PW559ykjvMtpcfg5PJFtKDFPLJ8/qj6KkxelIEt2VW9VXi4Xrj4w4b58Sry2DVvegWQGGf80hjrEyPlI3s6XW/IVQ1abDYGHaZguARCoiT4q2W8DFWDuayt8G5J170gGCLiTn1SJ/6GgipQcySrRAWX88zU6HiWkzjDF54ZXZkSXsNUXjvJfKglqNzStsARFZZ+80vQO+e3KVL6LaTMCPrJbAyuWZz+luu2QeBLWwiGFfjCInA6UhFL/HqIYuj0xiVSp/PYUssFdEW1UYaJA2hFTDW+CTU+8kxIMtLvbvGeB0YUYi7btkcZklt4zHpPwJQchtum4ruLqKq6lYG2h24uGdSAEq2YbS4AHkQb8T2FZzqgD3wMOreZajyeGoY+Bl4GDhzFvgUOJu0erG4Hrl1KRAT1YlNGjhTou8JgOC3NMMIykiq7X/HRU/MzLZy+ngZuP7fxu1Ieci2OBl5HAymBMPbcw/MHCw3IP0J6ji3Ow39+HFbgA=",
                            "id": "AKIAJO7ZBAVGR533VD7Q",
                            "key_fingerprint": "43583c69747381c4b33cb4f0c68b03364951dd1e",
                            "pgp_key": "keybase:matt_tighe",
                            "ses_smtp_password": "ApIgBNQG20FpyIZB+DVM5fsZ8vzPvhJOlIcusfZ74nBk",
                            "status": "Active",
                            "user": "matthew@userland.tech"
                        },
                        "meta": {},
                        "tainted": false
                    },
                    "deposed": [],
                    "provider": "provider.aws"
                },
                "aws_iam_user.user": {
                    "type": "aws_iam_user",
                    "depends_on": [
                        "local.username"
                    ],
                    "primary": {
                        "id": "matthew@userland.tech",
                        "attributes": {
                            "arn": "arn:aws:iam::578925084144:user/matthew@userland.tech",
                            "force_destroy": "false",
                            "id": "matthew@userland.tech",
                            "name": "matthew@userland.tech",
                            "path": "/",
                            "tags.%": "1",
                            "tags.Substrate": "meat",
                            "unique_id": "AIDAIZENLMOYMGLQO37PS"
                        },
                        "meta": {},
                        "tainted": false
                    },
                    "deposed": [],
                    "provider": "provider.aws"
                },
                "aws_iam_user_login_profile.login": {
                    "type": "aws_iam_user_login_profile",
                    "depends_on": [
                        "local.username"
                    ],
                    "primary": {
                        "id": "matthew@userland.tech",
                        "attributes": {
                            "encrypted_password": "wcFMA2ewHwV01+ObARAAlCe5ZsLACP4As0COq/lBlM0UeZ84/3E+XR7ty8KQ9ifZeJ1JHxKkBN2FHOLcG4+XI66Lryb2I96mbV8Ple7oc/Sgbl4lqreyenK6haBZPLNl2+f6r/Ju3/E9NNNJDkPUATi2mYsS0RnXyhCSKjVwpKPYYMhzUN4xqpaCSmLRcKWaQQ9ZntudXovMpSwWNd36+8lPR8Swz29okMj2QIZnHo1s0Rv2jodIwULNP+uUHlOSakFX1LhfNjTswwtqtREh3b6n5gzjGhTNx1WbvR7hTlqyk21UIK4/CIjysEVyExYyz7aG6OSg57w78OiSXtgdCh2EMn9zATqLYfhmoGeXEo79lSwpqFY6ktIYUplPo0K1+QP93ZwQPt5BGIdi7FrMs/cQCikSQyNgMIkhmFAELIvVxv/q9hfOhVd7zfh8BKGbE9UeLAIBwSe6J2PrvOgBJmlOPdoPYzFnFH+4HE+AbCAw9FK4wY+852UXOlJu/oS5Fqz0ZVeNdm1rkxgnlK67Yci3san4OtcQyiPk8JIFFhAx7y4Qh3EiR5ofjSbawHWS1X01IEsF/pLze/YCeJvMR7vQGinTmhRo4EoRtR9T0Q+ohslRsvrWdcBwEEG0fZoLXYNnjZ4eJq7R8YUgaOAWporNynvgmX5sm3yDv6nI6Agny463V6bi/NlGkb6oJWvS4AHkBYT/ZGBHolBSQNNTcEjH5eFWXuBD4FXh4hXggOJPkgNV4LrkMGjq2sz2farFzt/ZZ8PVOuB94qNkIMzgf+TsA2JkIWnhs9/6IlargjzX4k6rLf/hMQMA",
                            "id": "matthew@userland.tech",
                            "key_fingerprint": "43583c69747381c4b33cb4f0c68b03364951dd1e",
                            "password_length": "20",
                            "password_reset_required": "true",
                            "pgp_key": "keybase:matt_tighe",
                            "user": "matthew@userland.tech"
                        },
                        "meta": {},
                        "tainted": false
                    },
                    "deposed": [],
                    "provider": "provider.aws"
                },
                "datadog_user.user": {
                    "type": "datadog_user",
                    "depends_on": [
                        "local.username"
                    ],
                    "primary": {
                        "id": "matthew@userland.tech",
                        "attributes": {
                            "disabled": "false",
                            "email": "matthew@userland.tech",
                            "handle": "matthew@userland.tech",
                            "id": "matthew@userland.tech",
                            "is_admin": "true",
                            "name": "Matthew Tighe",
                            "verified": "true"
                        },
                        "meta": {},
                        "tainted": false
                    },
                    "deposed": [],
                    "provider": "provider.datadog"
                },
                "github_membership.github": {
                    "type": "github_membership",
                    "depends_on": [],
                    "primary": {
                        "id": "CypherpunkArmory:MatthewTighe",
                        "attributes": {
                            "etag": "W/\"9738a7694397d5aa318720ac7ba1775b\"",
                            "id": "CypherpunkArmory:MatthewTighe",
                            "role": "admin",
                            "username": "MatthewTighe"
                        },
                        "meta": {},
                        "tainted": false
                    },
                    "deposed": [],
                    "provider": "provider.github"
                },
                "github_team_membership.userland": {
                    "type": "github_team_membership",
                    "depends_on": [],
                    "primary": {
                        "id": "2739101:MatthewTighe",
                        "attributes": {
                            "etag": "W/\"f1b3e9f2a9c3ae1d51db2b1a74147f04\"",
                            "id": "2739101:MatthewTighe",
                            "role": "maintainer",
                            "team_id": "2739101",
                            "username": "MatthewTighe"
                        },
                        "meta": {},
                        "tainted": false
                    },
                    "deposed": [],
                    "provider": "provider.github"
                }
            },
            "depends_on": []
        },
        {
            "path": [
                "root",
                "users",
                "prater"
            ],
            "outputs": {
                "aws_password": {
                    "sensitive": false,
                    "type": "string",
                    "value": ""
                },
                "aws_secret_key": {
                    "sensitive": false,
                    "type": "string",
                    "value": "wcFMAw6X2+aE3eMrARAAgHe9S+I5wOaZzMm0paIae4lUpCeEaujoBhO35sF7pM7xHh5u/eTutz3JQnHO8hAsWR1HgFjoLHqDpbzedT43uDAiavoHU2bQg+s7klO3k+ViOFlaAxos/FW9srBVZI9JnyciBuLcbF5SuxfhMuOTvr68G1wGQ99ii4Cac8VT3cslgeW3CM56FmfuuEkFCKu/gmaR7hygJQi4xIJCvdzRdh5CSL5O+7iZ8nvStINn07547cwgsAy4w+YcxBcL0RHUDgfkLUKJ83EyCB4HLqIjM4Q8m5W60fAUizirNzhQ1zgqH+RCljo+kgx8BIybi397oeJoHvBk9RPKbAZIHlNumBadxY6Jv+/LtQXzBmgM8HrNm62Vv9jj3S2IILzYbMeEjJ4fUVJqZI23gSTOw/+oFxpBWUcrupjZKSD1GIpHgszqB7bXrSlMuALeHHgfCRAUV+iGlIh3cYarcKunKbATS21BmLVNp+iz6YZBTK9gIs46uZpFuvTmCf9iiHMz9zTQ2Rdcqt6db/lI1b5N0zVcdRz4o3mHs199uTILHFiNJUIl8OVJqTHAVW/oeru6VnczTwqPWMlun9xN2RiSBgfwRQkJNm9/kUtb51Ako8tElsYkDz2kYMDv35kX8tIH/F3a+KK0jFrkjcYnIMbjpTeUySAcWniW5oU8SFoJFZM6JZ7S4AHkBQAXii1mlAPTW56z6dJSn+FU0eB/4KbhT93gP+K5r6ft4JflMyckxLCW5kkCvYMEMlz/MD7XRlsNM1aJy8LTiozqQFngquOoKPofI0kGTuBA5DwELDQ63sUiGHcSpvDwhT/iLTDNf+Fi+gA="
                },
                "github_name": {
                    "sensitive": false,
                    "type": "string",
                    "value": "stephenprater"
                },
                "username": {
                    "sensitive": false,
                    "type": "string",
                    "value": "prater@userland.tech"
                }
            },
            "resources": {
                "aws_iam_access_key.access_key": {
                    "type": "aws_iam_access_key",
                    "depends_on": [
                        "local.username"
                    ],
                    "primary": {
                        "id": "AKIAI2E5MOBIDC6L75LQ",
                        "attributes": {
                            "encrypted_secret": "wcFMAw6X2+aE3eMrARAAgHe9S+I5wOaZzMm0paIae4lUpCeEaujoBhO35sF7pM7xHh5u/eTutz3JQnHO8hAsWR1HgFjoLHqDpbzedT43uDAiavoHU2bQg+s7klO3k+ViOFlaAxos/FW9srBVZI9JnyciBuLcbF5SuxfhMuOTvr68G1wGQ99ii4Cac8VT3cslgeW3CM56FmfuuEkFCKu/gmaR7hygJQi4xIJCvdzRdh5CSL5O+7iZ8nvStINn07547cwgsAy4w+YcxBcL0RHUDgfkLUKJ83EyCB4HLqIjM4Q8m5W60fAUizirNzhQ1zgqH+RCljo+kgx8BIybi397oeJoHvBk9RPKbAZIHlNumBadxY6Jv+/LtQXzBmgM8HrNm62Vv9jj3S2IILzYbMeEjJ4fUVJqZI23gSTOw/+oFxpBWUcrupjZKSD1GIpHgszqB7bXrSlMuALeHHgfCRAUV+iGlIh3cYarcKunKbATS21BmLVNp+iz6YZBTK9gIs46uZpFuvTmCf9iiHMz9zTQ2Rdcqt6db/lI1b5N0zVcdRz4o3mHs199uTILHFiNJUIl8OVJqTHAVW/oeru6VnczTwqPWMlun9xN2RiSBgfwRQkJNm9/kUtb51Ako8tElsYkDz2kYMDv35kX8tIH/F3a+KK0jFrkjcYnIMbjpTeUySAcWniW5oU8SFoJFZM6JZ7S4AHkBQAXii1mlAPTW56z6dJSn+FU0eB/4KbhT93gP+K5r6ft4JflMyckxLCW5kkCvYMEMlz/MD7XRlsNM1aJy8LTiozqQFngquOoKPofI0kGTuBA5DwELDQ63sUiGHcSpvDwhT/iLTDNf+Fi+gA=",
                            "id": "AKIAI2E5MOBIDC6L75LQ",
                            "key_fingerprint": "d708d1b41099f2c1548133919cac88b2c42c4734",
                            "pgp_key": "keybase:stephenprater",
                            "ses_smtp_password": "AlZgymDbIubBmNwhuKZCHNx94LNMB/Br89VlTifmvq/7",
                            "status": "Active",
                            "user": "prater@userland.tech"
                        },
                        "meta": {},
                        "tainted": false
                    },
                    "deposed": [],
                    "provider": "provider.aws"
                },
                "aws_iam_user.user": {
                    "type": "aws_iam_user",
                    "depends_on": [
                        "local.username"
                    ],
                    "primary": {
                        "id": "prater@userland.tech",
                        "attributes": {
                            "arn": "arn:aws:iam::578925084144:user/prater@userland.tech",
                            "force_destroy": "false",
                            "id": "prater@userland.tech",
                            "name": "prater@userland.tech",
                            "path": "/",
                            "tags.%": "1",
                            "tags.Substrate": "meat",
                            "unique_id": "AIDAJJ5GJRF457X2YVG4S"
                        },
                        "meta": {},
                        "tainted": false
                    },
                    "deposed": [],
                    "provider": "provider.aws"
                },
                "aws_iam_user_login_profile.login": {
                    "type": "aws_iam_user_login_profile",
                    "depends_on": [
                        "local.username"
                    ],
                    "primary": {
                        "id": "prater@userland.tech",
                        "attributes": {
                            "encrypted_password": "",
                            "id": "prater@userland.tech",
                            "key_fingerprint": "",
                            "password_length": "20",
                            "password_reset_required": "true",
                            "pgp_key": "keybase:stephenprater",
                            "user": "prater@userland.tech"
                        },
                        "meta": {},
                        "tainted": false
                    },
                    "deposed": [],
                    "provider": "provider.aws"
                },
                "datadog_user.user": {
                    "type": "datadog_user",
                    "depends_on": [
                        "local.username"
                    ],
                    "primary": {
                        "id": "prater@userland.tech",
                        "attributes": {
                            "disabled": "false",
                            "email": "prater@userland.tech",
                            "handle": "prater@userland.tech",
                            "id": "prater@userland.tech",
                            "is_admin": "true",
                            "name": "Stephen Prater",
                            "verified": "false"
                        },
                        "meta": {},
                        "tainted": false
                    },
                    "deposed": [],
                    "provider": "provider.datadog"
                },
                "github_membership.github": {
                    "type": "github_membership",
                    "depends_on": [],
                    "primary": {
                        "id": "CypherpunkArmory:stephenprater",
                        "attributes": {
                            "etag": "W/\"5afdfeb35e23e0e0f19fc01da0a1f9dc\"",
                            "id": "CypherpunkArmory:stephenprater",
                            "role": "admin",
                            "username": "stephenprater"
                        },
                        "meta": {},
                        "tainted": false
                    },
                    "deposed": [],
                    "provider": "provider.github"
                },
                "github_team_membership.userland": {
                    "type": "github_team_membership",
                    "depends_on": [],
                    "primary": {
                        "id": "2739101:stephenprater",
                        "attributes": {
                            "etag": "W/\"23e608ed6c17a7b790bdaa2190d3d3b9\"",
                            "id": "2739101:stephenprater",
                            "role": "maintainer",
                            "team_id": "2739101",
                            "username": "stephenprater"
                        },
                        "meta": {},
                        "tainted": false
                    },
                    "deposed": [],
                    "provider": "provider.github"
                }
            },
            "depends_on": []
        },
        {
            "path": [
                "root",
                "users",
                "thomas"
            ],
            "outputs": {
                "aws_password": {
                    "sensitive": false,
                    "type": "string",
                    "value": "wcFMA62RJNDJpn62ARAAHsSZY7rFBeq8E/QLRUVVfBkRR4hY3B/QeskESJygJRNL0rmdGLStxHci9yXb8o00+szvZsqPOjsXXDjNBl4uMlm4hqWL38kqizkJuUDoM1+wGIWrHTO3uHRdbuBD5B2YHCSSNUWjXU7OBbptewnNWr8QKbzTyi5jiOgj6bXfd16e5N402RAGsjqJ3+YrGk3G34ZVWw+8BJRjyco2RHDcN5pD+sm6I19F31lrSHAvlQagvXZSZdGvxhD9E5DT2PilSIMcj609PBn0i76sINfvIgXd1O0DhMAQO0Z+tYGTsso+UU0dTK+G3EW7WGVMAdISmOWUiJ4vfK15MLZWMd8tFO04q6SiZwHRS2n4zUhxx+3PHhPKT86xc0LnePgmY6afmY69+05+KdxjiX2w4s2jrmpTR2wH7SarQvxgSqZ7o8ZMBXRjxJUfSHh05qFadtoufAFFxAURSgZI7riO+Nlatecjc/4n1Da6ZOLjrCrC/0cHeFQG224uqA77J1NxFAgj1Jwc9ZANxRGU0iSJiZGIbQ9nhDwPxAxz5S14o+cW/2zTw0avTJadSSLpORg7FiI52A6V67h2P9Ow4BANAzReUkDxegs3wivJspyT6hTTdiPcuPDZvFn5ul0bH+kHrHgiM4blVRhvzcaWXcIaBsPgQ2jjUyfnp3CfgrNt+pqTKRXS4AHkRyLoHFUYlONdchA2kabq6eFzzOCU4NThXtrgfeKre8EU4Cfkuz+q2iWhQ3t/U2Z8dgoKzuBo4tG3+ZzgUOS5h1irU5l/stdBvIKf0QLk4jMijwbhCbEA"
                },
                "aws_secret_key": {
                    "sensitive": false,
                    "type": "string",
                    "value": "wcFMA62RJNDJpn62ARAAcw/O5aSdv8YURT5MaD1673+SMQxQEXD6pEJxsgppN6N28Id4zybv/xbJ+8yOF6o3bVF4cVmfZTdAiAY0HfVJzyP0Bn/r7pHvVZgJVe+Z9XwLzsdXzRY/hGLDEIRV2bXe8tgTOznYFL7AL5OaIwI7FzDRinm9pwUGfqN0dLzuuAUVihPs1dPHFVkqIRLDt+Edi4sKpiumhb/vnpLOpZJ6uW0b9Md6wFzKjm6KbT6tB9iDkB4GHgRgard4H6M+Cr/n3I3Wo/i4W5/Wqn66okNcfpJTxv7TqQ6fciyVnqRc8NRzzdUANs8tITWEnLLlyM+EBPfcxAlvjeGv69cgKLjR0rzUCrFiizQl5Ez880dHUq34WY9STpdmEENEJnP12f/0NTR5/QOaLhkBPRqt7XWKxNmxbDTQRZL6ng/yXp25dL2wq+jUAumwUziCReF9ohtipPXFoUBqpIU4iNd/RHN9NZoo8xhFbLDe64PbEwweAZvOzjSW4+6yQiJAI0d07/5ev0GV817QX+0JqYAKw0vCdyGht4OPMJTbFGjc2v4JyN/vPfTTPONsEDQGIQdCE9KFEYyVc133pI1G85Yl+aUmmVElGWrmTUrWiqiyNFUwVs5E3486vhJwplIDZ4ySzNuN8aabGD70AoWKKqdFDpmA96miuwYBp4JdPGx4Jms+2ZDS4AHkjg/NZS6HtPSZ2C1nloGwg+E8NOBN4E/hVYXgFeIv1p0k4Orl/UJEotSYAwQLQwDpAsogQR/fFJDehbfkdj30fkEsQKPgq+OzJUbI5wPskuBO5BiZLr1kYlSYjL7ibxNl3vvin2HAKOEYaAA="
                },
                "github_name": {
                    "sensitive": false,
                    "type": "string",
                    "value": "luongthomas"
                },
                "username": {
                    "sensitive": false,
                    "type": "string",
                    "value": "thomas@userland.tech"
                }
            },
            "resources": {
                "aws_iam_access_key.access_key": {
                    "type": "aws_iam_access_key",
                    "depends_on": [
                        "local.username"
                    ],
                    "primary": {
                        "id": "AKIAIXIGU4427QN7DUTA",
                        "attributes": {
                            "encrypted_secret": "wcFMA62RJNDJpn62ARAAcw/O5aSdv8YURT5MaD1673+SMQxQEXD6pEJxsgppN6N28Id4zybv/xbJ+8yOF6o3bVF4cVmfZTdAiAY0HfVJzyP0Bn/r7pHvVZgJVe+Z9XwLzsdXzRY/hGLDEIRV2bXe8tgTOznYFL7AL5OaIwI7FzDRinm9pwUGfqN0dLzuuAUVihPs1dPHFVkqIRLDt+Edi4sKpiumhb/vnpLOpZJ6uW0b9Md6wFzKjm6KbT6tB9iDkB4GHgRgard4H6M+Cr/n3I3Wo/i4W5/Wqn66okNcfpJTxv7TqQ6fciyVnqRc8NRzzdUANs8tITWEnLLlyM+EBPfcxAlvjeGv69cgKLjR0rzUCrFiizQl5Ez880dHUq34WY9STpdmEENEJnP12f/0NTR5/QOaLhkBPRqt7XWKxNmxbDTQRZL6ng/yXp25dL2wq+jUAumwUziCReF9ohtipPXFoUBqpIU4iNd/RHN9NZoo8xhFbLDe64PbEwweAZvOzjSW4+6yQiJAI0d07/5ev0GV817QX+0JqYAKw0vCdyGht4OPMJTbFGjc2v4JyN/vPfTTPONsEDQGIQdCE9KFEYyVc133pI1G85Yl+aUmmVElGWrmTUrWiqiyNFUwVs5E3486vhJwplIDZ4ySzNuN8aabGD70AoWKKqdFDpmA96miuwYBp4JdPGx4Jms+2ZDS4AHkjg/NZS6HtPSZ2C1nloGwg+E8NOBN4E/hVYXgFeIv1p0k4Orl/UJEotSYAwQLQwDpAsogQR/fFJDehbfkdj30fkEsQKPgq+OzJUbI5wPskuBO5BiZLr1kYlSYjL7ibxNl3vvin2HAKOEYaAA=",
                            "id": "AKIAIXIGU4427QN7DUTA",
                            "key_fingerprint": "c97d1976ff6eabdb825c9bf4ab84fd8788aeb864",
                            "pgp_key": "keybase:lithogen",
                            "ses_smtp_password": "AgJIh7MrOCvrJyeu8AB39+nVY9yb8hF/iNbwapP2Fw8F",
                            "status": "Active",
                            "user": "thomas@userland.tech"
                        },
                        "meta": {},
                        "tainted": false
                    },
                    "deposed": [],
                    "provider": "provider.aws"
                },
                "aws_iam_user.user": {
                    "type": "aws_iam_user",
                    "depends_on": [
                        "local.username"
                    ],
                    "primary": {
                        "id": "thomas@userland.tech",
                        "attributes": {
                            "arn": "arn:aws:iam::578925084144:user/thomas@userland.tech",
                            "force_destroy": "false",
                            "id": "thomas@userland.tech",
                            "name": "thomas@userland.tech",
                            "path": "/",
                            "tags.%": "1",
                            "tags.Substrate": "meat",
                            "unique_id": "AIDAJBBNS4Y5ZVRH5EIFQ"
                        },
                        "meta": {},
                        "tainted": false
                    },
                    "deposed": [],
                    "provider": "provider.aws"
                },
                "aws_iam_user_login_profile.login": {
                    "type": "aws_iam_user_login_profile",
                    "depends_on": [
                        "local.username"
                    ],
                    "primary": {
                        "id": "thomas@userland.tech",
                        "attributes": {
                            "encrypted_password": "wcFMA62RJNDJpn62ARAAHsSZY7rFBeq8E/QLRUVVfBkRR4hY3B/QeskESJygJRNL0rmdGLStxHci9yXb8o00+szvZsqPOjsXXDjNBl4uMlm4hqWL38kqizkJuUDoM1+wGIWrHTO3uHRdbuBD5B2YHCSSNUWjXU7OBbptewnNWr8QKbzTyi5jiOgj6bXfd16e5N402RAGsjqJ3+YrGk3G34ZVWw+8BJRjyco2RHDcN5pD+sm6I19F31lrSHAvlQagvXZSZdGvxhD9E5DT2PilSIMcj609PBn0i76sINfvIgXd1O0DhMAQO0Z+tYGTsso+UU0dTK+G3EW7WGVMAdISmOWUiJ4vfK15MLZWMd8tFO04q6SiZwHRS2n4zUhxx+3PHhPKT86xc0LnePgmY6afmY69+05+KdxjiX2w4s2jrmpTR2wH7SarQvxgSqZ7o8ZMBXRjxJUfSHh05qFadtoufAFFxAURSgZI7riO+Nlatecjc/4n1Da6ZOLjrCrC/0cHeFQG224uqA77J1NxFAgj1Jwc9ZANxRGU0iSJiZGIbQ9nhDwPxAxz5S14o+cW/2zTw0avTJadSSLpORg7FiI52A6V67h2P9Ow4BANAzReUkDxegs3wivJspyT6hTTdiPcuPDZvFn5ul0bH+kHrHgiM4blVRhvzcaWXcIaBsPgQ2jjUyfnp3CfgrNt+pqTKRXS4AHkRyLoHFUYlONdchA2kabq6eFzzOCU4NThXtrgfeKre8EU4Cfkuz+q2iWhQ3t/U2Z8dgoKzuBo4tG3+ZzgUOS5h1irU5l/stdBvIKf0QLk4jMijwbhCbEA",
                            "id": "thomas@userland.tech",
                            "key_fingerprint": "c97d1976ff6eabdb825c9bf4ab84fd8788aeb864",
                            "password_length": "20",
                            "password_reset_required": "true",
                            "pgp_key": "keybase:lithogen",
                            "user": "thomas@userland.tech"
                        },
                        "meta": {},
                        "tainted": false
                    },
                    "deposed": [],
                    "provider": "provider.aws"
                },
                "datadog_user.user": {
                    "type": "datadog_user",
                    "depends_on": [
                        "local.username"
                    ],
                    "primary": {
                        "id": "thomas@userland.tech",
                        "attributes": {
                            "disabled": "false",
                            "email": "thomas@userland.tech",
                            "handle": "thomas@userland.tech",
                            "id": "thomas@userland.tech",
                            "is_admin": "true",
                            "name": "Thomas Luong",
                            "verified": "true"
                        },
                        "meta": {},
                        "tainted": false
                    },
                    "deposed": [],
                    "provider": "provider.datadog"
                },
                "github_membership.github": {
                    "type": "github_membership",
                    "depends_on": [],
                    "primary": {
                        "id": "CypherpunkArmory:luongthomas",
                        "attributes": {
                            "etag": "W/\"6a333ba43aac7002accbf581de05e4cb\"",
                            "id": "CypherpunkArmory:luongthomas",
                            "role": "admin",
                            "username": "luongthomas"
                        },
                        "meta": {},
                        "tainted": false
                    },
                    "deposed": [],
                    "provider": "provider.github"
                },
                "github_team_membership.userland": {
                    "type": "github_team_membership",
                    "depends_on": [],
                    "primary": {
                        "id": "2739101:luongthomas",
                        "attributes": {
                            "etag": "W/\"5d0214b8c99d746d88c46b5ee51e784f\"",
                            "id": "2739101:luongthomas",
                            "role": "maintainer",
                            "team_id": "2739101",
                            "username": "luongthomas"
                        },
                        "meta": {},
                        "tainted": false
                    },
                    "deposed": [],
                    "provider": "provider.github"
                }
            },
            "depends_on": []
        }
    ]
}
